// !$*UTF8*$!
{
	archiveVersion = 1;
	classes = {
	};
	objectVersion = 46;
	objects = {

/* Begin PBXAggregateTarget section */
		24416B8111C4CA220047AFDD /* Build & Test */ = {
			isa = PBXAggregateTarget;
			buildConfigurationList = 24416B8A11C4CA520047AFDD /* Build configuration list for PBXAggregateTarget "Build & Test" */;
			buildPhases = (
				24416B8011C4CA220047AFDD /* ShellScript */,
			);
			dependencies = (
				24416B8511C4CA280047AFDD /* PBXTargetDependency */,
			);
			name = "Build & Test";
			productName = "Build & test";
		};
/* End PBXAggregateTarget section */

/* Begin PBXBuildFile section */
		24DD6CF91134B3F500162E58 /* SeHyperlabMixpanelModule.h in Headers */ = {isa = PBXBuildFile; fileRef = 24DD6CF71134B3F500162E58 /* SeHyperlabMixpanelModule.h */; };
		24DD6CFA1134B3F500162E58 /* SeHyperlabMixpanelModule.m in Sources */ = {isa = PBXBuildFile; fileRef = 24DD6CF81134B3F500162E58 /* SeHyperlabMixpanelModule.m */; };
		24DE9E1111C5FE74003F90F6 /* SeHyperlabMixpanelModuleAssets.h in Headers */ = {isa = PBXBuildFile; fileRef = 24DE9E0F11C5FE74003F90F6 /* SeHyperlabMixpanelModuleAssets.h */; };
		24DE9E1211C5FE74003F90F6 /* SeHyperlabMixpanelModuleAssets.m in Sources */ = {isa = PBXBuildFile; fileRef = 24DE9E1011C5FE74003F90F6 /* SeHyperlabMixpanelModuleAssets.m */; };
		374CC4421C9C7F5100505E0E /* Media.xcassets in Resources */ = {isa = PBXBuildFile; fileRef = BC4E7D781A2DEAAB0095BF27 /* Media.xcassets */; };
		37E797331C9B435200EF4330 /* MPNotification.storyboard in Resources */ = {isa = PBXBuildFile; fileRef = BC4E7DB01A2DEAAC0095BF27 /* MPNotification.storyboard */; };
		37E797341C9B435200EF4330 /* MPSurvey.storyboard in Resources */ = {isa = PBXBuildFile; fileRef = BC4E7DC71A2DEAAC0095BF27 /* MPSurvey.storyboard */; };
		37E797361C9B435D00EF4330 /* CoreFoundation.framework in Frameworks */ = {isa = PBXBuildFile; fileRef = 37E797351C9B435D00EF4330 /* CoreFoundation.framework */; };
		37E7973A1C9B4EE900EF4330 /* storyboards.bundle in Sources */ = {isa = PBXBuildFile; fileRef = 37E7972D1C9B433500EF4330 /* storyboards.bundle */; };
		AA747D9F0F9514B9006C5449 /* SeHyperlabMixpanel_Prefix.pch in Headers */ = {isa = PBXBuildFile; fileRef = AA747D9E0F9514B9006C5449 /* SeHyperlabMixpanel_Prefix.pch */; };
		AACBBE4A0F95108600F1A2B1 /* Foundation.framework in Frameworks */ = {isa = PBXBuildFile; fileRef = AACBBE490F95108600F1A2B1 /* Foundation.framework */; };
		BB07B7C218F42FA400305D36 /* UIKit.framework in Frameworks */ = {isa = PBXBuildFile; fileRef = BB07B7C118F42FA400305D36 /* UIKit.framework */; };
		BB07B7C418F42FED00305D36 /* CoreGraphics.framework in Frameworks */ = {isa = PBXBuildFile; fileRef = BB07B7C318F42FED00305D36 /* CoreGraphics.framework */; };
		BB07B7C618F42FFC00305D36 /* QuartzCore.framework in Frameworks */ = {isa = PBXBuildFile; fileRef = BB07B7C518F42FFC00305D36 /* QuartzCore.framework */; };
		BB07B7C818F4300800305D36 /* SystemConfiguration.framework in Frameworks */ = {isa = PBXBuildFile; fileRef = BB07B7C718F4300800305D36 /* SystemConfiguration.framework */; };
		BB07B7CA18F4301100305D36 /* CoreTelephony.framework in Frameworks */ = {isa = PBXBuildFile; fileRef = BB07B7C918F4301100305D36 /* CoreTelephony.framework */; };
		BB07B7CC18F4301A00305D36 /* Accelerate.framework in Frameworks */ = {isa = PBXBuildFile; fileRef = BB07B7CB18F4301A00305D36 /* Accelerate.framework */; };
		BC3B242D19D849480049B6A7 /* JRSwizzle.h in Headers */ = {isa = PBXBuildFile; fileRef = BC3B242B19D849480049B6A7 /* JRSwizzle.h */; };
		BC3B242E19D849480049B6A7 /* JRSwizzle.m in Sources */ = {isa = PBXBuildFile; fileRef = BC3B242C19D849480049B6A7 /* JRSwizzle.m */; };
		BC4E7DF21A2DEAAC0095BF27 /* _MPTweakBindObserver.h in Headers */ = {isa = PBXBuildFile; fileRef = BC4E7D751A2DEAAB0095BF27 /* _MPTweakBindObserver.h */; };
		BC4E7DF31A2DEAAC0095BF27 /* _MPTweakBindObserver.m in Sources */ = {isa = PBXBuildFile; fileRef = BC4E7D761A2DEAAB0095BF27 /* _MPTweakBindObserver.m */; };
		BC4E7DF41A2DEAAC0095BF27 /* libMPCategoryHelpers.a in Frameworks */ = {isa = PBXBuildFile; fileRef = BC4E7D771A2DEAAB0095BF27 /* libMPCategoryHelpers.a */; };
		BC4E7DF51A2DEAAC0095BF27 /* Mixpanel.h in Headers */ = {isa = PBXBuildFile; fileRef = BC4E7D791A2DEAAB0095BF27 /* Mixpanel.h */; };
		BC4E7DF61A2DEAAC0095BF27 /* Mixpanel.m in Sources */ = {isa = PBXBuildFile; fileRef = BC4E7D7A1A2DEAAB0095BF27 /* Mixpanel.m */; };
		BC4E7DF71A2DEAAC0095BF27 /* MPAbstractABTestDesignerMessage.h in Headers */ = {isa = PBXBuildFile; fileRef = BC4E7D7B1A2DEAAB0095BF27 /* MPAbstractABTestDesignerMessage.h */; };
		BC4E7DF81A2DEAAC0095BF27 /* MPAbstractABTestDesignerMessage.m in Sources */ = {isa = PBXBuildFile; fileRef = BC4E7D7C1A2DEAAB0095BF27 /* MPAbstractABTestDesignerMessage.m */; };
		BC4E7DF91A2DEAAC0095BF27 /* MPABTestDesignerChangeRequestMessage.h in Headers */ = {isa = PBXBuildFile; fileRef = BC4E7D7D1A2DEAAB0095BF27 /* MPABTestDesignerChangeRequestMessage.h */; };
		BC4E7DFA1A2DEAAC0095BF27 /* MPABTestDesignerChangeRequestMessage.m in Sources */ = {isa = PBXBuildFile; fileRef = BC4E7D7E1A2DEAAB0095BF27 /* MPABTestDesignerChangeRequestMessage.m */; };
		BC4E7DFB1A2DEAAC0095BF27 /* MPABTestDesignerChangeResponseMessage.h in Headers */ = {isa = PBXBuildFile; fileRef = BC4E7D7F1A2DEAAB0095BF27 /* MPABTestDesignerChangeResponseMessage.h */; };
		BC4E7DFC1A2DEAAC0095BF27 /* MPABTestDesignerChangeResponseMessage.m in Sources */ = {isa = PBXBuildFile; fileRef = BC4E7D801A2DEAAB0095BF27 /* MPABTestDesignerChangeResponseMessage.m */; };
		BC4E7DFD1A2DEAAC0095BF27 /* MPABTestDesignerClearRequestMessage.h in Headers */ = {isa = PBXBuildFile; fileRef = BC4E7D811A2DEAAB0095BF27 /* MPABTestDesignerClearRequestMessage.h */; };
		BC4E7DFE1A2DEAAC0095BF27 /* MPABTestDesignerClearRequestMessage.m in Sources */ = {isa = PBXBuildFile; fileRef = BC4E7D821A2DEAAB0095BF27 /* MPABTestDesignerClearRequestMessage.m */; };
		BC4E7DFF1A2DEAAC0095BF27 /* MPABTestDesignerClearResponseMessage.h in Headers */ = {isa = PBXBuildFile; fileRef = BC4E7D831A2DEAAB0095BF27 /* MPABTestDesignerClearResponseMessage.h */; };
		BC4E7E001A2DEAAC0095BF27 /* MPABTestDesignerClearResponseMessage.m in Sources */ = {isa = PBXBuildFile; fileRef = BC4E7D841A2DEAAB0095BF27 /* MPABTestDesignerClearResponseMessage.m */; };
		BC4E7E011A2DEAAC0095BF27 /* MPABTestDesignerConnection.h in Headers */ = {isa = PBXBuildFile; fileRef = BC4E7D851A2DEAAB0095BF27 /* MPABTestDesignerConnection.h */; };
		BC4E7E021A2DEAAC0095BF27 /* MPABTestDesignerConnection.m in Sources */ = {isa = PBXBuildFile; fileRef = BC4E7D861A2DEAAB0095BF27 /* MPABTestDesignerConnection.m */; };
		BC4E7E031A2DEAAC0095BF27 /* MPABTestDesignerDeviceInfoRequestMessage.h in Headers */ = {isa = PBXBuildFile; fileRef = BC4E7D871A2DEAAB0095BF27 /* MPABTestDesignerDeviceInfoRequestMessage.h */; };
		BC4E7E041A2DEAAC0095BF27 /* MPABTestDesignerDeviceInfoRequestMessage.m in Sources */ = {isa = PBXBuildFile; fileRef = BC4E7D881A2DEAAB0095BF27 /* MPABTestDesignerDeviceInfoRequestMessage.m */; };
		BC4E7E051A2DEAAC0095BF27 /* MPABTestDesignerDeviceInfoResponseMessage.h in Headers */ = {isa = PBXBuildFile; fileRef = BC4E7D891A2DEAAB0095BF27 /* MPABTestDesignerDeviceInfoResponseMessage.h */; };
		BC4E7E061A2DEAAC0095BF27 /* MPABTestDesignerDeviceInfoResponseMessage.m in Sources */ = {isa = PBXBuildFile; fileRef = BC4E7D8A1A2DEAAB0095BF27 /* MPABTestDesignerDeviceInfoResponseMessage.m */; };
		BC4E7E071A2DEAAC0095BF27 /* MPABTestDesignerDisconnectMessage.h in Headers */ = {isa = PBXBuildFile; fileRef = BC4E7D8B1A2DEAAB0095BF27 /* MPABTestDesignerDisconnectMessage.h */; };
		BC4E7E081A2DEAAC0095BF27 /* MPABTestDesignerDisconnectMessage.m in Sources */ = {isa = PBXBuildFile; fileRef = BC4E7D8C1A2DEAAB0095BF27 /* MPABTestDesignerDisconnectMessage.m */; };
		BC4E7E091A2DEAAC0095BF27 /* MPABTestDesignerMessage.h in Headers */ = {isa = PBXBuildFile; fileRef = BC4E7D8D1A2DEAAB0095BF27 /* MPABTestDesignerMessage.h */; };
		BC4E7E0A1A2DEAAC0095BF27 /* MPABTestDesignerSnapshotRequestMessage.h in Headers */ = {isa = PBXBuildFile; fileRef = BC4E7D8E1A2DEAAB0095BF27 /* MPABTestDesignerSnapshotRequestMessage.h */; };
		BC4E7E0B1A2DEAAC0095BF27 /* MPABTestDesignerSnapshotRequestMessage.m in Sources */ = {isa = PBXBuildFile; fileRef = BC4E7D8F1A2DEAAB0095BF27 /* MPABTestDesignerSnapshotRequestMessage.m */; };
		BC4E7E0C1A2DEAAC0095BF27 /* MPABTestDesignerSnapshotResponseMessage.h in Headers */ = {isa = PBXBuildFile; fileRef = BC4E7D901A2DEAAB0095BF27 /* MPABTestDesignerSnapshotResponseMessage.h */; };
		BC4E7E0D1A2DEAAC0095BF27 /* MPABTestDesignerSnapshotResponseMessage.m in Sources */ = {isa = PBXBuildFile; fileRef = BC4E7D911A2DEAAB0095BF27 /* MPABTestDesignerSnapshotResponseMessage.m */; };
		BC4E7E0E1A2DEAAC0095BF27 /* MPABTestDesignerTweakRequestMessage.h in Headers */ = {isa = PBXBuildFile; fileRef = BC4E7D921A2DEAAB0095BF27 /* MPABTestDesignerTweakRequestMessage.h */; };
		BC4E7E0F1A2DEAAC0095BF27 /* MPABTestDesignerTweakRequestMessage.m in Sources */ = {isa = PBXBuildFile; fileRef = BC4E7D931A2DEAAB0095BF27 /* MPABTestDesignerTweakRequestMessage.m */; };
		BC4E7E101A2DEAAC0095BF27 /* MPABTestDesignerTweakResponseMessage.h in Headers */ = {isa = PBXBuildFile; fileRef = BC4E7D941A2DEAAB0095BF27 /* MPABTestDesignerTweakResponseMessage.h */; };
		BC4E7E111A2DEAAC0095BF27 /* MPABTestDesignerTweakResponseMessage.m in Sources */ = {isa = PBXBuildFile; fileRef = BC4E7D951A2DEAAB0095BF27 /* MPABTestDesignerTweakResponseMessage.m */; };
		BC4E7E121A2DEAAC0095BF27 /* MPApplicationStateSerializer.h in Headers */ = {isa = PBXBuildFile; fileRef = BC4E7D961A2DEAAB0095BF27 /* MPApplicationStateSerializer.h */; };
		BC4E7E131A2DEAAC0095BF27 /* MPApplicationStateSerializer.m in Sources */ = {isa = PBXBuildFile; fileRef = BC4E7D971A2DEAAB0095BF27 /* MPApplicationStateSerializer.m */; };
		BC4E7E141A2DEAAC0095BF27 /* MPBOOLToNSNumberValueTransformer.m in Sources */ = {isa = PBXBuildFile; fileRef = BC4E7D981A2DEAAB0095BF27 /* MPBOOLToNSNumberValueTransformer.m */; };
		BC4E7E151A2DEAAC0095BF27 /* MPCategoryHelpers.h in Headers */ = {isa = PBXBuildFile; fileRef = BC4E7D991A2DEAAB0095BF27 /* MPCategoryHelpers.h */; };
		BC4E7E161A2DEAAC0095BF27 /* MPCATransform3DToNSDictionaryValueTransformer.m in Sources */ = {isa = PBXBuildFile; fileRef = BC4E7D9A1A2DEAAB0095BF27 /* MPCATransform3DToNSDictionaryValueTransformer.m */; };
		BC4E7E171A2DEAAC0095BF27 /* MPCGAffineTransformToNSDictionaryValueTransformer.m in Sources */ = {isa = PBXBuildFile; fileRef = BC4E7D9B1A2DEAAB0095BF27 /* MPCGAffineTransformToNSDictionaryValueTransformer.m */; };
		BC4E7E181A2DEAAC0095BF27 /* MPCGColorRefToNSStringValueTransformer.m in Sources */ = {isa = PBXBuildFile; fileRef = BC4E7D9C1A2DEAAB0095BF27 /* MPCGColorRefToNSStringValueTransformer.m */; };
		BC4E7E191A2DEAAC0095BF27 /* MPCGPointToNSDictionaryValueTransformer.m in Sources */ = {isa = PBXBuildFile; fileRef = BC4E7D9D1A2DEAAB0095BF27 /* MPCGPointToNSDictionaryValueTransformer.m */; };
		BC4E7E1A1A2DEAAC0095BF27 /* MPCGRectToNSDictionaryValueTransformer.m in Sources */ = {isa = PBXBuildFile; fileRef = BC4E7D9E1A2DEAAB0095BF27 /* MPCGRectToNSDictionaryValueTransformer.m */; };
		BC4E7E1B1A2DEAAC0095BF27 /* MPCGSizeToNSDictionaryValueTransformer.m in Sources */ = {isa = PBXBuildFile; fileRef = BC4E7D9F1A2DEAAC0095BF27 /* MPCGSizeToNSDictionaryValueTransformer.m */; };
		BC4E7E1C1A2DEAAC0095BF27 /* MPClassDescription.h in Headers */ = {isa = PBXBuildFile; fileRef = BC4E7DA01A2DEAAC0095BF27 /* MPClassDescription.h */; };
		BC4E7E1D1A2DEAAC0095BF27 /* MPClassDescription.m in Sources */ = {isa = PBXBuildFile; fileRef = BC4E7DA11A2DEAAC0095BF27 /* MPClassDescription.m */; };
		BC4E7E1E1A2DEAAC0095BF27 /* MPDesignerEventBindingMessage.h in Headers */ = {isa = PBXBuildFile; fileRef = BC4E7DA41A2DEAAC0095BF27 /* MPDesignerEventBindingMessage.h */; };
		BC4E7E1F1A2DEAAC0095BF27 /* MPDesignerEventBindingRequestMesssage.m in Sources */ = {isa = PBXBuildFile; fileRef = BC4E7DA51A2DEAAC0095BF27 /* MPDesignerEventBindingRequestMesssage.m */; };
		BC4E7E201A2DEAAC0095BF27 /* MPDesignerEventBindingResponseMesssage.m in Sources */ = {isa = PBXBuildFile; fileRef = BC4E7DA61A2DEAAC0095BF27 /* MPDesignerEventBindingResponseMesssage.m */; };
		BC4E7E211A2DEAAC0095BF27 /* MPDesignerSessionCollection.h in Headers */ = {isa = PBXBuildFile; fileRef = BC4E7DA71A2DEAAC0095BF27 /* MPDesignerSessionCollection.h */; };
		BC4E7E221A2DEAAC0095BF27 /* MPDesignerTrackMessage.m in Sources */ = {isa = PBXBuildFile; fileRef = BC4E7DA81A2DEAAC0095BF27 /* MPDesignerTrackMessage.m */; };
		BC4E7E231A2DEAAC0095BF27 /* MPEnumDescription.h in Headers */ = {isa = PBXBuildFile; fileRef = BC4E7DA91A2DEAAC0095BF27 /* MPEnumDescription.h */; };
		BC4E7E241A2DEAAC0095BF27 /* MPEnumDescription.m in Sources */ = {isa = PBXBuildFile; fileRef = BC4E7DAA1A2DEAAC0095BF27 /* MPEnumDescription.m */; };
		BC4E7E251A2DEAAC0095BF27 /* MPEventBinding.h in Headers */ = {isa = PBXBuildFile; fileRef = BC4E7DAB1A2DEAAC0095BF27 /* MPEventBinding.h */; };
		BC4E7E261A2DEAAC0095BF27 /* MPEventBinding.m in Sources */ = {isa = PBXBuildFile; fileRef = BC4E7DAC1A2DEAAC0095BF27 /* MPEventBinding.m */; };
		BC4E7E271A2DEAAC0095BF27 /* MPLogging.h in Headers */ = {isa = PBXBuildFile; fileRef = BC4E7DAD1A2DEAAC0095BF27 /* MPLogging.h */; };
		BC4E7E281A2DEAAC0095BF27 /* MPNotification.h in Headers */ = {isa = PBXBuildFile; fileRef = BC4E7DAE1A2DEAAC0095BF27 /* MPNotification.h */; };
		BC4E7E291A2DEAAC0095BF27 /* MPNotification.m in Sources */ = {isa = PBXBuildFile; fileRef = BC4E7DAF1A2DEAAC0095BF27 /* MPNotification.m */; };
		BC4E7E2A1A2DEAAC0095BF27 /* MPNotificationViewController.h in Headers */ = {isa = PBXBuildFile; fileRef = BC4E7DB11A2DEAAC0095BF27 /* MPNotificationViewController.h */; };
		BC4E7E2B1A2DEAAC0095BF27 /* MPNotificationViewController.m in Sources */ = {isa = PBXBuildFile; fileRef = BC4E7DB21A2DEAAC0095BF27 /* MPNotificationViewController.m */; };
		BC4E7E2C1A2DEAAC0095BF27 /* MPNSAttributedStringToNSDictionaryValueTransformer.m in Sources */ = {isa = PBXBuildFile; fileRef = BC4E7DB31A2DEAAC0095BF27 /* MPNSAttributedStringToNSDictionaryValueTransformer.m */; };
		BC4E7E2D1A2DEAAC0095BF27 /* MPNSNumberToCGFloatValueTransformer.m in Sources */ = {isa = PBXBuildFile; fileRef = BC4E7DB41A2DEAAC0095BF27 /* MPNSNumberToCGFloatValueTransformer.m */; };
		BC4E7E2E1A2DEAAC0095BF27 /* MPObjectIdentifierProvider.h in Headers */ = {isa = PBXBuildFile; fileRef = BC4E7DB51A2DEAAC0095BF27 /* MPObjectIdentifierProvider.h */; };
		BC4E7E2F1A2DEAAC0095BF27 /* MPObjectIdentityProvider.h in Headers */ = {isa = PBXBuildFile; fileRef = BC4E7DB61A2DEAAC0095BF27 /* MPObjectIdentityProvider.h */; };
		BC4E7E301A2DEAAC0095BF27 /* MPObjectIdentityProvider.m in Sources */ = {isa = PBXBuildFile; fileRef = BC4E7DB71A2DEAAC0095BF27 /* MPObjectIdentityProvider.m */; };
		BC4E7E311A2DEAAC0095BF27 /* MPObjectSelector.h in Headers */ = {isa = PBXBuildFile; fileRef = BC4E7DB81A2DEAAC0095BF27 /* MPObjectSelector.h */; };
		BC4E7E321A2DEAAC0095BF27 /* MPObjectSelector.m in Sources */ = {isa = PBXBuildFile; fileRef = BC4E7DB91A2DEAAC0095BF27 /* MPObjectSelector.m */; };
		BC4E7E331A2DEAAC0095BF27 /* MPObjectSerializer.h in Headers */ = {isa = PBXBuildFile; fileRef = BC4E7DBA1A2DEAAC0095BF27 /* MPObjectSerializer.h */; };
		BC4E7E341A2DEAAC0095BF27 /* MPObjectSerializer.m in Sources */ = {isa = PBXBuildFile; fileRef = BC4E7DBB1A2DEAAC0095BF27 /* MPObjectSerializer.m */; };
		BC4E7E351A2DEAAC0095BF27 /* MPObjectSerializerConfig.h in Headers */ = {isa = PBXBuildFile; fileRef = BC4E7DBC1A2DEAAC0095BF27 /* MPObjectSerializerConfig.h */; };
		BC4E7E361A2DEAAC0095BF27 /* MPObjectSerializerConfig.m in Sources */ = {isa = PBXBuildFile; fileRef = BC4E7DBD1A2DEAAC0095BF27 /* MPObjectSerializerConfig.m */; };
		BC4E7E371A2DEAAC0095BF27 /* MPObjectSerializerContext.h in Headers */ = {isa = PBXBuildFile; fileRef = BC4E7DBE1A2DEAAC0095BF27 /* MPObjectSerializerContext.h */; };
		BC4E7E381A2DEAAC0095BF27 /* MPObjectSerializerContext.m in Sources */ = {isa = PBXBuildFile; fileRef = BC4E7DBF1A2DEAAC0095BF27 /* MPObjectSerializerContext.m */; };
		BC4E7E391A2DEAAC0095BF27 /* MPPassThroughValueTransformer.m in Sources */ = {isa = PBXBuildFile; fileRef = BC4E7DC01A2DEAAC0095BF27 /* MPPassThroughValueTransformer.m */; };
		BC4E7E3A1A2DEAAC0095BF27 /* MPPropertyDescription.h in Headers */ = {isa = PBXBuildFile; fileRef = BC4E7DC11A2DEAAC0095BF27 /* MPPropertyDescription.h */; };
		BC4E7E3B1A2DEAAC0095BF27 /* MPPropertyDescription.m in Sources */ = {isa = PBXBuildFile; fileRef = BC4E7DC21A2DEAAC0095BF27 /* MPPropertyDescription.m */; };
		BC4E7E3C1A2DEAAC0095BF27 /* MPSequenceGenerator.h in Headers */ = {isa = PBXBuildFile; fileRef = BC4E7DC31A2DEAAC0095BF27 /* MPSequenceGenerator.h */; };
		BC4E7E3D1A2DEAAC0095BF27 /* MPSequenceGenerator.m in Sources */ = {isa = PBXBuildFile; fileRef = BC4E7DC41A2DEAAC0095BF27 /* MPSequenceGenerator.m */; };
		BC4E7E3E1A2DEAAC0095BF27 /* MPSurvey.h in Headers */ = {isa = PBXBuildFile; fileRef = BC4E7DC51A2DEAAC0095BF27 /* MPSurvey.h */; };
		BC4E7E3F1A2DEAAC0095BF27 /* MPSurvey.m in Sources */ = {isa = PBXBuildFile; fileRef = BC4E7DC61A2DEAAC0095BF27 /* MPSurvey.m */; };
		BC4E7E401A2DEAAC0095BF27 /* MPSurveyNavigationController.h in Headers */ = {isa = PBXBuildFile; fileRef = BC4E7DC81A2DEAAC0095BF27 /* MPSurveyNavigationController.h */; };
		BC4E7E411A2DEAAC0095BF27 /* MPSurveyNavigationController.m in Sources */ = {isa = PBXBuildFile; fileRef = BC4E7DC91A2DEAAC0095BF27 /* MPSurveyNavigationController.m */; };
		BC4E7E421A2DEAAC0095BF27 /* MPSurveyQuestion.h in Headers */ = {isa = PBXBuildFile; fileRef = BC4E7DCA1A2DEAAC0095BF27 /* MPSurveyQuestion.h */; };
		BC4E7E431A2DEAAC0095BF27 /* MPSurveyQuestion.m in Sources */ = {isa = PBXBuildFile; fileRef = BC4E7DCB1A2DEAAC0095BF27 /* MPSurveyQuestion.m */; };
		BC4E7E441A2DEAAC0095BF27 /* MPSurveyQuestionViewController.h in Headers */ = {isa = PBXBuildFile; fileRef = BC4E7DCC1A2DEAAC0095BF27 /* MPSurveyQuestionViewController.h */; };
		BC4E7E451A2DEAAC0095BF27 /* MPSurveyQuestionViewController.m in Sources */ = {isa = PBXBuildFile; fileRef = BC4E7DCD1A2DEAAC0095BF27 /* MPSurveyQuestionViewController.m */; };
		BC4E7E461A2DEAAC0095BF27 /* MPSwizzler.h in Headers */ = {isa = PBXBuildFile; fileRef = BC4E7DCE1A2DEAAC0095BF27 /* MPSwizzler.h */; };
		BC4E7E471A2DEAAC0095BF27 /* MPSwizzler.m in Sources */ = {isa = PBXBuildFile; fileRef = BC4E7DCF1A2DEAAC0095BF27 /* MPSwizzler.m */; };
		BC4E7E481A2DEAAC0095BF27 /* MPTweak.h in Headers */ = {isa = PBXBuildFile; fileRef = BC4E7DD01A2DEAAC0095BF27 /* MPTweak.h */; };
		BC4E7E491A2DEAAC0095BF27 /* MPTweak.m in Sources */ = {isa = PBXBuildFile; fileRef = BC4E7DD11A2DEAAC0095BF27 /* MPTweak.m */; };
		BC4E7E4A1A2DEAAC0095BF27 /* MPTweakInline.h in Headers */ = {isa = PBXBuildFile; fileRef = BC4E7DD21A2DEAAC0095BF27 /* MPTweakInline.h */; };
		BC4E7E4B1A2DEAAC0095BF27 /* MPTweakInline.m in Sources */ = {isa = PBXBuildFile; fileRef = BC4E7DD31A2DEAAC0095BF27 /* MPTweakInline.m */; };
		BC4E7E4C1A2DEAAC0095BF27 /* MPTweakInlineInternal.h in Headers */ = {isa = PBXBuildFile; fileRef = BC4E7DD41A2DEAAC0095BF27 /* MPTweakInlineInternal.h */; };
		BC4E7E4D1A2DEAAC0095BF27 /* MPTweakStore.h in Headers */ = {isa = PBXBuildFile; fileRef = BC4E7DD51A2DEAAC0095BF27 /* MPTweakStore.h */; };
		BC4E7E4E1A2DEAAC0095BF27 /* MPTweakStore.m in Sources */ = {isa = PBXBuildFile; fileRef = BC4E7DD61A2DEAAC0095BF27 /* MPTweakStore.m */; };
		BC4E7E4F1A2DEAAC0095BF27 /* MPTypeDescription.h in Headers */ = {isa = PBXBuildFile; fileRef = BC4E7DD71A2DEAAC0095BF27 /* MPTypeDescription.h */; };
		BC4E7E501A2DEAAC0095BF27 /* MPTypeDescription.m in Sources */ = {isa = PBXBuildFile; fileRef = BC4E7DD81A2DEAAC0095BF27 /* MPTypeDescription.m */; };
		BC4E7E511A2DEAAC0095BF27 /* MPUIColorToNSStringValueTransformer.m in Sources */ = {isa = PBXBuildFile; fileRef = BC4E7DD91A2DEAAC0095BF27 /* MPUIColorToNSStringValueTransformer.m */; };
		BC4E7E521A2DEAAC0095BF27 /* MPUIControlBinding.h in Headers */ = {isa = PBXBuildFile; fileRef = BC4E7DDA1A2DEAAC0095BF27 /* MPUIControlBinding.h */; };
		BC4E7E531A2DEAAC0095BF27 /* MPUIControlBinding.m in Sources */ = {isa = PBXBuildFile; fileRef = BC4E7DDB1A2DEAAC0095BF27 /* MPUIControlBinding.m */; };
		BC4E7E541A2DEAAC0095BF27 /* MPUIEdgeInsetsToNSDictionaryValueTransformer.m in Sources */ = {isa = PBXBuildFile; fileRef = BC4E7DDC1A2DEAAC0095BF27 /* MPUIEdgeInsetsToNSDictionaryValueTransformer.m */; };
		BC4E7E551A2DEAAC0095BF27 /* MPUIFontToNSDictionaryValueTransformer.m in Sources */ = {isa = PBXBuildFile; fileRef = BC4E7DDD1A2DEAAC0095BF27 /* MPUIFontToNSDictionaryValueTransformer.m */; };
		BC4E7E561A2DEAAC0095BF27 /* MPUIImageToNSDictionaryValueTransformer.m in Sources */ = {isa = PBXBuildFile; fileRef = BC4E7DDE1A2DEAAC0095BF27 /* MPUIImageToNSDictionaryValueTransformer.m */; };
		BC4E7E571A2DEAAC0095BF27 /* MPUITableViewBinding.h in Headers */ = {isa = PBXBuildFile; fileRef = BC4E7DDF1A2DEAAC0095BF27 /* MPUITableViewBinding.h */; };
		BC4E7E581A2DEAAC0095BF27 /* MPUITableViewBinding.m in Sources */ = {isa = PBXBuildFile; fileRef = BC4E7DE01A2DEAAC0095BF27 /* MPUITableViewBinding.m */; };
		BC4E7E591A2DEAAC0095BF27 /* MPValueTransformers.h in Headers */ = {isa = PBXBuildFile; fileRef = BC4E7DE11A2DEAAC0095BF27 /* MPValueTransformers.h */; };
		BC4E7E5A1A2DEAAC0095BF27 /* MPVariant.h in Headers */ = {isa = PBXBuildFile; fileRef = BC4E7DE21A2DEAAC0095BF27 /* MPVariant.h */; };
		BC4E7E5B1A2DEAAC0095BF27 /* MPVariant.m in Sources */ = {isa = PBXBuildFile; fileRef = BC4E7DE31A2DEAAC0095BF27 /* MPVariant.m */; };
		BC4E7E5C1A2DEAAC0095BF27 /* MPWebSocket.h in Headers */ = {isa = PBXBuildFile; fileRef = BC4E7DE41A2DEAAC0095BF27 /* MPWebSocket.h */; };
		BC4E7E5D1A2DEAAC0095BF27 /* MPWebSocket.m in Sources */ = {isa = PBXBuildFile; fileRef = BC4E7DE51A2DEAAC0095BF27 /* MPWebSocket.m */; };
		BC4E7E5E1A2DEAAC0095BF27 /* NSData+MPBase64.h in Headers */ = {isa = PBXBuildFile; fileRef = BC4E7DE61A2DEAAC0095BF27 /* NSData+MPBase64.h */; };
		BC4E7E5F1A2DEAAC0095BF27 /* NSData+MPBase64.m in Sources */ = {isa = PBXBuildFile; fileRef = BC4E7DE71A2DEAAC0095BF27 /* NSData+MPBase64.m */; };
		BC4E7E601A2DEAAC0095BF27 /* NSInvocation+MPHelpers.h in Headers */ = {isa = PBXBuildFile; fileRef = BC4E7DE81A2DEAAC0095BF27 /* NSInvocation+MPHelpers.h */; };
		BC4E7E611A2DEAAC0095BF27 /* NSInvocation+MPHelpers.m in Sources */ = {isa = PBXBuildFile; fileRef = BC4E7DE91A2DEAAC0095BF27 /* NSInvocation+MPHelpers.m */; };
		BC4E7E621A2DEAAC0095BF27 /* UIColor+MPColor.h in Headers */ = {isa = PBXBuildFile; fileRef = BC4E7DEC1A2DEAAC0095BF27 /* UIColor+MPColor.h */; };
		BC4E7E631A2DEAAC0095BF27 /* UIColor+MPColor.m in Sources */ = {isa = PBXBuildFile; fileRef = BC4E7DED1A2DEAAC0095BF27 /* UIColor+MPColor.m */; };
		BC4E7E641A2DEAAC0095BF27 /* UIImage+MPAverageColor.h in Headers */ = {isa = PBXBuildFile; fileRef = BC4E7DEE1A2DEAAC0095BF27 /* UIImage+MPAverageColor.h */; };
		BC4E7E651A2DEAAC0095BF27 /* UIImage+MPAverageColor.m in Sources */ = {isa = PBXBuildFile; fileRef = BC4E7DEF1A2DEAAC0095BF27 /* UIImage+MPAverageColor.m */; };
		BC4E7E661A2DEAAC0095BF27 /* UIImage+MPImageEffects.h in Headers */ = {isa = PBXBuildFile; fileRef = BC4E7DF01A2DEAAC0095BF27 /* UIImage+MPImageEffects.h */; };
		BC4E7E671A2DEAAC0095BF27 /* UIImage+MPImageEffects.m in Sources */ = {isa = PBXBuildFile; fileRef = BC4E7DF11A2DEAAC0095BF27 /* UIImage+MPImageEffects.m */; };
/* End PBXBuildFile section */

/* Begin PBXContainerItemProxy section */
		24416B8411C4CA280047AFDD /* PBXContainerItemProxy */ = {
			isa = PBXContainerItemProxy;
			containerPortal = 0867D690FE84028FC02AAC07 /* Project object */;
			proxyType = 1;
			remoteGlobalIDString = D2AAC07D0554694100DB518D;
			remoteInfo = TiMixpanel;
		};
		37E797381C9B442D00EF4330 /* PBXContainerItemProxy */ = {
			isa = PBXContainerItemProxy;
			containerPortal = 0867D690FE84028FC02AAC07 /* Project object */;
			proxyType = 1;
			remoteGlobalIDString = 37E7972C1C9B433500EF4330;
			remoteInfo = storyboards;
		};
/* End PBXContainerItemProxy section */

/* Begin PBXFileReference section */
		24DD6CF71134B3F500162E58 /* SeHyperlabMixpanelModule.h */ = {isa = PBXFileReference; fileEncoding = 4; lastKnownFileType = sourcecode.c.h; name = SeHyperlabMixpanelModule.h; path = Classes/SeHyperlabMixpanelModule.h; sourceTree = "<group>"; };
		24DD6CF81134B3F500162E58 /* SeHyperlabMixpanelModule.m */ = {isa = PBXFileReference; fileEncoding = 4; lastKnownFileType = sourcecode.c.objc; name = SeHyperlabMixpanelModule.m; path = Classes/SeHyperlabMixpanelModule.m; sourceTree = "<group>"; };
		24DD6D1B1134B66800162E58 /* titanium.xcconfig */ = {isa = PBXFileReference; fileEncoding = 4; lastKnownFileType = text.xcconfig; path = titanium.xcconfig; sourceTree = "<group>"; };
		24DE9E0F11C5FE74003F90F6 /* SeHyperlabMixpanelModuleAssets.h */ = {isa = PBXFileReference; fileEncoding = 4; lastKnownFileType = sourcecode.c.h; name = SeHyperlabMixpanelModuleAssets.h; path = Classes/SeHyperlabMixpanelModuleAssets.h; sourceTree = "<group>"; };
		24DE9E1011C5FE74003F90F6 /* SeHyperlabMixpanelModuleAssets.m */ = {isa = PBXFileReference; fileEncoding = 4; lastKnownFileType = sourcecode.c.objc; name = SeHyperlabMixpanelModuleAssets.m; path = Classes/SeHyperlabMixpanelModuleAssets.m; sourceTree = "<group>"; };
		37E7972D1C9B433500EF4330 /* storyboards.bundle */ = {isa = PBXFileReference; explicitFileType = wrapper.cfbundle; includeInIndex = 0; path = storyboards.bundle; sourceTree = BUILT_PRODUCTS_DIR; };
		37E7972F1C9B433500EF4330 /* Info.plist */ = {isa = PBXFileReference; lastKnownFileType = text.plist.xml; path = Info.plist; sourceTree = "<group>"; };
		37E797351C9B435D00EF4330 /* CoreFoundation.framework */ = {isa = PBXFileReference; lastKnownFileType = wrapper.framework; name = CoreFoundation.framework; path = System/Library/Frameworks/CoreFoundation.framework; sourceTree = SDKROOT; };
		AA747D9E0F9514B9006C5449 /* SeHyperlabMixpanel_Prefix.pch */ = {isa = PBXFileReference; fileEncoding = 4; lastKnownFileType = sourcecode.c.h; path = SeHyperlabMixpanel_Prefix.pch; sourceTree = SOURCE_ROOT; };
		AACBBE490F95108600F1A2B1 /* Foundation.framework */ = {isa = PBXFileReference; lastKnownFileType = wrapper.framework; name = Foundation.framework; path = System/Library/Frameworks/Foundation.framework; sourceTree = SDKROOT; };
		BB07B7C118F42FA400305D36 /* UIKit.framework */ = {isa = PBXFileReference; lastKnownFileType = wrapper.framework; name = UIKit.framework; path = System/Library/Frameworks/UIKit.framework; sourceTree = SDKROOT; };
		BB07B7C318F42FED00305D36 /* CoreGraphics.framework */ = {isa = PBXFileReference; lastKnownFileType = wrapper.framework; name = CoreGraphics.framework; path = System/Library/Frameworks/CoreGraphics.framework; sourceTree = SDKROOT; };
		BB07B7C518F42FFC00305D36 /* QuartzCore.framework */ = {isa = PBXFileReference; lastKnownFileType = wrapper.framework; name = QuartzCore.framework; path = System/Library/Frameworks/QuartzCore.framework; sourceTree = SDKROOT; };
		BB07B7C718F4300800305D36 /* SystemConfiguration.framework */ = {isa = PBXFileReference; lastKnownFileType = wrapper.framework; name = SystemConfiguration.framework; path = System/Library/Frameworks/SystemConfiguration.framework; sourceTree = SDKROOT; };
		BB07B7C918F4301100305D36 /* CoreTelephony.framework */ = {isa = PBXFileReference; lastKnownFileType = wrapper.framework; name = CoreTelephony.framework; path = System/Library/Frameworks/CoreTelephony.framework; sourceTree = SDKROOT; };
		BB07B7CB18F4301A00305D36 /* Accelerate.framework */ = {isa = PBXFileReference; lastKnownFileType = wrapper.framework; name = Accelerate.framework; path = System/Library/Frameworks/Accelerate.framework; sourceTree = SDKROOT; };
		BC3B242B19D849480049B6A7 /* JRSwizzle.h */ = {isa = PBXFileReference; fileEncoding = 4; lastKnownFileType = sourcecode.c.h; path = JRSwizzle.h; sourceTree = "<group>"; };
		BC3B242C19D849480049B6A7 /* JRSwizzle.m */ = {isa = PBXFileReference; fileEncoding = 4; lastKnownFileType = sourcecode.c.objc; path = JRSwizzle.m; sourceTree = "<group>"; };
		BC4E7D751A2DEAAB0095BF27 /* _MPTweakBindObserver.h */ = {isa = PBXFileReference; fileEncoding = 4; lastKnownFileType = sourcecode.c.h; path = _MPTweakBindObserver.h; sourceTree = "<group>"; };
		BC4E7D761A2DEAAB0095BF27 /* _MPTweakBindObserver.m */ = {isa = PBXFileReference; fileEncoding = 4; lastKnownFileType = sourcecode.c.objc; path = _MPTweakBindObserver.m; sourceTree = "<group>"; };
		BC4E7D771A2DEAAB0095BF27 /* libMPCategoryHelpers.a */ = {isa = PBXFileReference; lastKnownFileType = archive.ar; path = libMPCategoryHelpers.a; sourceTree = "<group>"; };
		BC4E7D781A2DEAAB0095BF27 /* Media.xcassets */ = {isa = PBXFileReference; lastKnownFileType = folder.assetcatalog; path = Media.xcassets; sourceTree = "<group>"; };
		BC4E7D791A2DEAAB0095BF27 /* Mixpanel.h */ = {isa = PBXFileReference; fileEncoding = 4; lastKnownFileType = sourcecode.c.h; path = Mixpanel.h; sourceTree = "<group>"; };
		BC4E7D7A1A2DEAAB0095BF27 /* Mixpanel.m */ = {isa = PBXFileReference; fileEncoding = 4; lastKnownFileType = sourcecode.c.objc; path = Mixpanel.m; sourceTree = "<group>"; };
		BC4E7D7B1A2DEAAB0095BF27 /* MPAbstractABTestDesignerMessage.h */ = {isa = PBXFileReference; fileEncoding = 4; lastKnownFileType = sourcecode.c.h; path = MPAbstractABTestDesignerMessage.h; sourceTree = "<group>"; };
		BC4E7D7C1A2DEAAB0095BF27 /* MPAbstractABTestDesignerMessage.m */ = {isa = PBXFileReference; fileEncoding = 4; lastKnownFileType = sourcecode.c.objc; path = MPAbstractABTestDesignerMessage.m; sourceTree = "<group>"; };
		BC4E7D7D1A2DEAAB0095BF27 /* MPABTestDesignerChangeRequestMessage.h */ = {isa = PBXFileReference; fileEncoding = 4; lastKnownFileType = sourcecode.c.h; path = MPABTestDesignerChangeRequestMessage.h; sourceTree = "<group>"; };
		BC4E7D7E1A2DEAAB0095BF27 /* MPABTestDesignerChangeRequestMessage.m */ = {isa = PBXFileReference; fileEncoding = 4; lastKnownFileType = sourcecode.c.objc; path = MPABTestDesignerChangeRequestMessage.m; sourceTree = "<group>"; };
		BC4E7D7F1A2DEAAB0095BF27 /* MPABTestDesignerChangeResponseMessage.h */ = {isa = PBXFileReference; fileEncoding = 4; lastKnownFileType = sourcecode.c.h; path = MPABTestDesignerChangeResponseMessage.h; sourceTree = "<group>"; };
		BC4E7D801A2DEAAB0095BF27 /* MPABTestDesignerChangeResponseMessage.m */ = {isa = PBXFileReference; fileEncoding = 4; lastKnownFileType = sourcecode.c.objc; path = MPABTestDesignerChangeResponseMessage.m; sourceTree = "<group>"; };
		BC4E7D811A2DEAAB0095BF27 /* MPABTestDesignerClearRequestMessage.h */ = {isa = PBXFileReference; fileEncoding = 4; lastKnownFileType = sourcecode.c.h; path = MPABTestDesignerClearRequestMessage.h; sourceTree = "<group>"; };
		BC4E7D821A2DEAAB0095BF27 /* MPABTestDesignerClearRequestMessage.m */ = {isa = PBXFileReference; fileEncoding = 4; lastKnownFileType = sourcecode.c.objc; path = MPABTestDesignerClearRequestMessage.m; sourceTree = "<group>"; };
		BC4E7D831A2DEAAB0095BF27 /* MPABTestDesignerClearResponseMessage.h */ = {isa = PBXFileReference; fileEncoding = 4; lastKnownFileType = sourcecode.c.h; path = MPABTestDesignerClearResponseMessage.h; sourceTree = "<group>"; };
		BC4E7D841A2DEAAB0095BF27 /* MPABTestDesignerClearResponseMessage.m */ = {isa = PBXFileReference; fileEncoding = 4; lastKnownFileType = sourcecode.c.objc; path = MPABTestDesignerClearResponseMessage.m; sourceTree = "<group>"; };
		BC4E7D851A2DEAAB0095BF27 /* MPABTestDesignerConnection.h */ = {isa = PBXFileReference; fileEncoding = 4; lastKnownFileType = sourcecode.c.h; path = MPABTestDesignerConnection.h; sourceTree = "<group>"; };
		BC4E7D861A2DEAAB0095BF27 /* MPABTestDesignerConnection.m */ = {isa = PBXFileReference; fileEncoding = 4; lastKnownFileType = sourcecode.c.objc; path = MPABTestDesignerConnection.m; sourceTree = "<group>"; };
		BC4E7D871A2DEAAB0095BF27 /* MPABTestDesignerDeviceInfoRequestMessage.h */ = {isa = PBXFileReference; fileEncoding = 4; lastKnownFileType = sourcecode.c.h; path = MPABTestDesignerDeviceInfoRequestMessage.h; sourceTree = "<group>"; };
		BC4E7D881A2DEAAB0095BF27 /* MPABTestDesignerDeviceInfoRequestMessage.m */ = {isa = PBXFileReference; fileEncoding = 4; lastKnownFileType = sourcecode.c.objc; path = MPABTestDesignerDeviceInfoRequestMessage.m; sourceTree = "<group>"; };
		BC4E7D891A2DEAAB0095BF27 /* MPABTestDesignerDeviceInfoResponseMessage.h */ = {isa = PBXFileReference; fileEncoding = 4; lastKnownFileType = sourcecode.c.h; path = MPABTestDesignerDeviceInfoResponseMessage.h; sourceTree = "<group>"; };
		BC4E7D8A1A2DEAAB0095BF27 /* MPABTestDesignerDeviceInfoResponseMessage.m */ = {isa = PBXFileReference; fileEncoding = 4; lastKnownFileType = sourcecode.c.objc; path = MPABTestDesignerDeviceInfoResponseMessage.m; sourceTree = "<group>"; };
		BC4E7D8B1A2DEAAB0095BF27 /* MPABTestDesignerDisconnectMessage.h */ = {isa = PBXFileReference; fileEncoding = 4; lastKnownFileType = sourcecode.c.h; path = MPABTestDesignerDisconnectMessage.h; sourceTree = "<group>"; };
		BC4E7D8C1A2DEAAB0095BF27 /* MPABTestDesignerDisconnectMessage.m */ = {isa = PBXFileReference; fileEncoding = 4; lastKnownFileType = sourcecode.c.objc; path = MPABTestDesignerDisconnectMessage.m; sourceTree = "<group>"; };
		BC4E7D8D1A2DEAAB0095BF27 /* MPABTestDesignerMessage.h */ = {isa = PBXFileReference; fileEncoding = 4; lastKnownFileType = sourcecode.c.h; path = MPABTestDesignerMessage.h; sourceTree = "<group>"; };
		BC4E7D8E1A2DEAAB0095BF27 /* MPABTestDesignerSnapshotRequestMessage.h */ = {isa = PBXFileReference; fileEncoding = 4; lastKnownFileType = sourcecode.c.h; path = MPABTestDesignerSnapshotRequestMessage.h; sourceTree = "<group>"; };
		BC4E7D8F1A2DEAAB0095BF27 /* MPABTestDesignerSnapshotRequestMessage.m */ = {isa = PBXFileReference; fileEncoding = 4; lastKnownFileType = sourcecode.c.objc; path = MPABTestDesignerSnapshotRequestMessage.m; sourceTree = "<group>"; };
		BC4E7D901A2DEAAB0095BF27 /* MPABTestDesignerSnapshotResponseMessage.h */ = {isa = PBXFileReference; fileEncoding = 4; lastKnownFileType = sourcecode.c.h; path = MPABTestDesignerSnapshotResponseMessage.h; sourceTree = "<group>"; };
		BC4E7D911A2DEAAB0095BF27 /* MPABTestDesignerSnapshotResponseMessage.m */ = {isa = PBXFileReference; fileEncoding = 4; lastKnownFileType = sourcecode.c.objc; path = MPABTestDesignerSnapshotResponseMessage.m; sourceTree = "<group>"; };
		BC4E7D921A2DEAAB0095BF27 /* MPABTestDesignerTweakRequestMessage.h */ = {isa = PBXFileReference; fileEncoding = 4; lastKnownFileType = sourcecode.c.h; path = MPABTestDesignerTweakRequestMessage.h; sourceTree = "<group>"; };
		BC4E7D931A2DEAAB0095BF27 /* MPABTestDesignerTweakRequestMessage.m */ = {isa = PBXFileReference; fileEncoding = 4; lastKnownFileType = sourcecode.c.objc; path = MPABTestDesignerTweakRequestMessage.m; sourceTree = "<group>"; };
		BC4E7D941A2DEAAB0095BF27 /* MPABTestDesignerTweakResponseMessage.h */ = {isa = PBXFileReference; fileEncoding = 4; lastKnownFileType = sourcecode.c.h; path = MPABTestDesignerTweakResponseMessage.h; sourceTree = "<group>"; };
		BC4E7D951A2DEAAB0095BF27 /* MPABTestDesignerTweakResponseMessage.m */ = {isa = PBXFileReference; fileEncoding = 4; lastKnownFileType = sourcecode.c.objc; path = MPABTestDesignerTweakResponseMessage.m; sourceTree = "<group>"; };
		BC4E7D961A2DEAAB0095BF27 /* MPApplicationStateSerializer.h */ = {isa = PBXFileReference; fileEncoding = 4; lastKnownFileType = sourcecode.c.h; path = MPApplicationStateSerializer.h; sourceTree = "<group>"; };
		BC4E7D971A2DEAAB0095BF27 /* MPApplicationStateSerializer.m */ = {isa = PBXFileReference; fileEncoding = 4; lastKnownFileType = sourcecode.c.objc; path = MPApplicationStateSerializer.m; sourceTree = "<group>"; };
		BC4E7D981A2DEAAB0095BF27 /* MPBOOLToNSNumberValueTransformer.m */ = {isa = PBXFileReference; fileEncoding = 4; lastKnownFileType = sourcecode.c.objc; path = MPBOOLToNSNumberValueTransformer.m; sourceTree = "<group>"; };
		BC4E7D991A2DEAAB0095BF27 /* MPCategoryHelpers.h */ = {isa = PBXFileReference; fileEncoding = 4; lastKnownFileType = sourcecode.c.h; path = MPCategoryHelpers.h; sourceTree = "<group>"; };
		BC4E7D9A1A2DEAAB0095BF27 /* MPCATransform3DToNSDictionaryValueTransformer.m */ = {isa = PBXFileReference; fileEncoding = 4; lastKnownFileType = sourcecode.c.objc; path = MPCATransform3DToNSDictionaryValueTransformer.m; sourceTree = "<group>"; };
		BC4E7D9B1A2DEAAB0095BF27 /* MPCGAffineTransformToNSDictionaryValueTransformer.m */ = {isa = PBXFileReference; fileEncoding = 4; lastKnownFileType = sourcecode.c.objc; path = MPCGAffineTransformToNSDictionaryValueTransformer.m; sourceTree = "<group>"; };
		BC4E7D9C1A2DEAAB0095BF27 /* MPCGColorRefToNSStringValueTransformer.m */ = {isa = PBXFileReference; fileEncoding = 4; lastKnownFileType = sourcecode.c.objc; path = MPCGColorRefToNSStringValueTransformer.m; sourceTree = "<group>"; };
		BC4E7D9D1A2DEAAB0095BF27 /* MPCGPointToNSDictionaryValueTransformer.m */ = {isa = PBXFileReference; fileEncoding = 4; lastKnownFileType = sourcecode.c.objc; path = MPCGPointToNSDictionaryValueTransformer.m; sourceTree = "<group>"; };
		BC4E7D9E1A2DEAAB0095BF27 /* MPCGRectToNSDictionaryValueTransformer.m */ = {isa = PBXFileReference; fileEncoding = 4; lastKnownFileType = sourcecode.c.objc; path = MPCGRectToNSDictionaryValueTransformer.m; sourceTree = "<group>"; };
		BC4E7D9F1A2DEAAC0095BF27 /* MPCGSizeToNSDictionaryValueTransformer.m */ = {isa = PBXFileReference; fileEncoding = 4; lastKnownFileType = sourcecode.c.objc; path = MPCGSizeToNSDictionaryValueTransformer.m; sourceTree = "<group>"; };
		BC4E7DA01A2DEAAC0095BF27 /* MPClassDescription.h */ = {isa = PBXFileReference; fileEncoding = 4; lastKnownFileType = sourcecode.c.h; path = MPClassDescription.h; sourceTree = "<group>"; };
		BC4E7DA11A2DEAAC0095BF27 /* MPClassDescription.m */ = {isa = PBXFileReference; fileEncoding = 4; lastKnownFileType = sourcecode.c.objc; path = MPClassDescription.m; sourceTree = "<group>"; };
		BC4E7DA21A2DEAAC0095BF27 /* MPCloseBtn.png */ = {isa = PBXFileReference; lastKnownFileType = image.png; path = MPCloseBtn.png; sourceTree = "<group>"; };
		BC4E7DA31A2DEAAC0095BF27 /* MPCloseBtn@2x.png */ = {isa = PBXFileReference; lastKnownFileType = image.png; path = "MPCloseBtn@2x.png"; sourceTree = "<group>"; };
		BC4E7DA41A2DEAAC0095BF27 /* MPDesignerEventBindingMessage.h */ = {isa = PBXFileReference; fileEncoding = 4; lastKnownFileType = sourcecode.c.h; path = MPDesignerEventBindingMessage.h; sourceTree = "<group>"; };
		BC4E7DA51A2DEAAC0095BF27 /* MPDesignerEventBindingRequestMesssage.m */ = {isa = PBXFileReference; fileEncoding = 4; lastKnownFileType = sourcecode.c.objc; path = MPDesignerEventBindingRequestMesssage.m; sourceTree = "<group>"; };
		BC4E7DA61A2DEAAC0095BF27 /* MPDesignerEventBindingResponseMesssage.m */ = {isa = PBXFileReference; fileEncoding = 4; lastKnownFileType = sourcecode.c.objc; path = MPDesignerEventBindingResponseMesssage.m; sourceTree = "<group>"; };
		BC4E7DA71A2DEAAC0095BF27 /* MPDesignerSessionCollection.h */ = {isa = PBXFileReference; fileEncoding = 4; lastKnownFileType = sourcecode.c.h; path = MPDesignerSessionCollection.h; sourceTree = "<group>"; };
		BC4E7DA81A2DEAAC0095BF27 /* MPDesignerTrackMessage.m */ = {isa = PBXFileReference; fileEncoding = 4; lastKnownFileType = sourcecode.c.objc; path = MPDesignerTrackMessage.m; sourceTree = "<group>"; };
		BC4E7DA91A2DEAAC0095BF27 /* MPEnumDescription.h */ = {isa = PBXFileReference; fileEncoding = 4; lastKnownFileType = sourcecode.c.h; path = MPEnumDescription.h; sourceTree = "<group>"; };
		BC4E7DAA1A2DEAAC0095BF27 /* MPEnumDescription.m */ = {isa = PBXFileReference; fileEncoding = 4; lastKnownFileType = sourcecode.c.objc; path = MPEnumDescription.m; sourceTree = "<group>"; };
		BC4E7DAB1A2DEAAC0095BF27 /* MPEventBinding.h */ = {isa = PBXFileReference; fileEncoding = 4; lastKnownFileType = sourcecode.c.h; path = MPEventBinding.h; sourceTree = "<group>"; };
		BC4E7DAC1A2DEAAC0095BF27 /* MPEventBinding.m */ = {isa = PBXFileReference; fileEncoding = 4; lastKnownFileType = sourcecode.c.objc; path = MPEventBinding.m; sourceTree = "<group>"; };
		BC4E7DAD1A2DEAAC0095BF27 /* MPLogging.h */ = {isa = PBXFileReference; fileEncoding = 4; lastKnownFileType = sourcecode.c.h; path = MPLogging.h; sourceTree = "<group>"; };
		BC4E7DAE1A2DEAAC0095BF27 /* MPNotification.h */ = {isa = PBXFileReference; fileEncoding = 4; lastKnownFileType = sourcecode.c.h; path = MPNotification.h; sourceTree = "<group>"; };
		BC4E7DAF1A2DEAAC0095BF27 /* MPNotification.m */ = {isa = PBXFileReference; fileEncoding = 4; lastKnownFileType = sourcecode.c.objc; path = MPNotification.m; sourceTree = "<group>"; };
		BC4E7DB01A2DEAAC0095BF27 /* MPNotification.storyboard */ = {isa = PBXFileReference; fileEncoding = 4; lastKnownFileType = file.storyboard; path = MPNotification.storyboard; sourceTree = "<group>"; };
		BC4E7DB11A2DEAAC0095BF27 /* MPNotificationViewController.h */ = {isa = PBXFileReference; fileEncoding = 4; lastKnownFileType = sourcecode.c.h; path = MPNotificationViewController.h; sourceTree = "<group>"; };
		BC4E7DB21A2DEAAC0095BF27 /* MPNotificationViewController.m */ = {isa = PBXFileReference; fileEncoding = 4; lastKnownFileType = sourcecode.c.objc; path = MPNotificationViewController.m; sourceTree = "<group>"; };
		BC4E7DB31A2DEAAC0095BF27 /* MPNSAttributedStringToNSDictionaryValueTransformer.m */ = {isa = PBXFileReference; fileEncoding = 4; lastKnownFileType = sourcecode.c.objc; path = MPNSAttributedStringToNSDictionaryValueTransformer.m; sourceTree = "<group>"; };
		BC4E7DB41A2DEAAC0095BF27 /* MPNSNumberToCGFloatValueTransformer.m */ = {isa = PBXFileReference; fileEncoding = 4; lastKnownFileType = sourcecode.c.objc; path = MPNSNumberToCGFloatValueTransformer.m; sourceTree = "<group>"; };
		BC4E7DB51A2DEAAC0095BF27 /* MPObjectIdentifierProvider.h */ = {isa = PBXFileReference; fileEncoding = 4; lastKnownFileType = sourcecode.c.h; path = MPObjectIdentifierProvider.h; sourceTree = "<group>"; };
		BC4E7DB61A2DEAAC0095BF27 /* MPObjectIdentityProvider.h */ = {isa = PBXFileReference; fileEncoding = 4; lastKnownFileType = sourcecode.c.h; path = MPObjectIdentityProvider.h; sourceTree = "<group>"; };
		BC4E7DB71A2DEAAC0095BF27 /* MPObjectIdentityProvider.m */ = {isa = PBXFileReference; fileEncoding = 4; lastKnownFileType = sourcecode.c.objc; path = MPObjectIdentityProvider.m; sourceTree = "<group>"; };
		BC4E7DB81A2DEAAC0095BF27 /* MPObjectSelector.h */ = {isa = PBXFileReference; fileEncoding = 4; lastKnownFileType = sourcecode.c.h; path = MPObjectSelector.h; sourceTree = "<group>"; };
		BC4E7DB91A2DEAAC0095BF27 /* MPObjectSelector.m */ = {isa = PBXFileReference; fileEncoding = 4; lastKnownFileType = sourcecode.c.objc; path = MPObjectSelector.m; sourceTree = "<group>"; };
		BC4E7DBA1A2DEAAC0095BF27 /* MPObjectSerializer.h */ = {isa = PBXFileReference; fileEncoding = 4; lastKnownFileType = sourcecode.c.h; path = MPObjectSerializer.h; sourceTree = "<group>"; };
		BC4E7DBB1A2DEAAC0095BF27 /* MPObjectSerializer.m */ = {isa = PBXFileReference; fileEncoding = 4; lastKnownFileType = sourcecode.c.objc; path = MPObjectSerializer.m; sourceTree = "<group>"; };
		BC4E7DBC1A2DEAAC0095BF27 /* MPObjectSerializerConfig.h */ = {isa = PBXFileReference; fileEncoding = 4; lastKnownFileType = sourcecode.c.h; path = MPObjectSerializerConfig.h; sourceTree = "<group>"; };
		BC4E7DBD1A2DEAAC0095BF27 /* MPObjectSerializerConfig.m */ = {isa = PBXFileReference; fileEncoding = 4; lastKnownFileType = sourcecode.c.objc; path = MPObjectSerializerConfig.m; sourceTree = "<group>"; };
		BC4E7DBE1A2DEAAC0095BF27 /* MPObjectSerializerContext.h */ = {isa = PBXFileReference; fileEncoding = 4; lastKnownFileType = sourcecode.c.h; path = MPObjectSerializerContext.h; sourceTree = "<group>"; };
		BC4E7DBF1A2DEAAC0095BF27 /* MPObjectSerializerContext.m */ = {isa = PBXFileReference; fileEncoding = 4; lastKnownFileType = sourcecode.c.objc; path = MPObjectSerializerContext.m; sourceTree = "<group>"; };
		BC4E7DC01A2DEAAC0095BF27 /* MPPassThroughValueTransformer.m */ = {isa = PBXFileReference; fileEncoding = 4; lastKnownFileType = sourcecode.c.objc; path = MPPassThroughValueTransformer.m; sourceTree = "<group>"; };
		BC4E7DC11A2DEAAC0095BF27 /* MPPropertyDescription.h */ = {isa = PBXFileReference; fileEncoding = 4; lastKnownFileType = sourcecode.c.h; path = MPPropertyDescription.h; sourceTree = "<group>"; };
		BC4E7DC21A2DEAAC0095BF27 /* MPPropertyDescription.m */ = {isa = PBXFileReference; fileEncoding = 4; lastKnownFileType = sourcecode.c.objc; path = MPPropertyDescription.m; sourceTree = "<group>"; };
		BC4E7DC31A2DEAAC0095BF27 /* MPSequenceGenerator.h */ = {isa = PBXFileReference; fileEncoding = 4; lastKnownFileType = sourcecode.c.h; path = MPSequenceGenerator.h; sourceTree = "<group>"; };
		BC4E7DC41A2DEAAC0095BF27 /* MPSequenceGenerator.m */ = {isa = PBXFileReference; fileEncoding = 4; lastKnownFileType = sourcecode.c.objc; path = MPSequenceGenerator.m; sourceTree = "<group>"; };
		BC4E7DC51A2DEAAC0095BF27 /* MPSurvey.h */ = {isa = PBXFileReference; fileEncoding = 4; lastKnownFileType = sourcecode.c.h; path = MPSurvey.h; sourceTree = "<group>"; };
		BC4E7DC61A2DEAAC0095BF27 /* MPSurvey.m */ = {isa = PBXFileReference; fileEncoding = 4; lastKnownFileType = sourcecode.c.objc; path = MPSurvey.m; sourceTree = "<group>"; };
		BC4E7DC71A2DEAAC0095BF27 /* MPSurvey.storyboard */ = {isa = PBXFileReference; fileEncoding = 4; lastKnownFileType = file.storyboard; path = MPSurvey.storyboard; sourceTree = "<group>"; };
		BC4E7DC81A2DEAAC0095BF27 /* MPSurveyNavigationController.h */ = {isa = PBXFileReference; fileEncoding = 4; lastKnownFileType = sourcecode.c.h; path = MPSurveyNavigationController.h; sourceTree = "<group>"; };
		BC4E7DC91A2DEAAC0095BF27 /* MPSurveyNavigationController.m */ = {isa = PBXFileReference; fileEncoding = 4; lastKnownFileType = sourcecode.c.objc; path = MPSurveyNavigationController.m; sourceTree = "<group>"; };
		BC4E7DCA1A2DEAAC0095BF27 /* MPSurveyQuestion.h */ = {isa = PBXFileReference; fileEncoding = 4; lastKnownFileType = sourcecode.c.h; path = MPSurveyQuestion.h; sourceTree = "<group>"; };
		BC4E7DCB1A2DEAAC0095BF27 /* MPSurveyQuestion.m */ = {isa = PBXFileReference; fileEncoding = 4; lastKnownFileType = sourcecode.c.objc; path = MPSurveyQuestion.m; sourceTree = "<group>"; };
		BC4E7DCC1A2DEAAC0095BF27 /* MPSurveyQuestionViewController.h */ = {isa = PBXFileReference; fileEncoding = 4; lastKnownFileType = sourcecode.c.h; path = MPSurveyQuestionViewController.h; sourceTree = "<group>"; };
		BC4E7DCD1A2DEAAC0095BF27 /* MPSurveyQuestionViewController.m */ = {isa = PBXFileReference; fileEncoding = 4; lastKnownFileType = sourcecode.c.objc; path = MPSurveyQuestionViewController.m; sourceTree = "<group>"; };
		BC4E7DCE1A2DEAAC0095BF27 /* MPSwizzler.h */ = {isa = PBXFileReference; fileEncoding = 4; lastKnownFileType = sourcecode.c.h; path = MPSwizzler.h; sourceTree = "<group>"; };
		BC4E7DCF1A2DEAAC0095BF27 /* MPSwizzler.m */ = {isa = PBXFileReference; fileEncoding = 4; lastKnownFileType = sourcecode.c.objc; path = MPSwizzler.m; sourceTree = "<group>"; };
		BC4E7DD01A2DEAAC0095BF27 /* MPTweak.h */ = {isa = PBXFileReference; fileEncoding = 4; lastKnownFileType = sourcecode.c.h; path = MPTweak.h; sourceTree = "<group>"; };
		BC4E7DD11A2DEAAC0095BF27 /* MPTweak.m */ = {isa = PBXFileReference; fileEncoding = 4; lastKnownFileType = sourcecode.c.objc; path = MPTweak.m; sourceTree = "<group>"; };
		BC4E7DD21A2DEAAC0095BF27 /* MPTweakInline.h */ = {isa = PBXFileReference; fileEncoding = 4; lastKnownFileType = sourcecode.c.h; path = MPTweakInline.h; sourceTree = "<group>"; };
		BC4E7DD31A2DEAAC0095BF27 /* MPTweakInline.m */ = {isa = PBXFileReference; fileEncoding = 4; lastKnownFileType = sourcecode.c.objc; path = MPTweakInline.m; sourceTree = "<group>"; };
		BC4E7DD41A2DEAAC0095BF27 /* MPTweakInlineInternal.h */ = {isa = PBXFileReference; fileEncoding = 4; lastKnownFileType = sourcecode.c.h; path = MPTweakInlineInternal.h; sourceTree = "<group>"; };
		BC4E7DD51A2DEAAC0095BF27 /* MPTweakStore.h */ = {isa = PBXFileReference; fileEncoding = 4; lastKnownFileType = sourcecode.c.h; path = MPTweakStore.h; sourceTree = "<group>"; };
		BC4E7DD61A2DEAAC0095BF27 /* MPTweakStore.m */ = {isa = PBXFileReference; fileEncoding = 4; lastKnownFileType = sourcecode.c.objc; path = MPTweakStore.m; sourceTree = "<group>"; };
		BC4E7DD71A2DEAAC0095BF27 /* MPTypeDescription.h */ = {isa = PBXFileReference; fileEncoding = 4; lastKnownFileType = sourcecode.c.h; path = MPTypeDescription.h; sourceTree = "<group>"; };
		BC4E7DD81A2DEAAC0095BF27 /* MPTypeDescription.m */ = {isa = PBXFileReference; fileEncoding = 4; lastKnownFileType = sourcecode.c.objc; path = MPTypeDescription.m; sourceTree = "<group>"; };
		BC4E7DD91A2DEAAC0095BF27 /* MPUIColorToNSStringValueTransformer.m */ = {isa = PBXFileReference; fileEncoding = 4; lastKnownFileType = sourcecode.c.objc; path = MPUIColorToNSStringValueTransformer.m; sourceTree = "<group>"; };
		BC4E7DDA1A2DEAAC0095BF27 /* MPUIControlBinding.h */ = {isa = PBXFileReference; fileEncoding = 4; lastKnownFileType = sourcecode.c.h; path = MPUIControlBinding.h; sourceTree = "<group>"; };
		BC4E7DDB1A2DEAAC0095BF27 /* MPUIControlBinding.m */ = {isa = PBXFileReference; fileEncoding = 4; lastKnownFileType = sourcecode.c.objc; path = MPUIControlBinding.m; sourceTree = "<group>"; };
		BC4E7DDC1A2DEAAC0095BF27 /* MPUIEdgeInsetsToNSDictionaryValueTransformer.m */ = {isa = PBXFileReference; fileEncoding = 4; lastKnownFileType = sourcecode.c.objc; path = MPUIEdgeInsetsToNSDictionaryValueTransformer.m; sourceTree = "<group>"; };
		BC4E7DDD1A2DEAAC0095BF27 /* MPUIFontToNSDictionaryValueTransformer.m */ = {isa = PBXFileReference; fileEncoding = 4; lastKnownFileType = sourcecode.c.objc; path = MPUIFontToNSDictionaryValueTransformer.m; sourceTree = "<group>"; };
		BC4E7DDE1A2DEAAC0095BF27 /* MPUIImageToNSDictionaryValueTransformer.m */ = {isa = PBXFileReference; fileEncoding = 4; lastKnownFileType = sourcecode.c.objc; path = MPUIImageToNSDictionaryValueTransformer.m; sourceTree = "<group>"; };
		BC4E7DDF1A2DEAAC0095BF27 /* MPUITableViewBinding.h */ = {isa = PBXFileReference; fileEncoding = 4; lastKnownFileType = sourcecode.c.h; path = MPUITableViewBinding.h; sourceTree = "<group>"; };
		BC4E7DE01A2DEAAC0095BF27 /* MPUITableViewBinding.m */ = {isa = PBXFileReference; fileEncoding = 4; lastKnownFileType = sourcecode.c.objc; path = MPUITableViewBinding.m; sourceTree = "<group>"; };
		BC4E7DE11A2DEAAC0095BF27 /* MPValueTransformers.h */ = {isa = PBXFileReference; fileEncoding = 4; lastKnownFileType = sourcecode.c.h; path = MPValueTransformers.h; sourceTree = "<group>"; };
		BC4E7DE21A2DEAAC0095BF27 /* MPVariant.h */ = {isa = PBXFileReference; fileEncoding = 4; lastKnownFileType = sourcecode.c.h; path = MPVariant.h; sourceTree = "<group>"; };
		BC4E7DE31A2DEAAC0095BF27 /* MPVariant.m */ = {isa = PBXFileReference; fileEncoding = 4; lastKnownFileType = sourcecode.c.objc; path = MPVariant.m; sourceTree = "<group>"; };
		BC4E7DE41A2DEAAC0095BF27 /* MPWebSocket.h */ = {isa = PBXFileReference; fileEncoding = 4; lastKnownFileType = sourcecode.c.h; path = MPWebSocket.h; sourceTree = "<group>"; };
		BC4E7DE51A2DEAAC0095BF27 /* MPWebSocket.m */ = {isa = PBXFileReference; fileEncoding = 4; lastKnownFileType = sourcecode.c.objc; path = MPWebSocket.m; sourceTree = "<group>"; };
		BC4E7DE61A2DEAAC0095BF27 /* NSData+MPBase64.h */ = {isa = PBXFileReference; fileEncoding = 4; lastKnownFileType = sourcecode.c.h; path = "NSData+MPBase64.h"; sourceTree = "<group>"; };
		BC4E7DE71A2DEAAC0095BF27 /* NSData+MPBase64.m */ = {isa = PBXFileReference; fileEncoding = 4; lastKnownFileType = sourcecode.c.objc; path = "NSData+MPBase64.m"; sourceTree = "<group>"; };
		BC4E7DE81A2DEAAC0095BF27 /* NSInvocation+MPHelpers.h */ = {isa = PBXFileReference; fileEncoding = 4; lastKnownFileType = sourcecode.c.h; path = "NSInvocation+MPHelpers.h"; sourceTree = "<group>"; };
		BC4E7DE91A2DEAAC0095BF27 /* NSInvocation+MPHelpers.m */ = {isa = PBXFileReference; fileEncoding = 4; lastKnownFileType = sourcecode.c.objc; path = "NSInvocation+MPHelpers.m"; sourceTree = "<group>"; };
		BC4E7DEA1A2DEAAC0095BF27 /* snapshot_config.json */ = {isa = PBXFileReference; fileEncoding = 4; lastKnownFileType = text.json; path = snapshot_config.json; sourceTree = "<group>"; };
		BC4E7DEB1A2DEAAC0095BF27 /* test_variant.json */ = {isa = PBXFileReference; fileEncoding = 4; lastKnownFileType = text.json; path = test_variant.json; sourceTree = "<group>"; };
		BC4E7DEC1A2DEAAC0095BF27 /* UIColor+MPColor.h */ = {isa = PBXFileReference; fileEncoding = 4; lastKnownFileType = sourcecode.c.h; path = "UIColor+MPColor.h"; sourceTree = "<group>"; };
		BC4E7DED1A2DEAAC0095BF27 /* UIColor+MPColor.m */ = {isa = PBXFileReference; fileEncoding = 4; lastKnownFileType = sourcecode.c.objc; path = "UIColor+MPColor.m"; sourceTree = "<group>"; };
		BC4E7DEE1A2DEAAC0095BF27 /* UIImage+MPAverageColor.h */ = {isa = PBXFileReference; fileEncoding = 4; lastKnownFileType = sourcecode.c.h; path = "UIImage+MPAverageColor.h"; sourceTree = "<group>"; };
		BC4E7DEF1A2DEAAC0095BF27 /* UIImage+MPAverageColor.m */ = {isa = PBXFileReference; fileEncoding = 4; lastKnownFileType = sourcecode.c.objc; path = "UIImage+MPAverageColor.m"; sourceTree = "<group>"; };
		BC4E7DF01A2DEAAC0095BF27 /* UIImage+MPImageEffects.h */ = {isa = PBXFileReference; fileEncoding = 4; lastKnownFileType = sourcecode.c.h; path = "UIImage+MPImageEffects.h"; sourceTree = "<group>"; };
		BC4E7DF11A2DEAAC0095BF27 /* UIImage+MPImageEffects.m */ = {isa = PBXFileReference; fileEncoding = 4; lastKnownFileType = sourcecode.c.objc; path = "UIImage+MPImageEffects.m"; sourceTree = "<group>"; };
		D2AAC07E0554694100DB518D /* libSeHyperlabMixpanel.a */ = {isa = PBXFileReference; explicitFileType = archive.ar; includeInIndex = 0; path = libSeHyperlabMixpanel.a; sourceTree = BUILT_PRODUCTS_DIR; };
/* End PBXFileReference section */

/* Begin PBXFrameworksBuildPhase section */
		37E7972A1C9B433500EF4330 /* Frameworks */ = {
			isa = PBXFrameworksBuildPhase;
			buildActionMask = 2147483647;
			files = (
				37E797361C9B435D00EF4330 /* CoreFoundation.framework in Frameworks */,
			);
			runOnlyForDeploymentPostprocessing = 0;
		};
		D2AAC07C0554694100DB518D /* Frameworks */ = {
			isa = PBXFrameworksBuildPhase;
			buildActionMask = 2147483647;
			files = (
				BB07B7CC18F4301A00305D36 /* Accelerate.framework in Frameworks */,
				BB07B7CA18F4301100305D36 /* CoreTelephony.framework in Frameworks */,
				BC4E7DF41A2DEAAC0095BF27 /* libMPCategoryHelpers.a in Frameworks */,
				BB07B7C818F4300800305D36 /* SystemConfiguration.framework in Frameworks */,
				BB07B7C618F42FFC00305D36 /* QuartzCore.framework in Frameworks */,
				BB07B7C418F42FED00305D36 /* CoreGraphics.framework in Frameworks */,
				BB07B7C218F42FA400305D36 /* UIKit.framework in Frameworks */,
				AACBBE4A0F95108600F1A2B1 /* Foundation.framework in Frameworks */,
			);
			runOnlyForDeploymentPostprocessing = 0;
		};
/* End PBXFrameworksBuildPhase section */

/* Begin PBXGroup section */
		034768DFFF38A50411DB9C8B /* Products */ = {
			isa = PBXGroup;
			children = (
				D2AAC07E0554694100DB518D /* libSeHyperlabMixpanel.a */,
				37E7972D1C9B433500EF4330 /* storyboards.bundle */,
			);
			name = Products;
			sourceTree = "<group>";
		};
		0867D691FE84028FC02AAC07 /* TiMixpanel */ = {
			isa = PBXGroup;
			children = (
				08FB77AEFE84172EC02AAC07 /* Classes */,
				32C88DFF0371C24200C91783 /* Other Sources */,
				37E7972E1C9B433500EF4330 /* storyboards */,
				0867D69AFE84028FC02AAC07 /* Frameworks */,
				034768DFFF38A50411DB9C8B /* Products */,
				BCA592FF19AF2F3400A30670 /* Vendor */,
			);
			name = TiMixpanel;
			sourceTree = "<group>";
		};
		0867D69AFE84028FC02AAC07 /* Frameworks */ = {
			isa = PBXGroup;
			children = (
				37E797351C9B435D00EF4330 /* CoreFoundation.framework */,
				BB07B7CB18F4301A00305D36 /* Accelerate.framework */,
				BB07B7C918F4301100305D36 /* CoreTelephony.framework */,
				BB07B7C718F4300800305D36 /* SystemConfiguration.framework */,
				BB07B7C518F42FFC00305D36 /* QuartzCore.framework */,
				BB07B7C318F42FED00305D36 /* CoreGraphics.framework */,
				BB07B7C118F42FA400305D36 /* UIKit.framework */,
				AACBBE490F95108600F1A2B1 /* Foundation.framework */,
			);
			name = Frameworks;
			sourceTree = "<group>";
		};
		08FB77AEFE84172EC02AAC07 /* Classes */ = {
			isa = PBXGroup;
			children = (
				24DE9E0F11C5FE74003F90F6 /* SeHyperlabMixpanelModuleAssets.h */,
				24DE9E1011C5FE74003F90F6 /* SeHyperlabMixpanelModuleAssets.m */,
				24DD6CF71134B3F500162E58 /* SeHyperlabMixpanelModule.h */,
				24DD6CF81134B3F500162E58 /* SeHyperlabMixpanelModule.m */,
			);
			name = Classes;
			sourceTree = "<group>";
		};
		32C88DFF0371C24200C91783 /* Other Sources */ = {
			isa = PBXGroup;
			children = (
				AA747D9E0F9514B9006C5449 /* SeHyperlabMixpanel_Prefix.pch */,
				24DD6D1B1134B66800162E58 /* titanium.xcconfig */,
			);
			name = "Other Sources";
			sourceTree = "<group>";
		};
		37E7972E1C9B433500EF4330 /* storyboards */ = {
			isa = PBXGroup;
			children = (
				37E7972F1C9B433500EF4330 /* Info.plist */,
			);
			path = storyboards;
			sourceTree = "<group>";
		};
		BC3B242A19D849480049B6A7 /* JRSwizzle */ = {
			isa = PBXGroup;
			children = (
				BC3B242B19D849480049B6A7 /* JRSwizzle.h */,
				BC3B242C19D849480049B6A7 /* JRSwizzle.m */,
			);
			name = JRSwizzle;
			path = Vendor/JRSwizzle;
			sourceTree = "<group>";
		};
		BC4E7D741A2DEAAB0095BF27 /* Mixpanel */ = {
			isa = PBXGroup;
			children = (
				BC4E7D751A2DEAAB0095BF27 /* _MPTweakBindObserver.h */,
				BC4E7D761A2DEAAB0095BF27 /* _MPTweakBindObserver.m */,
				BC4E7D771A2DEAAB0095BF27 /* libMPCategoryHelpers.a */,
				BC4E7D781A2DEAAB0095BF27 /* Media.xcassets */,
				BC4E7D791A2DEAAB0095BF27 /* Mixpanel.h */,
				BC4E7D7A1A2DEAAB0095BF27 /* Mixpanel.m */,
				BC4E7D7B1A2DEAAB0095BF27 /* MPAbstractABTestDesignerMessage.h */,
				BC4E7D7C1A2DEAAB0095BF27 /* MPAbstractABTestDesignerMessage.m */,
				BC4E7D7D1A2DEAAB0095BF27 /* MPABTestDesignerChangeRequestMessage.h */,
				BC4E7D7E1A2DEAAB0095BF27 /* MPABTestDesignerChangeRequestMessage.m */,
				BC4E7D7F1A2DEAAB0095BF27 /* MPABTestDesignerChangeResponseMessage.h */,
				BC4E7D801A2DEAAB0095BF27 /* MPABTestDesignerChangeResponseMessage.m */,
				BC4E7D811A2DEAAB0095BF27 /* MPABTestDesignerClearRequestMessage.h */,
				BC4E7D821A2DEAAB0095BF27 /* MPABTestDesignerClearRequestMessage.m */,
				BC4E7D831A2DEAAB0095BF27 /* MPABTestDesignerClearResponseMessage.h */,
				BC4E7D841A2DEAAB0095BF27 /* MPABTestDesignerClearResponseMessage.m */,
				BC4E7D851A2DEAAB0095BF27 /* MPABTestDesignerConnection.h */,
				BC4E7D861A2DEAAB0095BF27 /* MPABTestDesignerConnection.m */,
				BC4E7D871A2DEAAB0095BF27 /* MPABTestDesignerDeviceInfoRequestMessage.h */,
				BC4E7D881A2DEAAB0095BF27 /* MPABTestDesignerDeviceInfoRequestMessage.m */,
				BC4E7D891A2DEAAB0095BF27 /* MPABTestDesignerDeviceInfoResponseMessage.h */,
				BC4E7D8A1A2DEAAB0095BF27 /* MPABTestDesignerDeviceInfoResponseMessage.m */,
				BC4E7D8B1A2DEAAB0095BF27 /* MPABTestDesignerDisconnectMessage.h */,
				BC4E7D8C1A2DEAAB0095BF27 /* MPABTestDesignerDisconnectMessage.m */,
				BC4E7D8D1A2DEAAB0095BF27 /* MPABTestDesignerMessage.h */,
				BC4E7D8E1A2DEAAB0095BF27 /* MPABTestDesignerSnapshotRequestMessage.h */,
				BC4E7D8F1A2DEAAB0095BF27 /* MPABTestDesignerSnapshotRequestMessage.m */,
				BC4E7D901A2DEAAB0095BF27 /* MPABTestDesignerSnapshotResponseMessage.h */,
				BC4E7D911A2DEAAB0095BF27 /* MPABTestDesignerSnapshotResponseMessage.m */,
				BC4E7D921A2DEAAB0095BF27 /* MPABTestDesignerTweakRequestMessage.h */,
				BC4E7D931A2DEAAB0095BF27 /* MPABTestDesignerTweakRequestMessage.m */,
				BC4E7D941A2DEAAB0095BF27 /* MPABTestDesignerTweakResponseMessage.h */,
				BC4E7D951A2DEAAB0095BF27 /* MPABTestDesignerTweakResponseMessage.m */,
				BC4E7D961A2DEAAB0095BF27 /* MPApplicationStateSerializer.h */,
				BC4E7D971A2DEAAB0095BF27 /* MPApplicationStateSerializer.m */,
				BC4E7D981A2DEAAB0095BF27 /* MPBOOLToNSNumberValueTransformer.m */,
				BC4E7D991A2DEAAB0095BF27 /* MPCategoryHelpers.h */,
				BC4E7D9A1A2DEAAB0095BF27 /* MPCATransform3DToNSDictionaryValueTransformer.m */,
				BC4E7D9B1A2DEAAB0095BF27 /* MPCGAffineTransformToNSDictionaryValueTransformer.m */,
				BC4E7D9C1A2DEAAB0095BF27 /* MPCGColorRefToNSStringValueTransformer.m */,
				BC4E7D9D1A2DEAAB0095BF27 /* MPCGPointToNSDictionaryValueTransformer.m */,
				BC4E7D9E1A2DEAAB0095BF27 /* MPCGRectToNSDictionaryValueTransformer.m */,
				BC4E7D9F1A2DEAAC0095BF27 /* MPCGSizeToNSDictionaryValueTransformer.m */,
				BC4E7DA01A2DEAAC0095BF27 /* MPClassDescription.h */,
				BC4E7DA11A2DEAAC0095BF27 /* MPClassDescription.m */,
				BC4E7DA21A2DEAAC0095BF27 /* MPCloseBtn.png */,
				BC4E7DA31A2DEAAC0095BF27 /* MPCloseBtn@2x.png */,
				BC4E7DA41A2DEAAC0095BF27 /* MPDesignerEventBindingMessage.h */,
				BC4E7DA51A2DEAAC0095BF27 /* MPDesignerEventBindingRequestMesssage.m */,
				BC4E7DA61A2DEAAC0095BF27 /* MPDesignerEventBindingResponseMesssage.m */,
				BC4E7DA71A2DEAAC0095BF27 /* MPDesignerSessionCollection.h */,
				BC4E7DA81A2DEAAC0095BF27 /* MPDesignerTrackMessage.m */,
				BC4E7DA91A2DEAAC0095BF27 /* MPEnumDescription.h */,
				BC4E7DAA1A2DEAAC0095BF27 /* MPEnumDescription.m */,
				BC4E7DAB1A2DEAAC0095BF27 /* MPEventBinding.h */,
				BC4E7DAC1A2DEAAC0095BF27 /* MPEventBinding.m */,
				BC4E7DAD1A2DEAAC0095BF27 /* MPLogging.h */,
				BC4E7DAE1A2DEAAC0095BF27 /* MPNotification.h */,
				BC4E7DAF1A2DEAAC0095BF27 /* MPNotification.m */,
				BC4E7DB01A2DEAAC0095BF27 /* MPNotification.storyboard */,
				BC4E7DB11A2DEAAC0095BF27 /* MPNotificationViewController.h */,
				BC4E7DB21A2DEAAC0095BF27 /* MPNotificationViewController.m */,
				BC4E7DB31A2DEAAC0095BF27 /* MPNSAttributedStringToNSDictionaryValueTransformer.m */,
				BC4E7DB41A2DEAAC0095BF27 /* MPNSNumberToCGFloatValueTransformer.m */,
				BC4E7DB51A2DEAAC0095BF27 /* MPObjectIdentifierProvider.h */,
				BC4E7DB61A2DEAAC0095BF27 /* MPObjectIdentityProvider.h */,
				BC4E7DB71A2DEAAC0095BF27 /* MPObjectIdentityProvider.m */,
				BC4E7DB81A2DEAAC0095BF27 /* MPObjectSelector.h */,
				BC4E7DB91A2DEAAC0095BF27 /* MPObjectSelector.m */,
				BC4E7DBA1A2DEAAC0095BF27 /* MPObjectSerializer.h */,
				BC4E7DBB1A2DEAAC0095BF27 /* MPObjectSerializer.m */,
				BC4E7DBC1A2DEAAC0095BF27 /* MPObjectSerializerConfig.h */,
				BC4E7DBD1A2DEAAC0095BF27 /* MPObjectSerializerConfig.m */,
				BC4E7DBE1A2DEAAC0095BF27 /* MPObjectSerializerContext.h */,
				BC4E7DBF1A2DEAAC0095BF27 /* MPObjectSerializerContext.m */,
				BC4E7DC01A2DEAAC0095BF27 /* MPPassThroughValueTransformer.m */,
				BC4E7DC11A2DEAAC0095BF27 /* MPPropertyDescription.h */,
				BC4E7DC21A2DEAAC0095BF27 /* MPPropertyDescription.m */,
				BC4E7DC31A2DEAAC0095BF27 /* MPSequenceGenerator.h */,
				BC4E7DC41A2DEAAC0095BF27 /* MPSequenceGenerator.m */,
				BC4E7DC51A2DEAAC0095BF27 /* MPSurvey.h */,
				BC4E7DC61A2DEAAC0095BF27 /* MPSurvey.m */,
				BC4E7DC71A2DEAAC0095BF27 /* MPSurvey.storyboard */,
				BC4E7DC81A2DEAAC0095BF27 /* MPSurveyNavigationController.h */,
				BC4E7DC91A2DEAAC0095BF27 /* MPSurveyNavigationController.m */,
				BC4E7DCA1A2DEAAC0095BF27 /* MPSurveyQuestion.h */,
				BC4E7DCB1A2DEAAC0095BF27 /* MPSurveyQuestion.m */,
				BC4E7DCC1A2DEAAC0095BF27 /* MPSurveyQuestionViewController.h */,
				BC4E7DCD1A2DEAAC0095BF27 /* MPSurveyQuestionViewController.m */,
				BC4E7DCE1A2DEAAC0095BF27 /* MPSwizzler.h */,
				BC4E7DCF1A2DEAAC0095BF27 /* MPSwizzler.m */,
				BC4E7DD01A2DEAAC0095BF27 /* MPTweak.h */,
				BC4E7DD11A2DEAAC0095BF27 /* MPTweak.m */,
				BC4E7DD21A2DEAAC0095BF27 /* MPTweakInline.h */,
				BC4E7DD31A2DEAAC0095BF27 /* MPTweakInline.m */,
				BC4E7DD41A2DEAAC0095BF27 /* MPTweakInlineInternal.h */,
				BC4E7DD51A2DEAAC0095BF27 /* MPTweakStore.h */,
				BC4E7DD61A2DEAAC0095BF27 /* MPTweakStore.m */,
				BC4E7DD71A2DEAAC0095BF27 /* MPTypeDescription.h */,
				BC4E7DD81A2DEAAC0095BF27 /* MPTypeDescription.m */,
				BC4E7DD91A2DEAAC0095BF27 /* MPUIColorToNSStringValueTransformer.m */,
				BC4E7DDA1A2DEAAC0095BF27 /* MPUIControlBinding.h */,
				BC4E7DDB1A2DEAAC0095BF27 /* MPUIControlBinding.m */,
				BC4E7DDC1A2DEAAC0095BF27 /* MPUIEdgeInsetsToNSDictionaryValueTransformer.m */,
				BC4E7DDD1A2DEAAC0095BF27 /* MPUIFontToNSDictionaryValueTransformer.m */,
				BC4E7DDE1A2DEAAC0095BF27 /* MPUIImageToNSDictionaryValueTransformer.m */,
				BC4E7DDF1A2DEAAC0095BF27 /* MPUITableViewBinding.h */,
				BC4E7DE01A2DEAAC0095BF27 /* MPUITableViewBinding.m */,
				BC4E7DE11A2DEAAC0095BF27 /* MPValueTransformers.h */,
				BC4E7DE21A2DEAAC0095BF27 /* MPVariant.h */,
				BC4E7DE31A2DEAAC0095BF27 /* MPVariant.m */,
				BC4E7DE41A2DEAAC0095BF27 /* MPWebSocket.h */,
				BC4E7DE51A2DEAAC0095BF27 /* MPWebSocket.m */,
				BC4E7DE61A2DEAAC0095BF27 /* NSData+MPBase64.h */,
				BC4E7DE71A2DEAAC0095BF27 /* NSData+MPBase64.m */,
				BC4E7DE81A2DEAAC0095BF27 /* NSInvocation+MPHelpers.h */,
				BC4E7DE91A2DEAAC0095BF27 /* NSInvocation+MPHelpers.m */,
				BC4E7DEA1A2DEAAC0095BF27 /* snapshot_config.json */,
				BC4E7DEB1A2DEAAC0095BF27 /* test_variant.json */,
				BC4E7DEC1A2DEAAC0095BF27 /* UIColor+MPColor.h */,
				BC4E7DED1A2DEAAC0095BF27 /* UIColor+MPColor.m */,
				BC4E7DEE1A2DEAAC0095BF27 /* UIImage+MPAverageColor.h */,
				BC4E7DEF1A2DEAAC0095BF27 /* UIImage+MPAverageColor.m */,
				BC4E7DF01A2DEAAC0095BF27 /* UIImage+MPImageEffects.h */,
				BC4E7DF11A2DEAAC0095BF27 /* UIImage+MPImageEffects.m */,
			);
			name = Mixpanel;
			path = Vendor/Mixpanel;
			sourceTree = "<group>";
		};
		BCA592FF19AF2F3400A30670 /* Vendor */ = {
			isa = PBXGroup;
			children = (
				BC4E7D741A2DEAAB0095BF27 /* Mixpanel */,
				BC3B242A19D849480049B6A7 /* JRSwizzle */,
			);
			name = Vendor;
			sourceTree = "<group>";
		};
/* End PBXGroup section */

/* Begin PBXHeadersBuildPhase section */
		D2AAC07A0554694100DB518D /* Headers */ = {
			isa = PBXHeadersBuildPhase;
			buildActionMask = 2147483647;
			files = (
				BC4E7E3C1A2DEAAC0095BF27 /* MPSequenceGenerator.h in Headers */,
				BC4E7E371A2DEAAC0095BF27 /* MPObjectSerializerContext.h in Headers */,
				BC4E7E661A2DEAAC0095BF27 /* UIImage+MPImageEffects.h in Headers */,
				BC4E7DF71A2DEAAC0095BF27 /* MPAbstractABTestDesignerMessage.h in Headers */,
				BC4E7E621A2DEAAC0095BF27 /* UIColor+MPColor.h in Headers */,
				BC4E7E251A2DEAAC0095BF27 /* MPEventBinding.h in Headers */,
				BC4E7E231A2DEAAC0095BF27 /* MPEnumDescription.h in Headers */,
				BC4E7E2E1A2DEAAC0095BF27 /* MPObjectIdentifierProvider.h in Headers */,
				BC4E7E101A2DEAAC0095BF27 /* MPABTestDesignerTweakResponseMessage.h in Headers */,
				BC4E7E641A2DEAAC0095BF27 /* UIImage+MPAverageColor.h in Headers */,
				BC4E7E461A2DEAAC0095BF27 /* MPSwizzler.h in Headers */,
				BC4E7E481A2DEAAC0095BF27 /* MPTweak.h in Headers */,
				BC4E7E4D1A2DEAAC0095BF27 /* MPTweakStore.h in Headers */,
				BC4E7DF91A2DEAAC0095BF27 /* MPABTestDesignerChangeRequestMessage.h in Headers */,
				BC4E7DFF1A2DEAAC0095BF27 /* MPABTestDesignerClearResponseMessage.h in Headers */,
				BC4E7E031A2DEAAC0095BF27 /* MPABTestDesignerDeviceInfoRequestMessage.h in Headers */,
				BC4E7E1E1A2DEAAC0095BF27 /* MPDesignerEventBindingMessage.h in Headers */,
				BC4E7E0C1A2DEAAC0095BF27 /* MPABTestDesignerSnapshotResponseMessage.h in Headers */,
				BC4E7E271A2DEAAC0095BF27 /* MPLogging.h in Headers */,
				BC4E7DF51A2DEAAC0095BF27 /* Mixpanel.h in Headers */,
				BC4E7E441A2DEAAC0095BF27 /* MPSurveyQuestionViewController.h in Headers */,
				BC4E7E331A2DEAAC0095BF27 /* MPObjectSerializer.h in Headers */,
				BC4E7E3A1A2DEAAC0095BF27 /* MPPropertyDescription.h in Headers */,
				BC4E7E1C1A2DEAAC0095BF27 /* MPClassDescription.h in Headers */,
				BC4E7E591A2DEAAC0095BF27 /* MPValueTransformers.h in Headers */,
				BC4E7E121A2DEAAC0095BF27 /* MPApplicationStateSerializer.h in Headers */,
				BC4E7E281A2DEAAC0095BF27 /* MPNotification.h in Headers */,
				BC4E7E0A1A2DEAAC0095BF27 /* MPABTestDesignerSnapshotRequestMessage.h in Headers */,
				BC4E7E311A2DEAAC0095BF27 /* MPObjectSelector.h in Headers */,
				BC4E7E571A2DEAAC0095BF27 /* MPUITableViewBinding.h in Headers */,
				BC4E7E091A2DEAAC0095BF27 /* MPABTestDesignerMessage.h in Headers */,
				AA747D9F0F9514B9006C5449 /* SeHyperlabMixpanel_Prefix.pch in Headers */,
				BC4E7E4A1A2DEAAC0095BF27 /* MPTweakInline.h in Headers */,
				BC4E7E071A2DEAAC0095BF27 /* MPABTestDesignerDisconnectMessage.h in Headers */,
				BC4E7E051A2DEAAC0095BF27 /* MPABTestDesignerDeviceInfoResponseMessage.h in Headers */,
				BC4E7E521A2DEAAC0095BF27 /* MPUIControlBinding.h in Headers */,
				BC4E7DFB1A2DEAAC0095BF27 /* MPABTestDesignerChangeResponseMessage.h in Headers */,
				24DD6CF91134B3F500162E58 /* SeHyperlabMixpanelModule.h in Headers */,
				BC4E7E211A2DEAAC0095BF27 /* MPDesignerSessionCollection.h in Headers */,
				BC3B242D19D849480049B6A7 /* JRSwizzle.h in Headers */,
				BC4E7DF21A2DEAAC0095BF27 /* _MPTweakBindObserver.h in Headers */,
				BC4E7E4C1A2DEAAC0095BF27 /* MPTweakInlineInternal.h in Headers */,
				BC4E7E351A2DEAAC0095BF27 /* MPObjectSerializerConfig.h in Headers */,
				BC4E7E2F1A2DEAAC0095BF27 /* MPObjectIdentityProvider.h in Headers */,
				BC4E7E421A2DEAAC0095BF27 /* MPSurveyQuestion.h in Headers */,
				24DE9E1111C5FE74003F90F6 /* SeHyperlabMixpanelModuleAssets.h in Headers */,
				BC4E7E5E1A2DEAAC0095BF27 /* NSData+MPBase64.h in Headers */,
				BC4E7E0E1A2DEAAC0095BF27 /* MPABTestDesignerTweakRequestMessage.h in Headers */,
				BC4E7E151A2DEAAC0095BF27 /* MPCategoryHelpers.h in Headers */,
				BC4E7E5C1A2DEAAC0095BF27 /* MPWebSocket.h in Headers */,
				BC4E7E401A2DEAAC0095BF27 /* MPSurveyNavigationController.h in Headers */,
				BC4E7DFD1A2DEAAC0095BF27 /* MPABTestDesignerClearRequestMessage.h in Headers */,
				BC4E7E4F1A2DEAAC0095BF27 /* MPTypeDescription.h in Headers */,
				BC4E7E601A2DEAAC0095BF27 /* NSInvocation+MPHelpers.h in Headers */,
				BC4E7E011A2DEAAC0095BF27 /* MPABTestDesignerConnection.h in Headers */,
				BC4E7E2A1A2DEAAC0095BF27 /* MPNotificationViewController.h in Headers */,
				BC4E7E3E1A2DEAAC0095BF27 /* MPSurvey.h in Headers */,
				BC4E7E5A1A2DEAAC0095BF27 /* MPVariant.h in Headers */,
			);
			runOnlyForDeploymentPostprocessing = 0;
		};
/* End PBXHeadersBuildPhase section */

/* Begin PBXNativeTarget section */
		37E7972C1C9B433500EF4330 /* storyboards */ = {
			isa = PBXNativeTarget;
			buildConfigurationList = 37E797301C9B433500EF4330 /* Build configuration list for PBXNativeTarget "storyboards" */;
			buildPhases = (
				37E797291C9B433500EF4330 /* Sources */,
				37E7972A1C9B433500EF4330 /* Frameworks */,
				37E7972B1C9B433500EF4330 /* Resources */,
			);
			buildRules = (
			);
			dependencies = (
			);
			name = storyboards;
			productName = storyboards;
			productReference = 37E7972D1C9B433500EF4330 /* storyboards.bundle */;
			productType = "com.apple.product-type.bundle";
		};
		D2AAC07D0554694100DB518D /* TiMixpanel */ = {
			isa = PBXNativeTarget;
			buildConfigurationList = 1DEB921E08733DC00010E9CD /* Build configuration list for PBXNativeTarget "TiMixpanel" */;
			buildPhases = (
				BB8F32701A8B65620026358A /* ShellScript */,
				D2AAC07A0554694100DB518D /* Headers */,
				D2AAC07B0554694100DB518D /* Sources */,
				D2AAC07C0554694100DB518D /* Frameworks */,
			);
			buildRules = (
			);
			dependencies = (
				37E797391C9B442D00EF4330 /* PBXTargetDependency */,
			);
			name = TiMixpanel;
			productName = TiMixpanel;
			productReference = D2AAC07E0554694100DB518D /* libSeHyperlabMixpanel.a */;
			productType = "com.apple.product-type.library.static";
		};
/* End PBXNativeTarget section */

/* Begin PBXProject section */
		0867D690FE84028FC02AAC07 /* Project object */ = {
			isa = PBXProject;
			attributes = {
				LastUpgradeCheck = 0610;
				TargetAttributes = {
					37E7972C1C9B433500EF4330 = {
						CreatedOnToolsVersion = 7.2.1;
					};
				};
			};
			buildConfigurationList = 1DEB922208733DC00010E9CD /* Build configuration list for PBXProject "TiMixpanel" */;
			compatibilityVersion = "Xcode 3.2";
			developmentRegion = English;
			hasScannedForEncodings = 1;
			knownRegions = (
				English,
				Japanese,
				French,
				German,
			);
			mainGroup = 0867D691FE84028FC02AAC07 /* TiMixpanel */;
			productRefGroup = 034768DFFF38A50411DB9C8B /* Products */;
			projectDirPath = "";
			projectRoot = "";
			targets = (
				D2AAC07D0554694100DB518D /* TiMixpanel */,
				24416B8111C4CA220047AFDD /* Build & Test */,
				37E7972C1C9B433500EF4330 /* storyboards */,
			);
		};
/* End PBXProject section */

/* Begin PBXResourcesBuildPhase section */
		37E7972B1C9B433500EF4330 /* Resources */ = {
			isa = PBXResourcesBuildPhase;
			buildActionMask = 2147483647;
			files = (
				374CC4421C9C7F5100505E0E /* Media.xcassets in Resources */,
				37E797331C9B435200EF4330 /* MPNotification.storyboard in Resources */,
				37E797341C9B435200EF4330 /* MPSurvey.storyboard in Resources */,
			);
			runOnlyForDeploymentPostprocessing = 0;
		};
/* End PBXResourcesBuildPhase section */

/* Begin PBXShellScriptBuildPhase section */
		24416B8011C4CA220047AFDD /* ShellScript */ = {
			isa = PBXShellScriptBuildPhase;
			buildActionMask = 2147483647;
			files = (
			);
			inputPaths = (
			);
			outputPaths = (
			);
			runOnlyForDeploymentPostprocessing = 0;
			shellPath = /bin/sh;
			shellScript = "# shell script goes here\n\npython \"${TITANIUM_SDK}/titanium.py\" run --dir=\"${PROJECT_DIR}\"\nexit $?\n";
		};
		BB8F32701A8B65620026358A /* ShellScript */ = {
			isa = PBXShellScriptBuildPhase;
			buildActionMask = 2147483647;
			files = (
			);
			inputPaths = (
			);
			outputPaths = (
			);
			runOnlyForDeploymentPostprocessing = 0;
			shellPath = "/bin/sh compile-storyboards.sh";
			shellScript = "";
		};
/* End PBXShellScriptBuildPhase section */

/* Begin PBXSourcesBuildPhase section */
		37E797291C9B433500EF4330 /* Sources */ = {
			isa = PBXSourcesBuildPhase;
			buildActionMask = 2147483647;
			files = (
			);
			runOnlyForDeploymentPostprocessing = 0;
		};
		D2AAC07B0554694100DB518D /* Sources */ = {
			isa = PBXSourcesBuildPhase;
			buildActionMask = 2147483647;
			files = (
				37E7973A1C9B4EE900EF4330 /* storyboards.bundle in Sources */,
				BC4E7E341A2DEAAC0095BF27 /* MPObjectSerializer.m in Sources */,
				BC4E7E3B1A2DEAAC0095BF27 /* MPPropertyDescription.m in Sources */,
				BC4E7E2B1A2DEAAC0095BF27 /* MPNotificationViewController.m in Sources */,
				BC4E7E241A2DEAAC0095BF27 /* MPEnumDescription.m in Sources */,
				BC4E7E561A2DEAAC0095BF27 /* MPUIImageToNSDictionaryValueTransformer.m in Sources */,
				BC4E7E391A2DEAAC0095BF27 /* MPPassThroughValueTransformer.m in Sources */,
				BC4E7E131A2DEAAC0095BF27 /* MPApplicationStateSerializer.m in Sources */,
				BC4E7E0B1A2DEAAC0095BF27 /* MPABTestDesignerSnapshotRequestMessage.m in Sources */,
				BC4E7E201A2DEAAC0095BF27 /* MPDesignerEventBindingResponseMesssage.m in Sources */,
				BC4E7E471A2DEAAC0095BF27 /* MPSwizzler.m in Sources */,
				BC4E7E541A2DEAAC0095BF27 /* MPUIEdgeInsetsToNSDictionaryValueTransformer.m in Sources */,
				BC4E7E221A2DEAAC0095BF27 /* MPDesignerTrackMessage.m in Sources */,
				BC4E7E3F1A2DEAAC0095BF27 /* MPSurvey.m in Sources */,
				BC4E7E671A2DEAAC0095BF27 /* UIImage+MPImageEffects.m in Sources */,
				BC4E7E261A2DEAAC0095BF27 /* MPEventBinding.m in Sources */,
				BC4E7E431A2DEAAC0095BF27 /* MPSurveyQuestion.m in Sources */,
				24DD6CFA1134B3F500162E58 /* SeHyperlabMixpanelModule.m in Sources */,
				BC4E7E631A2DEAAC0095BF27 /* UIColor+MPColor.m in Sources */,
				BC4E7E5B1A2DEAAC0095BF27 /* MPVariant.m in Sources */,
				BC4E7DFA1A2DEAAC0095BF27 /* MPABTestDesignerChangeRequestMessage.m in Sources */,
				BC4E7E061A2DEAAC0095BF27 /* MPABTestDesignerDeviceInfoResponseMessage.m in Sources */,
				24DE9E1211C5FE74003F90F6 /* SeHyperlabMixpanelModuleAssets.m in Sources */,
				BC4E7DFE1A2DEAAC0095BF27 /* MPABTestDesignerClearRequestMessage.m in Sources */,
				BC4E7E111A2DEAAC0095BF27 /* MPABTestDesignerTweakResponseMessage.m in Sources */,
				BC4E7E1D1A2DEAAC0095BF27 /* MPClassDescription.m in Sources */,
				BC4E7E041A2DEAAC0095BF27 /* MPABTestDesignerDeviceInfoRequestMessage.m in Sources */,
				BC4E7E301A2DEAAC0095BF27 /* MPObjectIdentityProvider.m in Sources */,
				BC4E7E361A2DEAAC0095BF27 /* MPObjectSerializerConfig.m in Sources */,
				BC4E7E611A2DEAAC0095BF27 /* NSInvocation+MPHelpers.m in Sources */,
				BC4E7DF81A2DEAAC0095BF27 /* MPAbstractABTestDesignerMessage.m in Sources */,
				BC4E7E0F1A2DEAAC0095BF27 /* MPABTestDesignerTweakRequestMessage.m in Sources */,
				BC4E7E501A2DEAAC0095BF27 /* MPTypeDescription.m in Sources */,
				BC4E7E381A2DEAAC0095BF27 /* MPObjectSerializerContext.m in Sources */,
				BC4E7E141A2DEAAC0095BF27 /* MPBOOLToNSNumberValueTransformer.m in Sources */,
				BC4E7DF31A2DEAAC0095BF27 /* _MPTweakBindObserver.m in Sources */,
				BC4E7E3D1A2DEAAC0095BF27 /* MPSequenceGenerator.m in Sources */,
				BC4E7E161A2DEAAC0095BF27 /* MPCATransform3DToNSDictionaryValueTransformer.m in Sources */,
				BC4E7E1A1A2DEAAC0095BF27 /* MPCGRectToNSDictionaryValueTransformer.m in Sources */,
				BC4E7E551A2DEAAC0095BF27 /* MPUIFontToNSDictionaryValueTransformer.m in Sources */,
				BC4E7E1B1A2DEAAC0095BF27 /* MPCGSizeToNSDictionaryValueTransformer.m in Sources */,
				BC4E7E0D1A2DEAAC0095BF27 /* MPABTestDesignerSnapshotResponseMessage.m in Sources */,
				BC4E7E321A2DEAAC0095BF27 /* MPObjectSelector.m in Sources */,
				BC4E7E581A2DEAAC0095BF27 /* MPUITableViewBinding.m in Sources */,
				BC4E7E531A2DEAAC0095BF27 /* MPUIControlBinding.m in Sources */,
				BC4E7E411A2DEAAC0095BF27 /* MPSurveyNavigationController.m in Sources */,
				BC4E7E181A2DEAAC0095BF27 /* MPCGColorRefToNSStringValueTransformer.m in Sources */,
				BC4E7DFC1A2DEAAC0095BF27 /* MPABTestDesignerChangeResponseMessage.m in Sources */,
				BC4E7E001A2DEAAC0095BF27 /* MPABTestDesignerClearResponseMessage.m in Sources */,
				BC4E7E4B1A2DEAAC0095BF27 /* MPTweakInline.m in Sources */,
				BC4E7E4E1A2DEAAC0095BF27 /* MPTweakStore.m in Sources */,
				BC4E7E2C1A2DEAAC0095BF27 /* MPNSAttributedStringToNSDictionaryValueTransformer.m in Sources */,
				BC4E7DF61A2DEAAC0095BF27 /* Mixpanel.m in Sources */,
				BC4E7E021A2DEAAC0095BF27 /* MPABTestDesignerConnection.m in Sources */,
				BC4E7E081A2DEAAC0095BF27 /* MPABTestDesignerDisconnectMessage.m in Sources */,
				BC4E7E291A2DEAAC0095BF27 /* MPNotification.m in Sources */,
				BC4E7E451A2DEAAC0095BF27 /* MPSurveyQuestionViewController.m in Sources */,
				BC4E7E171A2DEAAC0095BF27 /* MPCGAffineTransformToNSDictionaryValueTransformer.m in Sources */,
				BC4E7E5F1A2DEAAC0095BF27 /* NSData+MPBase64.m in Sources */,
				BC3B242E19D849480049B6A7 /* JRSwizzle.m in Sources */,
				BC4E7E651A2DEAAC0095BF27 /* UIImage+MPAverageColor.m in Sources */,
				BC4E7E1F1A2DEAAC0095BF27 /* MPDesignerEventBindingRequestMesssage.m in Sources */,
				BC4E7E491A2DEAAC0095BF27 /* MPTweak.m in Sources */,
				BC4E7E511A2DEAAC0095BF27 /* MPUIColorToNSStringValueTransformer.m in Sources */,
				BC4E7E2D1A2DEAAC0095BF27 /* MPNSNumberToCGFloatValueTransformer.m in Sources */,
				BC4E7E191A2DEAAC0095BF27 /* MPCGPointToNSDictionaryValueTransformer.m in Sources */,
				BC4E7E5D1A2DEAAC0095BF27 /* MPWebSocket.m in Sources */,
			);
			runOnlyForDeploymentPostprocessing = 0;
		};
/* End PBXSourcesBuildPhase section */

/* Begin PBXTargetDependency section */
		24416B8511C4CA280047AFDD /* PBXTargetDependency */ = {
			isa = PBXTargetDependency;
			target = D2AAC07D0554694100DB518D /* TiMixpanel */;
			targetProxy = 24416B8411C4CA280047AFDD /* PBXContainerItemProxy */;
		};
		37E797391C9B442D00EF4330 /* PBXTargetDependency */ = {
			isa = PBXTargetDependency;
			target = 37E7972C1C9B433500EF4330 /* storyboards */;
			targetProxy = 37E797381C9B442D00EF4330 /* PBXContainerItemProxy */;
		};
/* End PBXTargetDependency section */

/* Begin XCBuildConfiguration section */
		1DEB921F08733DC00010E9CD /* Debug */ = {
			isa = XCBuildConfiguration;
			baseConfigurationReference = 24DD6D1B1134B66800162E58 /* titanium.xcconfig */;
			buildSettings = {
				CLANG_ENABLE_OBJC_ARC = YES;
				CODE_SIGN_IDENTITY = "iPhone Developer";
				"CODE_SIGN_IDENTITY[sdk=iphoneos*]" = "iPhone Developer";
				DSTROOT = /tmp/SeHyperlabMixpanel.dst;
				GCC_C_LANGUAGE_STANDARD = c99;
				GCC_OPTIMIZATION_LEVEL = 0;
				GCC_PRECOMPILE_PREFIX_HEADER = YES;
				GCC_PREFIX_HEADER = SeHyperlabMixpanel_Prefix.pch;
				GCC_PREPROCESSOR_DEFINITIONS = "TI_VERSION=$(TI_VERSION)";
				GCC_TREAT_WARNINGS_AS_ERRORS = NO;
				GCC_VERSION = "";
				GCC_WARN_ABOUT_RETURN_TYPE = NO;
				GCC_WARN_MISSING_PARENTHESES = NO;
				GCC_WARN_SHADOW = NO;
				GCC_WARN_STRICT_SELECTOR_MATCH = NO;
				GCC_WARN_UNUSED_FUNCTION = YES;
				GCC_WARN_UNUSED_PARAMETER = NO;
				GCC_WARN_UNUSED_VALUE = NO;
				GCC_WARN_UNUSED_VARIABLE = NO;
				INSTALL_PATH = /usr/local/lib;
				IPHONEOS_DEPLOYMENT_TARGET = 7.0;
				LIBRARY_SEARCH_PATHS = "$(PROJECT_DIR)/Vendor/Mixpanel";
				OTHER_CFLAGS = (
					"-DDEBUG",
					"-DTI_POST_1_2",
				);
				OTHER_LDFLAGS = "-ObjC";
				PRODUCT_NAME = SeHyperlabMixpanel;
				PROVISIONING_PROFILE = "";
				"PROVISIONING_PROFILE[sdk=iphoneos*]" = "";
				RUN_CLANG_STATIC_ANALYZER = NO;
				SDKROOT = iphoneos;
				USER_HEADER_SEARCH_PATHS = "";
			};
			name = Debug;
		};
		1DEB922008733DC00010E9CD /* Release */ = {
			isa = XCBuildConfiguration;
			baseConfigurationReference = 24DD6D1B1134B66800162E58 /* titanium.xcconfig */;
			buildSettings = {
				ALWAYS_SEARCH_USER_PATHS = NO;
				CLANG_ENABLE_OBJC_ARC = YES;
				DSTROOT = /tmp/SeHyperlabMixpanel.dst;
				GCC_C_LANGUAGE_STANDARD = c99;
				GCC_MODEL_TUNING = G5;
				GCC_PRECOMPILE_PREFIX_HEADER = YES;
				GCC_PREFIX_HEADER = SeHyperlabMixpanel_Prefix.pch;
				GCC_PREPROCESSOR_DEFINITIONS = "TI_VERSION=$(TI_VERSION)";
				GCC_TREAT_WARNINGS_AS_ERRORS = NO;
				GCC_VERSION = "";
				GCC_WARN_ABOUT_RETURN_TYPE = NO;
				GCC_WARN_MISSING_PARENTHESES = NO;
				GCC_WARN_SHADOW = NO;
				GCC_WARN_STRICT_SELECTOR_MATCH = NO;
				GCC_WARN_UNUSED_FUNCTION = YES;
				GCC_WARN_UNUSED_PARAMETER = NO;
				GCC_WARN_UNUSED_VALUE = NO;
				GCC_WARN_UNUSED_VARIABLE = NO;
				INSTALL_PATH = /usr/local/lib;
				IPHONEOS_DEPLOYMENT_TARGET = 7.0;
				LIBRARY_SEARCH_PATHS = "$(PROJECT_DIR)/Vendor/Mixpanel";
				OTHER_CFLAGS = "-DTI_POST_1_2";
				OTHER_LDFLAGS = "-ObjC";
				PRODUCT_NAME = SeHyperlabMixpanel;
				RUN_CLANG_STATIC_ANALYZER = NO;
				SDKROOT = iphoneos;
				USER_HEADER_SEARCH_PATHS = "";
			};
			name = Release;
		};
		1DEB922308733DC00010E9CD /* Debug */ = {
			isa = XCBuildConfiguration;
			baseConfigurationReference = 24DD6D1B1134B66800162E58 /* titanium.xcconfig */;
			buildSettings = {
				CODE_SIGN_IDENTITY = "iPhone Developer";
				"CODE_SIGN_IDENTITY[sdk=iphoneos*]" = "iPhone Developer";
				DSTROOT = /tmp/SeHyperlabMixpanel.dst;
				GCC_C_LANGUAGE_STANDARD = c99;
				GCC_OPTIMIZATION_LEVEL = 0;
				GCC_PRECOMPILE_PREFIX_HEADER = YES;
				GCC_PREFIX_HEADER = SeHyperlabMixpanel_Prefix.pch;
				GCC_PREPROCESSOR_DEFINITIONS = "TI_VERSION=$(TI_VERSION)";
				GCC_TREAT_WARNINGS_AS_ERRORS = NO;
				GCC_VERSION = "";
				GCC_WARN_ABOUT_RETURN_TYPE = NO;
				GCC_WARN_MISSING_PARENTHESES = NO;
				GCC_WARN_SHADOW = NO;
				GCC_WARN_STRICT_SELECTOR_MATCH = NO;
				GCC_WARN_UNUSED_FUNCTION = YES;
				GCC_WARN_UNUSED_PARAMETER = NO;
				GCC_WARN_UNUSED_VALUE = NO;
				GCC_WARN_UNUSED_VARIABLE = NO;
				INSTALL_PATH = /usr/local/lib;
				ONLY_ACTIVE_ARCH = YES;
				OTHER_CFLAGS = (
					"-DDEBUG",
					"-DTI_POST_1_2",
				);
				OTHER_LDFLAGS = "-ObjC";
				PRODUCT_NAME = SeHyperlabMixpanel;
				PROVISIONING_PROFILE = "";
				"PROVISIONING_PROFILE[sdk=iphoneos*]" = "";
				RUN_CLANG_STATIC_ANALYZER = NO;
				SDKROOT = iphoneos;
				USER_HEADER_SEARCH_PATHS = "";
			};
			name = Debug;
		};
		1DEB922408733DC00010E9CD /* Release */ = {
			isa = XCBuildConfiguration;
			baseConfigurationReference = 24DD6D1B1134B66800162E58 /* titanium.xcconfig */;
			buildSettings = {
				ALWAYS_SEARCH_USER_PATHS = NO;
				DSTROOT = /tmp/SeHyperlabMixpanel.dst;
				GCC_C_LANGUAGE_STANDARD = c99;
				GCC_MODEL_TUNING = G5;
				GCC_PRECOMPILE_PREFIX_HEADER = YES;
				GCC_PREFIX_HEADER = SeHyperlabMixpanel_Prefix.pch;
				GCC_PREPROCESSOR_DEFINITIONS = "TI_VERSION=$(TI_VERSION)";
				GCC_TREAT_WARNINGS_AS_ERRORS = NO;
				GCC_VERSION = "";
				GCC_WARN_ABOUT_RETURN_TYPE = NO;
				GCC_WARN_MISSING_PARENTHESES = NO;
				GCC_WARN_SHADOW = NO;
				GCC_WARN_STRICT_SELECTOR_MATCH = NO;
				GCC_WARN_UNUSED_FUNCTION = YES;
				GCC_WARN_UNUSED_PARAMETER = NO;
				GCC_WARN_UNUSED_VALUE = NO;
				GCC_WARN_UNUSED_VARIABLE = NO;
				INSTALL_PATH = /usr/local/lib;
				IPHONEOS_DEPLOYMENT_TARGET = 6.0;
				OTHER_CFLAGS = "-DTI_POST_1_2";
				OTHER_LDFLAGS = "-ObjC";
				PRODUCT_NAME = SeHyperlabMixpanel;
				RUN_CLANG_STATIC_ANALYZER = NO;
				SDKROOT = iphoneos;
				USER_HEADER_SEARCH_PATHS = "";
			};
			name = Release;
		};
		24416B8211C4CA220047AFDD /* Debug */ = {
			isa = XCBuildConfiguration;
			baseConfigurationReference = 24DD6D1B1134B66800162E58 /* titanium.xcconfig */;
			buildSettings = {
				COPY_PHASE_STRIP = NO;
				GCC_DYNAMIC_NO_PIC = NO;
				GCC_OPTIMIZATION_LEVEL = 0;
				PRODUCT_NAME = "Build & test";
			};
			name = Debug;
		};
		24416B8311C4CA220047AFDD /* Release */ = {
			isa = XCBuildConfiguration;
			baseConfigurationReference = 24DD6D1B1134B66800162E58 /* titanium.xcconfig */;
			buildSettings = {
				COPY_PHASE_STRIP = YES;
				DEBUG_INFORMATION_FORMAT = "dwarf-with-dsym";
				GCC_ENABLE_FIX_AND_CONTINUE = NO;
				PRODUCT_NAME = "Build & test";
				ZERO_LINK = NO;
			};
			name = Release;
		};
		37E797311C9B433500EF4330 /* Debug */ = {
			isa = XCBuildConfiguration;
			buildSettings = {
				ALWAYS_SEARCH_USER_PATHS = NO;
				CLANG_CXX_LANGUAGE_STANDARD = "gnu++0x";
				CLANG_CXX_LIBRARY = "libc++";
				CLANG_ENABLE_MODULES = YES;
				CLANG_ENABLE_OBJC_ARC = YES;
				CLANG_WARN_BOOL_CONVERSION = YES;
				CLANG_WARN_CONSTANT_CONVERSION = YES;
				CLANG_WARN_DIRECT_OBJC_ISA_USAGE = YES_ERROR;
				CLANG_WARN_EMPTY_BODY = YES;
				CLANG_WARN_ENUM_CONVERSION = YES;
				CLANG_WARN_INT_CONVERSION = YES;
				CLANG_WARN_OBJC_ROOT_CLASS = YES_ERROR;
				CLANG_WARN_UNREACHABLE_CODE = YES;
				CLANG_WARN__DUPLICATE_METHOD_MATCH = YES;
				CODE_SIGN_IDENTITY = "-";
				COMBINE_HIDPI_IMAGES = YES;
				CONFIGURATION_BUILD_DIR = assets;
				CONFIGURATION_TEMP_DIR = "$(PROJECT_TEMP_DIR)/$(CONFIGURATION)$(EFFECTIVE_PLATFORM_NAME)";
				COPY_PHASE_STRIP = NO;
				DEBUG_INFORMATION_FORMAT = dwarf;
				ENABLE_STRICT_OBJC_MSGSEND = YES;
				ENABLE_TESTABILITY = YES;
				GCC_C_LANGUAGE_STANDARD = gnu99;
				GCC_DYNAMIC_NO_PIC = NO;
				GCC_NO_COMMON_BLOCKS = YES;
				GCC_PREPROCESSOR_DEFINITIONS = (
					"DEBUG=1",
					"$(inherited)",
				);
				GCC_WARN_64_TO_32_BIT_CONVERSION = YES;
				GCC_WARN_ABOUT_RETURN_TYPE = YES_ERROR;
				GCC_WARN_UNDECLARED_SELECTOR = YES;
				GCC_WARN_UNINITIALIZED_AUTOS = YES_AGGRESSIVE;
				GCC_WARN_UNUSED_VARIABLE = YES;
				INFOPLIST_FILE = storyboards/Info.plist;
				INSTALL_PATH = "$(LOCAL_LIBRARY_DIR)/Bundles";
				MACOSX_DEPLOYMENT_TARGET = 10.10;
				MTL_ENABLE_DEBUG_INFO = YES;
				PRODUCT_BUNDLE_IDENTIFIER = se.hyperlab.mixpanel.storyboards;
				PRODUCT_NAME = "$(TARGET_NAME)";
				SDKROOT = iphoneos;
				SKIP_INSTALL = YES;
				WRAPPER_EXTENSION = bundle;
			};
			name = Debug;
		};
		37E797321C9B433500EF4330 /* Release */ = {
			isa = XCBuildConfiguration;
			buildSettings = {
				CLANG_CXX_LANGUAGE_STANDARD = "gnu++0x";
				CLANG_CXX_LIBRARY = "libc++";
				CLANG_ENABLE_MODULES = YES;
				CLANG_ENABLE_OBJC_ARC = YES;
				CLANG_WARN_BOOL_CONVERSION = YES;
				CLANG_WARN_CONSTANT_CONVERSION = YES;
				CLANG_WARN_DIRECT_OBJC_ISA_USAGE = YES_ERROR;
				CLANG_WARN_EMPTY_BODY = YES;
				CLANG_WARN_ENUM_CONVERSION = YES;
				CLANG_WARN_INT_CONVERSION = YES;
				CLANG_WARN_OBJC_ROOT_CLASS = YES_ERROR;
				CLANG_WARN_UNREACHABLE_CODE = YES;
				CLANG_WARN__DUPLICATE_METHOD_MATCH = YES;
				CODE_SIGN_IDENTITY = "-";
				COMBINE_HIDPI_IMAGES = YES;
				CONFIGURATION_BUILD_DIR = assets;
				CONFIGURATION_TEMP_DIR = "$(PROJECT_TEMP_DIR)/$(CONFIGURATION)$(EFFECTIVE_PLATFORM_NAME)";
				COPY_PHASE_STRIP = NO;
				DEBUG_INFORMATION_FORMAT = "dwarf-with-dsym";
				ENABLE_NS_ASSERTIONS = NO;
				ENABLE_STRICT_OBJC_MSGSEND = YES;
				GCC_C_LANGUAGE_STANDARD = gnu99;
				GCC_NO_COMMON_BLOCKS = YES;
				GCC_WARN_64_TO_32_BIT_CONVERSION = YES;
				GCC_WARN_ABOUT_RETURN_TYPE = YES_ERROR;
				GCC_WARN_UNDECLARED_SELECTOR = YES;
				GCC_WARN_UNINITIALIZED_AUTOS = YES_AGGRESSIVE;
				GCC_WARN_UNUSED_VARIABLE = YES;
				INFOPLIST_FILE = storyboards/Info.plist;
				INSTALL_PATH = "$(LOCAL_LIBRARY_DIR)/Bundles";
				MACOSX_DEPLOYMENT_TARGET = 10.10;
				MTL_ENABLE_DEBUG_INFO = NO;
				PRODUCT_BUNDLE_IDENTIFIER = se.hyperlab.mixpanel.storyboards;
				PRODUCT_NAME = "$(TARGET_NAME)";
				SDKROOT = iphoneos;
				SKIP_INSTALL = YES;
				WRAPPER_EXTENSION = bundle;
			};
			name = Release;
		};
/* End XCBuildConfiguration section */

/* Begin XCConfigurationList section */
		1DEB921E08733DC00010E9CD /* Build configuration list for PBXNativeTarget "TiMixpanel" */ = {
			isa = XCConfigurationList;
			buildConfigurations = (
				1DEB921F08733DC00010E9CD /* Debug */,
				1DEB922008733DC00010E9CD /* Release */,
			);
			defaultConfigurationIsVisible = 0;
			defaultConfigurationName = Release;
		};
		1DEB922208733DC00010E9CD /* Build configuration list for PBXProject "TiMixpanel" */ = {
			isa = XCConfigurationList;
			buildConfigurations = (
				1DEB922308733DC00010E9CD /* Debug */,
				1DEB922408733DC00010E9CD /* Release */,
			);
			defaultConfigurationIsVisible = 0;
			defaultConfigurationName = Release;
		};
		24416B8A11C4CA520047AFDD /* Build configuration list for PBXAggregateTarget "Build & Test" */ = {
			isa = XCConfigurationList;
			buildConfigurations = (
				24416B8211C4CA220047AFDD /* Debug */,
				24416B8311C4CA220047AFDD /* Release */,
			);
			defaultConfigurationIsVisible = 0;
			defaultConfigurationName = Release;
		};
		37E797301C9B433500EF4330 /* Build configuration list for PBXNativeTarget "storyboards" */ = {
			isa = XCConfigurationList;
			buildConfigurations = (
				37E797311C9B433500EF4330 /* Debug */,
				37E797321C9B433500EF4330 /* Release */,
			);
			defaultConfigurationIsVisible = 0;
			defaultConfigurationName = Release;
		};
/* End XCConfigurationList section */
	};
	rootObject = 0867D690FE84028FC02AAC07 /* Project object */;
}
