// !$*UTF8*$!
{
	archiveVersion = 1;
	classes = {
	};
	objectVersion = 46;
	objects = {

/* Begin PBXAggregateTarget section */
		24416B8111C4CA220047AFDD /* Build & Test */ = {
			isa = PBXAggregateTarget;
			buildConfigurationList = 24416B8A11C4CA520047AFDD /* Build configuration list for PBXAggregateTarget "Build & Test" */;
			buildPhases = (
				24416B8011C4CA220047AFDD /* ShellScript */,
			);
			dependencies = (
				24416B8511C4CA280047AFDD /* PBXTargetDependency */,
			);
			name = "Build & Test";
			productName = "Build & test";
		};
/* End PBXAggregateTarget section */

/* Begin PBXBuildFile section */
		24DD6CF91134B3F500162E58 /* SeHyperlabMixpanelModule.h in Headers */ = {isa = PBXBuildFile; fileRef = 24DD6CF71134B3F500162E58 /* SeHyperlabMixpanelModule.h */; };
		24DD6CFA1134B3F500162E58 /* SeHyperlabMixpanelModule.m in Sources */ = {isa = PBXBuildFile; fileRef = 24DD6CF81134B3F500162E58 /* SeHyperlabMixpanelModule.m */; };
		24DE9E1111C5FE74003F90F6 /* SeHyperlabMixpanelModuleAssets.h in Headers */ = {isa = PBXBuildFile; fileRef = 24DE9E0F11C5FE74003F90F6 /* SeHyperlabMixpanelModuleAssets.h */; };
		24DE9E1211C5FE74003F90F6 /* SeHyperlabMixpanelModuleAssets.m in Sources */ = {isa = PBXBuildFile; fileRef = 24DE9E1011C5FE74003F90F6 /* SeHyperlabMixpanelModuleAssets.m */; };
		AA747D9F0F9514B9006C5449 /* SeHyperlabMixpanel_Prefix.pch in Headers */ = {isa = PBXBuildFile; fileRef = AA747D9E0F9514B9006C5449 /* SeHyperlabMixpanel_Prefix.pch */; };
		AACBBE4A0F95108600F1A2B1 /* Foundation.framework in Frameworks */ = {isa = PBXBuildFile; fileRef = AACBBE490F95108600F1A2B1 /* Foundation.framework */; };
		BB07B7C218F42FA400305D36 /* UIKit.framework in Frameworks */ = {isa = PBXBuildFile; fileRef = BB07B7C118F42FA400305D36 /* UIKit.framework */; };
		BB07B7C418F42FED00305D36 /* CoreGraphics.framework in Frameworks */ = {isa = PBXBuildFile; fileRef = BB07B7C318F42FED00305D36 /* CoreGraphics.framework */; };
		BB07B7C618F42FFC00305D36 /* QuartzCore.framework in Frameworks */ = {isa = PBXBuildFile; fileRef = BB07B7C518F42FFC00305D36 /* QuartzCore.framework */; };
		BB07B7C818F4300800305D36 /* SystemConfiguration.framework in Frameworks */ = {isa = PBXBuildFile; fileRef = BB07B7C718F4300800305D36 /* SystemConfiguration.framework */; };
		BB07B7CA18F4301100305D36 /* CoreTelephony.framework in Frameworks */ = {isa = PBXBuildFile; fileRef = BB07B7C918F4301100305D36 /* CoreTelephony.framework */; };
		BB07B7CC18F4301A00305D36 /* Accelerate.framework in Frameworks */ = {isa = PBXBuildFile; fileRef = BB07B7CB18F4301A00305D36 /* Accelerate.framework */; };
		BC3B242D19D849480049B6A7 /* JRSwizzle.h in Headers */ = {isa = PBXBuildFile; fileRef = BC3B242B19D849480049B6A7 /* JRSwizzle.h */; };
		BC3B242E19D849480049B6A7 /* JRSwizzle.m in Sources */ = {isa = PBXBuildFile; fileRef = BC3B242C19D849480049B6A7 /* JRSwizzle.m */; };
		BCA5937219AF2F6800A30670 /* _MPTweakBindObserver.h in Headers */ = {isa = PBXBuildFile; fileRef = BCA5930119AF2F6700A30670 /* _MPTweakBindObserver.h */; };
		BCA5937319AF2F6800A30670 /* _MPTweakBindObserver.m in Sources */ = {isa = PBXBuildFile; fileRef = BCA5930219AF2F6700A30670 /* _MPTweakBindObserver.m */; };
		BCA5937419AF2F6800A30670 /* Mixpanel.h in Headers */ = {isa = PBXBuildFile; fileRef = BCA5930419AF2F6700A30670 /* Mixpanel.h */; };
		BCA5937519AF2F6800A30670 /* Mixpanel.m in Sources */ = {isa = PBXBuildFile; fileRef = BCA5930519AF2F6700A30670 /* Mixpanel.m */; };
		BCA5937619AF2F6800A30670 /* MPAbstractABTestDesignerMessage.h in Headers */ = {isa = PBXBuildFile; fileRef = BCA5930619AF2F6700A30670 /* MPAbstractABTestDesignerMessage.h */; };
		BCA5937719AF2F6800A30670 /* MPAbstractABTestDesignerMessage.m in Sources */ = {isa = PBXBuildFile; fileRef = BCA5930719AF2F6700A30670 /* MPAbstractABTestDesignerMessage.m */; };
		BCA5937819AF2F6800A30670 /* MPABTestDesignerChangeRequestMessage.h in Headers */ = {isa = PBXBuildFile; fileRef = BCA5930819AF2F6700A30670 /* MPABTestDesignerChangeRequestMessage.h */; };
		BCA5937919AF2F6800A30670 /* MPABTestDesignerChangeRequestMessage.m in Sources */ = {isa = PBXBuildFile; fileRef = BCA5930919AF2F6700A30670 /* MPABTestDesignerChangeRequestMessage.m */; };
		BCA5937A19AF2F6800A30670 /* MPABTestDesignerChangeResponseMessage.h in Headers */ = {isa = PBXBuildFile; fileRef = BCA5930A19AF2F6700A30670 /* MPABTestDesignerChangeResponseMessage.h */; };
		BCA5937B19AF2F6800A30670 /* MPABTestDesignerChangeResponseMessage.m in Sources */ = {isa = PBXBuildFile; fileRef = BCA5930B19AF2F6700A30670 /* MPABTestDesignerChangeResponseMessage.m */; };
		BCA5937C19AF2F6800A30670 /* MPABTestDesignerClearRequestMessage.h in Headers */ = {isa = PBXBuildFile; fileRef = BCA5930C19AF2F6700A30670 /* MPABTestDesignerClearRequestMessage.h */; };
		BCA5937D19AF2F6800A30670 /* MPABTestDesignerClearRequestMessage.m in Sources */ = {isa = PBXBuildFile; fileRef = BCA5930D19AF2F6700A30670 /* MPABTestDesignerClearRequestMessage.m */; };
		BCA5937E19AF2F6800A30670 /* MPABTestDesignerClearResponseMessage.h in Headers */ = {isa = PBXBuildFile; fileRef = BCA5930E19AF2F6700A30670 /* MPABTestDesignerClearResponseMessage.h */; };
		BCA5937F19AF2F6800A30670 /* MPABTestDesignerClearResponseMessage.m in Sources */ = {isa = PBXBuildFile; fileRef = BCA5930F19AF2F6700A30670 /* MPABTestDesignerClearResponseMessage.m */; };
		BCA5938019AF2F6800A30670 /* MPABTestDesignerConnection.h in Headers */ = {isa = PBXBuildFile; fileRef = BCA5931019AF2F6700A30670 /* MPABTestDesignerConnection.h */; };
		BCA5938119AF2F6800A30670 /* MPABTestDesignerConnection.m in Sources */ = {isa = PBXBuildFile; fileRef = BCA5931119AF2F6700A30670 /* MPABTestDesignerConnection.m */; };
		BCA5938219AF2F6800A30670 /* MPABTestDesignerDeviceInfoRequestMessage.h in Headers */ = {isa = PBXBuildFile; fileRef = BCA5931219AF2F6700A30670 /* MPABTestDesignerDeviceInfoRequestMessage.h */; };
		BCA5938319AF2F6800A30670 /* MPABTestDesignerDeviceInfoRequestMessage.m in Sources */ = {isa = PBXBuildFile; fileRef = BCA5931319AF2F6700A30670 /* MPABTestDesignerDeviceInfoRequestMessage.m */; };
		BCA5938419AF2F6800A30670 /* MPABTestDesignerDeviceInfoResponseMessage.h in Headers */ = {isa = PBXBuildFile; fileRef = BCA5931419AF2F6700A30670 /* MPABTestDesignerDeviceInfoResponseMessage.h */; };
		BCA5938519AF2F6800A30670 /* MPABTestDesignerDeviceInfoResponseMessage.m in Sources */ = {isa = PBXBuildFile; fileRef = BCA5931519AF2F6700A30670 /* MPABTestDesignerDeviceInfoResponseMessage.m */; };
		BCA5938619AF2F6800A30670 /* MPABTestDesignerDisconnectMessage.h in Headers */ = {isa = PBXBuildFile; fileRef = BCA5931619AF2F6700A30670 /* MPABTestDesignerDisconnectMessage.h */; };
		BCA5938719AF2F6800A30670 /* MPABTestDesignerDisconnectMessage.m in Sources */ = {isa = PBXBuildFile; fileRef = BCA5931719AF2F6700A30670 /* MPABTestDesignerDisconnectMessage.m */; };
		BCA5938819AF2F6800A30670 /* MPABTestDesignerMessage.h in Headers */ = {isa = PBXBuildFile; fileRef = BCA5931819AF2F6700A30670 /* MPABTestDesignerMessage.h */; };
		BCA5938919AF2F6800A30670 /* MPABTestDesignerSnapshotRequestMessage.h in Headers */ = {isa = PBXBuildFile; fileRef = BCA5931919AF2F6700A30670 /* MPABTestDesignerSnapshotRequestMessage.h */; };
		BCA5938A19AF2F6800A30670 /* MPABTestDesignerSnapshotRequestMessage.m in Sources */ = {isa = PBXBuildFile; fileRef = BCA5931A19AF2F6700A30670 /* MPABTestDesignerSnapshotRequestMessage.m */; };
		BCA5938B19AF2F6800A30670 /* MPABTestDesignerSnapshotResponseMessage.h in Headers */ = {isa = PBXBuildFile; fileRef = BCA5931B19AF2F6700A30670 /* MPABTestDesignerSnapshotResponseMessage.h */; };
		BCA5938C19AF2F6800A30670 /* MPABTestDesignerSnapshotResponseMessage.m in Sources */ = {isa = PBXBuildFile; fileRef = BCA5931C19AF2F6700A30670 /* MPABTestDesignerSnapshotResponseMessage.m */; };
		BCA5938D19AF2F6800A30670 /* MPABTestDesignerTweakRequestMessage.h in Headers */ = {isa = PBXBuildFile; fileRef = BCA5931D19AF2F6700A30670 /* MPABTestDesignerTweakRequestMessage.h */; };
		BCA5938E19AF2F6800A30670 /* MPABTestDesignerTweakRequestMessage.m in Sources */ = {isa = PBXBuildFile; fileRef = BCA5931E19AF2F6700A30670 /* MPABTestDesignerTweakRequestMessage.m */; };
		BCA5938F19AF2F6800A30670 /* MPABTestDesignerTweakResponseMessage.h in Headers */ = {isa = PBXBuildFile; fileRef = BCA5931F19AF2F6700A30670 /* MPABTestDesignerTweakResponseMessage.h */; };
		BCA5939019AF2F6800A30670 /* MPABTestDesignerTweakResponseMessage.m in Sources */ = {isa = PBXBuildFile; fileRef = BCA5932019AF2F6700A30670 /* MPABTestDesignerTweakResponseMessage.m */; };
		BCA5939119AF2F6800A30670 /* MPApplicationStateSerializer.h in Headers */ = {isa = PBXBuildFile; fileRef = BCA5932119AF2F6700A30670 /* MPApplicationStateSerializer.h */; };
		BCA5939219AF2F6800A30670 /* MPApplicationStateSerializer.m in Sources */ = {isa = PBXBuildFile; fileRef = BCA5932219AF2F6700A30670 /* MPApplicationStateSerializer.m */; };
		BCA5939319AF2F6800A30670 /* MPBOOLToNSNumberValueTransformer.m in Sources */ = {isa = PBXBuildFile; fileRef = BCA5932319AF2F6700A30670 /* MPBOOLToNSNumberValueTransformer.m */; };
		BCA5939419AF2F6800A30670 /* MPCATransform3DToNSDictionaryValueTransformer.m in Sources */ = {isa = PBXBuildFile; fileRef = BCA5932419AF2F6700A30670 /* MPCATransform3DToNSDictionaryValueTransformer.m */; };
		BCA5939519AF2F6800A30670 /* MPCGAffineTransformToNSDictionaryValueTransformer.m in Sources */ = {isa = PBXBuildFile; fileRef = BCA5932519AF2F6700A30670 /* MPCGAffineTransformToNSDictionaryValueTransformer.m */; };
		BCA5939619AF2F6800A30670 /* MPCGColorRefToNSStringValueTransformer.m in Sources */ = {isa = PBXBuildFile; fileRef = BCA5932619AF2F6700A30670 /* MPCGColorRefToNSStringValueTransformer.m */; };
		BCA5939719AF2F6800A30670 /* MPCGPointToNSDictionaryValueTransformer.m in Sources */ = {isa = PBXBuildFile; fileRef = BCA5932719AF2F6700A30670 /* MPCGPointToNSDictionaryValueTransformer.m */; };
		BCA5939819AF2F6800A30670 /* MPCGRectToNSDictionaryValueTransformer.m in Sources */ = {isa = PBXBuildFile; fileRef = BCA5932819AF2F6700A30670 /* MPCGRectToNSDictionaryValueTransformer.m */; };
		BCA5939919AF2F6800A30670 /* MPCGSizeToNSDictionaryValueTransformer.m in Sources */ = {isa = PBXBuildFile; fileRef = BCA5932919AF2F6700A30670 /* MPCGSizeToNSDictionaryValueTransformer.m */; };
		BCA5939A19AF2F6800A30670 /* MPClassDescription.h in Headers */ = {isa = PBXBuildFile; fileRef = BCA5932A19AF2F6700A30670 /* MPClassDescription.h */; };
		BCA5939B19AF2F6800A30670 /* MPClassDescription.m in Sources */ = {isa = PBXBuildFile; fileRef = BCA5932B19AF2F6700A30670 /* MPClassDescription.m */; };
		BCA5939C19AF2F6800A30670 /* MPEnumDescription.h in Headers */ = {isa = PBXBuildFile; fileRef = BCA5932E19AF2F6700A30670 /* MPEnumDescription.h */; };
		BCA5939D19AF2F6800A30670 /* MPEnumDescription.m in Sources */ = {isa = PBXBuildFile; fileRef = BCA5932F19AF2F6700A30670 /* MPEnumDescription.m */; };
		BCA5939E19AF2F6800A30670 /* MPNotification.h in Headers */ = {isa = PBXBuildFile; fileRef = BCA5933019AF2F6700A30670 /* MPNotification.h */; };
		BCA5939F19AF2F6800A30670 /* MPNotification.m in Sources */ = {isa = PBXBuildFile; fileRef = BCA5933119AF2F6700A30670 /* MPNotification.m */; };
		BCA593A019AF2F6800A30670 /* MPNotificationViewController.h in Headers */ = {isa = PBXBuildFile; fileRef = BCA5933319AF2F6700A30670 /* MPNotificationViewController.h */; };
		BCA593A119AF2F6800A30670 /* MPNotificationViewController.m in Sources */ = {isa = PBXBuildFile; fileRef = BCA5933419AF2F6700A30670 /* MPNotificationViewController.m */; };
		BCA593A219AF2F6800A30670 /* MPNSAttributedStringToNSDictionaryValueTransformer.m in Sources */ = {isa = PBXBuildFile; fileRef = BCA5933519AF2F6700A30670 /* MPNSAttributedStringToNSDictionaryValueTransformer.m */; };
		BCA593A319AF2F6800A30670 /* MPNSNumberToCGFloatValueTransformer.m in Sources */ = {isa = PBXBuildFile; fileRef = BCA5933619AF2F6700A30670 /* MPNSNumberToCGFloatValueTransformer.m */; };
		BCA593A419AF2F6800A30670 /* MPObjectIdentifierProvider.h in Headers */ = {isa = PBXBuildFile; fileRef = BCA5933719AF2F6700A30670 /* MPObjectIdentifierProvider.h */; };
		BCA593A519AF2F6800A30670 /* MPObjectIdentityProvider.h in Headers */ = {isa = PBXBuildFile; fileRef = BCA5933819AF2F6700A30670 /* MPObjectIdentityProvider.h */; };
		BCA593A619AF2F6800A30670 /* MPObjectIdentityProvider.m in Sources */ = {isa = PBXBuildFile; fileRef = BCA5933919AF2F6700A30670 /* MPObjectIdentityProvider.m */; };
		BCA593A719AF2F6800A30670 /* MPObjectSelector.h in Headers */ = {isa = PBXBuildFile; fileRef = BCA5933A19AF2F6700A30670 /* MPObjectSelector.h */; };
		BCA593A819AF2F6800A30670 /* MPObjectSelector.m in Sources */ = {isa = PBXBuildFile; fileRef = BCA5933B19AF2F6700A30670 /* MPObjectSelector.m */; };
		BCA593A919AF2F6800A30670 /* MPObjectSerializer.h in Headers */ = {isa = PBXBuildFile; fileRef = BCA5933C19AF2F6700A30670 /* MPObjectSerializer.h */; };
		BCA593AA19AF2F6800A30670 /* MPObjectSerializer.m in Sources */ = {isa = PBXBuildFile; fileRef = BCA5933D19AF2F6700A30670 /* MPObjectSerializer.m */; };
		BCA593AB19AF2F6800A30670 /* MPObjectSerializerConfig.h in Headers */ = {isa = PBXBuildFile; fileRef = BCA5933E19AF2F6700A30670 /* MPObjectSerializerConfig.h */; };
		BCA593AC19AF2F6800A30670 /* MPObjectSerializerConfig.m in Sources */ = {isa = PBXBuildFile; fileRef = BCA5933F19AF2F6700A30670 /* MPObjectSerializerConfig.m */; };
		BCA593AD19AF2F6800A30670 /* MPObjectSerializerContext.h in Headers */ = {isa = PBXBuildFile; fileRef = BCA5934019AF2F6700A30670 /* MPObjectSerializerContext.h */; };
		BCA593AE19AF2F6800A30670 /* MPObjectSerializerContext.m in Sources */ = {isa = PBXBuildFile; fileRef = BCA5934119AF2F6700A30670 /* MPObjectSerializerContext.m */; };
		BCA593AF19AF2F6800A30670 /* MPPassThroughValueTransformer.m in Sources */ = {isa = PBXBuildFile; fileRef = BCA5934219AF2F6700A30670 /* MPPassThroughValueTransformer.m */; };
		BCA593B019AF2F6800A30670 /* MPPropertyDescription.h in Headers */ = {isa = PBXBuildFile; fileRef = BCA5934319AF2F6700A30670 /* MPPropertyDescription.h */; };
		BCA593B119AF2F6800A30670 /* MPPropertyDescription.m in Sources */ = {isa = PBXBuildFile; fileRef = BCA5934419AF2F6700A30670 /* MPPropertyDescription.m */; };
		BCA593B219AF2F6800A30670 /* MPSequenceGenerator.h in Headers */ = {isa = PBXBuildFile; fileRef = BCA5934519AF2F6700A30670 /* MPSequenceGenerator.h */; };
		BCA593B319AF2F6800A30670 /* MPSequenceGenerator.m in Sources */ = {isa = PBXBuildFile; fileRef = BCA5934619AF2F6700A30670 /* MPSequenceGenerator.m */; };
		BCA593B419AF2F6800A30670 /* MPSurvey.h in Headers */ = {isa = PBXBuildFile; fileRef = BCA5934719AF2F6700A30670 /* MPSurvey.h */; };
		BCA593B519AF2F6800A30670 /* MPSurvey.m in Sources */ = {isa = PBXBuildFile; fileRef = BCA5934819AF2F6700A30670 /* MPSurvey.m */; };
		BCA593B619AF2F6800A30670 /* MPSurveyNavigationController.h in Headers */ = {isa = PBXBuildFile; fileRef = BCA5934A19AF2F6700A30670 /* MPSurveyNavigationController.h */; };
		BCA593B719AF2F6800A30670 /* MPSurveyNavigationController.m in Sources */ = {isa = PBXBuildFile; fileRef = BCA5934B19AF2F6700A30670 /* MPSurveyNavigationController.m */; };
		BCA593B819AF2F6800A30670 /* MPSurveyQuestion.h in Headers */ = {isa = PBXBuildFile; fileRef = BCA5934C19AF2F6700A30670 /* MPSurveyQuestion.h */; };
		BCA593B919AF2F6800A30670 /* MPSurveyQuestion.m in Sources */ = {isa = PBXBuildFile; fileRef = BCA5934D19AF2F6700A30670 /* MPSurveyQuestion.m */; };
		BCA593BA19AF2F6800A30670 /* MPSurveyQuestionViewController.h in Headers */ = {isa = PBXBuildFile; fileRef = BCA5934E19AF2F6700A30670 /* MPSurveyQuestionViewController.h */; };
		BCA593BB19AF2F6800A30670 /* MPSurveyQuestionViewController.m in Sources */ = {isa = PBXBuildFile; fileRef = BCA5934F19AF2F6700A30670 /* MPSurveyQuestionViewController.m */; };
		BCA593BC19AF2F6800A30670 /* MPSwizzler.h in Headers */ = {isa = PBXBuildFile; fileRef = BCA5935019AF2F6700A30670 /* MPSwizzler.h */; };
		BCA593BD19AF2F6800A30670 /* MPSwizzler.m in Sources */ = {isa = PBXBuildFile; fileRef = BCA5935119AF2F6700A30670 /* MPSwizzler.m */; };
		BCA593BE19AF2F6800A30670 /* MPTweak.h in Headers */ = {isa = PBXBuildFile; fileRef = BCA5935219AF2F6700A30670 /* MPTweak.h */; };
		BCA593BF19AF2F6800A30670 /* MPTweak.m in Sources */ = {isa = PBXBuildFile; fileRef = BCA5935319AF2F6700A30670 /* MPTweak.m */; };
		BCA593C019AF2F6800A30670 /* MPTweakInline.h in Headers */ = {isa = PBXBuildFile; fileRef = BCA5935419AF2F6700A30670 /* MPTweakInline.h */; };
		BCA593C119AF2F6800A30670 /* MPTweakInline.m in Sources */ = {isa = PBXBuildFile; fileRef = BCA5935519AF2F6700A30670 /* MPTweakInline.m */; };
		BCA593C219AF2F6800A30670 /* MPTweakInlineInternal.h in Headers */ = {isa = PBXBuildFile; fileRef = BCA5935619AF2F6700A30670 /* MPTweakInlineInternal.h */; };
		BCA593C319AF2F6800A30670 /* MPTweakStore.h in Headers */ = {isa = PBXBuildFile; fileRef = BCA5935719AF2F6700A30670 /* MPTweakStore.h */; };
		BCA593C419AF2F6800A30670 /* MPTweakStore.m in Sources */ = {isa = PBXBuildFile; fileRef = BCA5935819AF2F6700A30670 /* MPTweakStore.m */; };
		BCA593C519AF2F6800A30670 /* MPTypeDescription.h in Headers */ = {isa = PBXBuildFile; fileRef = BCA5935919AF2F6700A30670 /* MPTypeDescription.h */; };
		BCA593C619AF2F6800A30670 /* MPTypeDescription.m in Sources */ = {isa = PBXBuildFile; fileRef = BCA5935A19AF2F6700A30670 /* MPTypeDescription.m */; };
		BCA593C719AF2F6800A30670 /* MPUIColorToNSStringValueTransformer.m in Sources */ = {isa = PBXBuildFile; fileRef = BCA5935B19AF2F6700A30670 /* MPUIColorToNSStringValueTransformer.m */; };
		BCA593C819AF2F6800A30670 /* MPUIEdgeInsetsToNSDictionaryValueTransformer.m in Sources */ = {isa = PBXBuildFile; fileRef = BCA5935C19AF2F6700A30670 /* MPUIEdgeInsetsToNSDictionaryValueTransformer.m */; };
		BCA593C919AF2F6800A30670 /* MPUIFontToNSDictionaryValueTransformer.m in Sources */ = {isa = PBXBuildFile; fileRef = BCA5935D19AF2F6700A30670 /* MPUIFontToNSDictionaryValueTransformer.m */; };
		BCA593CA19AF2F6800A30670 /* MPUIImageToNSDictionaryValueTransformer.m in Sources */ = {isa = PBXBuildFile; fileRef = BCA5935E19AF2F6800A30670 /* MPUIImageToNSDictionaryValueTransformer.m */; };
		BCA593CB19AF2F6800A30670 /* MPValueTransformers.h in Headers */ = {isa = PBXBuildFile; fileRef = BCA5935F19AF2F6800A30670 /* MPValueTransformers.h */; };
		BCA593CC19AF2F6800A30670 /* MPVariant.h in Headers */ = {isa = PBXBuildFile; fileRef = BCA5936019AF2F6800A30670 /* MPVariant.h */; };
		BCA593CD19AF2F6800A30670 /* MPVariant.m in Sources */ = {isa = PBXBuildFile; fileRef = BCA5936119AF2F6800A30670 /* MPVariant.m */; };
		BCA593CE19AF2F6800A30670 /* MPWebSocket.h in Headers */ = {isa = PBXBuildFile; fileRef = BCA5936219AF2F6800A30670 /* MPWebSocket.h */; };
		BCA593CF19AF2F6800A30670 /* MPWebSocket.m in Sources */ = {isa = PBXBuildFile; fileRef = BCA5936319AF2F6800A30670 /* MPWebSocket.m */; };
		BCA593D019AF2F6800A30670 /* NSData+MPBase64.h in Headers */ = {isa = PBXBuildFile; fileRef = BCA5936419AF2F6800A30670 /* NSData+MPBase64.h */; };
		BCA593D119AF2F6800A30670 /* NSData+MPBase64.m in Sources */ = {isa = PBXBuildFile; fileRef = BCA5936519AF2F6800A30670 /* NSData+MPBase64.m */; };
		BCA593D219AF2F6800A30670 /* NSInvocation+MPHelpers.h in Headers */ = {isa = PBXBuildFile; fileRef = BCA5936619AF2F6800A30670 /* NSInvocation+MPHelpers.h */; };
		BCA593D319AF2F6800A30670 /* NSInvocation+MPHelpers.m in Sources */ = {isa = PBXBuildFile; fileRef = BCA5936719AF2F6800A30670 /* NSInvocation+MPHelpers.m */; };
		BCA593D419AF2F6800A30670 /* UIColor+MPColor.h in Headers */ = {isa = PBXBuildFile; fileRef = BCA5936A19AF2F6800A30670 /* UIColor+MPColor.h */; };
		BCA593D519AF2F6800A30670 /* UIColor+MPColor.m in Sources */ = {isa = PBXBuildFile; fileRef = BCA5936B19AF2F6800A30670 /* UIColor+MPColor.m */; };
		BCA593D619AF2F6800A30670 /* UIImage+MPAverageColor.h in Headers */ = {isa = PBXBuildFile; fileRef = BCA5936C19AF2F6800A30670 /* UIImage+MPAverageColor.h */; };
		BCA593D719AF2F6800A30670 /* UIImage+MPAverageColor.m in Sources */ = {isa = PBXBuildFile; fileRef = BCA5936D19AF2F6800A30670 /* UIImage+MPAverageColor.m */; };
		BCA593D819AF2F6800A30670 /* UIImage+MPImageEffects.h in Headers */ = {isa = PBXBuildFile; fileRef = BCA5936E19AF2F6800A30670 /* UIImage+MPImageEffects.h */; };
		BCA593D919AF2F6800A30670 /* UIImage+MPImageEffects.m in Sources */ = {isa = PBXBuildFile; fileRef = BCA5936F19AF2F6800A30670 /* UIImage+MPImageEffects.m */; };
		BCA593DA19AF2F6800A30670 /* UIView+MPSnapshotImage.h in Headers */ = {isa = PBXBuildFile; fileRef = BCA5937019AF2F6800A30670 /* UIView+MPSnapshotImage.h */; };
		BCA593DB19AF2F6800A30670 /* UIView+MPSnapshotImage.m in Sources */ = {isa = PBXBuildFile; fileRef = BCA5937119AF2F6800A30670 /* UIView+MPSnapshotImage.m */; };
/* End PBXBuildFile section */

/* Begin PBXContainerItemProxy section */
		24416B8411C4CA280047AFDD /* PBXContainerItemProxy */ = {
			isa = PBXContainerItemProxy;
			containerPortal = 0867D690FE84028FC02AAC07 /* Project object */;
			proxyType = 1;
			remoteGlobalIDString = D2AAC07D0554694100DB518D;
			remoteInfo = TiMixpanel;
		};
/* End PBXContainerItemProxy section */

/* Begin PBXFileReference section */
		24DD6CF71134B3F500162E58 /* SeHyperlabMixpanelModule.h */ = {isa = PBXFileReference; fileEncoding = 4; lastKnownFileType = sourcecode.c.h; name = SeHyperlabMixpanelModule.h; path = Classes/SeHyperlabMixpanelModule.h; sourceTree = "<group>"; };
		24DD6CF81134B3F500162E58 /* SeHyperlabMixpanelModule.m */ = {isa = PBXFileReference; fileEncoding = 4; lastKnownFileType = sourcecode.c.objc; name = SeHyperlabMixpanelModule.m; path = Classes/SeHyperlabMixpanelModule.m; sourceTree = "<group>"; };
		24DD6D1B1134B66800162E58 /* titanium.xcconfig */ = {isa = PBXFileReference; fileEncoding = 4; lastKnownFileType = text.xcconfig; path = titanium.xcconfig; sourceTree = "<group>"; };
		24DE9E0F11C5FE74003F90F6 /* SeHyperlabMixpanelModuleAssets.h */ = {isa = PBXFileReference; fileEncoding = 4; lastKnownFileType = sourcecode.c.h; name = SeHyperlabMixpanelModuleAssets.h; path = Classes/SeHyperlabMixpanelModuleAssets.h; sourceTree = "<group>"; };
		24DE9E1011C5FE74003F90F6 /* SeHyperlabMixpanelModuleAssets.m */ = {isa = PBXFileReference; fileEncoding = 4; lastKnownFileType = sourcecode.c.objc; name = SeHyperlabMixpanelModuleAssets.m; path = Classes/SeHyperlabMixpanelModuleAssets.m; sourceTree = "<group>"; };
		AA747D9E0F9514B9006C5449 /* SeHyperlabMixpanel_Prefix.pch */ = {isa = PBXFileReference; fileEncoding = 4; lastKnownFileType = sourcecode.c.h; path = SeHyperlabMixpanel_Prefix.pch; sourceTree = SOURCE_ROOT; };
		AACBBE490F95108600F1A2B1 /* Foundation.framework */ = {isa = PBXFileReference; lastKnownFileType = wrapper.framework; name = Foundation.framework; path = System/Library/Frameworks/Foundation.framework; sourceTree = SDKROOT; };
		BB07B7C118F42FA400305D36 /* UIKit.framework */ = {isa = PBXFileReference; lastKnownFileType = wrapper.framework; name = UIKit.framework; path = System/Library/Frameworks/UIKit.framework; sourceTree = SDKROOT; };
		BB07B7C318F42FED00305D36 /* CoreGraphics.framework */ = {isa = PBXFileReference; lastKnownFileType = wrapper.framework; name = CoreGraphics.framework; path = System/Library/Frameworks/CoreGraphics.framework; sourceTree = SDKROOT; };
		BB07B7C518F42FFC00305D36 /* QuartzCore.framework */ = {isa = PBXFileReference; lastKnownFileType = wrapper.framework; name = QuartzCore.framework; path = System/Library/Frameworks/QuartzCore.framework; sourceTree = SDKROOT; };
		BB07B7C718F4300800305D36 /* SystemConfiguration.framework */ = {isa = PBXFileReference; lastKnownFileType = wrapper.framework; name = SystemConfiguration.framework; path = System/Library/Frameworks/SystemConfiguration.framework; sourceTree = SDKROOT; };
		BB07B7C918F4301100305D36 /* CoreTelephony.framework */ = {isa = PBXFileReference; lastKnownFileType = wrapper.framework; name = CoreTelephony.framework; path = System/Library/Frameworks/CoreTelephony.framework; sourceTree = SDKROOT; };
		BB07B7CB18F4301A00305D36 /* Accelerate.framework */ = {isa = PBXFileReference; lastKnownFileType = wrapper.framework; name = Accelerate.framework; path = System/Library/Frameworks/Accelerate.framework; sourceTree = SDKROOT; };
		BC3B242B19D849480049B6A7 /* JRSwizzle.h */ = {isa = PBXFileReference; fileEncoding = 4; lastKnownFileType = sourcecode.c.h; path = JRSwizzle.h; sourceTree = "<group>"; };
		BC3B242C19D849480049B6A7 /* JRSwizzle.m */ = {isa = PBXFileReference; fileEncoding = 4; lastKnownFileType = sourcecode.c.objc; path = JRSwizzle.m; sourceTree = "<group>"; };
		BCA5930119AF2F6700A30670 /* _MPTweakBindObserver.h */ = {isa = PBXFileReference; fileEncoding = 4; lastKnownFileType = sourcecode.c.h; path = _MPTweakBindObserver.h; sourceTree = "<group>"; };
		BCA5930219AF2F6700A30670 /* _MPTweakBindObserver.m */ = {isa = PBXFileReference; fileEncoding = 4; lastKnownFileType = sourcecode.c.objc; path = _MPTweakBindObserver.m; sourceTree = "<group>"; };
		BCA5930319AF2F6700A30670 /* Media.xcassets */ = {isa = PBXFileReference; lastKnownFileType = folder.assetcatalog; path = Media.xcassets; sourceTree = "<group>"; };
		BCA5930419AF2F6700A30670 /* Mixpanel.h */ = {isa = PBXFileReference; fileEncoding = 4; lastKnownFileType = sourcecode.c.h; path = Mixpanel.h; sourceTree = "<group>"; };
		BCA5930519AF2F6700A30670 /* Mixpanel.m */ = {isa = PBXFileReference; fileEncoding = 4; lastKnownFileType = sourcecode.c.objc; path = Mixpanel.m; sourceTree = "<group>"; };
		BCA5930619AF2F6700A30670 /* MPAbstractABTestDesignerMessage.h */ = {isa = PBXFileReference; fileEncoding = 4; lastKnownFileType = sourcecode.c.h; path = MPAbstractABTestDesignerMessage.h; sourceTree = "<group>"; };
		BCA5930719AF2F6700A30670 /* MPAbstractABTestDesignerMessage.m */ = {isa = PBXFileReference; fileEncoding = 4; lastKnownFileType = sourcecode.c.objc; path = MPAbstractABTestDesignerMessage.m; sourceTree = "<group>"; };
		BCA5930819AF2F6700A30670 /* MPABTestDesignerChangeRequestMessage.h */ = {isa = PBXFileReference; fileEncoding = 4; lastKnownFileType = sourcecode.c.h; path = MPABTestDesignerChangeRequestMessage.h; sourceTree = "<group>"; };
		BCA5930919AF2F6700A30670 /* MPABTestDesignerChangeRequestMessage.m */ = {isa = PBXFileReference; fileEncoding = 4; lastKnownFileType = sourcecode.c.objc; path = MPABTestDesignerChangeRequestMessage.m; sourceTree = "<group>"; };
		BCA5930A19AF2F6700A30670 /* MPABTestDesignerChangeResponseMessage.h */ = {isa = PBXFileReference; fileEncoding = 4; lastKnownFileType = sourcecode.c.h; path = MPABTestDesignerChangeResponseMessage.h; sourceTree = "<group>"; };
		BCA5930B19AF2F6700A30670 /* MPABTestDesignerChangeResponseMessage.m */ = {isa = PBXFileReference; fileEncoding = 4; lastKnownFileType = sourcecode.c.objc; path = MPABTestDesignerChangeResponseMessage.m; sourceTree = "<group>"; };
		BCA5930C19AF2F6700A30670 /* MPABTestDesignerClearRequestMessage.h */ = {isa = PBXFileReference; fileEncoding = 4; lastKnownFileType = sourcecode.c.h; path = MPABTestDesignerClearRequestMessage.h; sourceTree = "<group>"; };
		BCA5930D19AF2F6700A30670 /* MPABTestDesignerClearRequestMessage.m */ = {isa = PBXFileReference; fileEncoding = 4; lastKnownFileType = sourcecode.c.objc; path = MPABTestDesignerClearRequestMessage.m; sourceTree = "<group>"; };
		BCA5930E19AF2F6700A30670 /* MPABTestDesignerClearResponseMessage.h */ = {isa = PBXFileReference; fileEncoding = 4; lastKnownFileType = sourcecode.c.h; path = MPABTestDesignerClearResponseMessage.h; sourceTree = "<group>"; };
		BCA5930F19AF2F6700A30670 /* MPABTestDesignerClearResponseMessage.m */ = {isa = PBXFileReference; fileEncoding = 4; lastKnownFileType = sourcecode.c.objc; path = MPABTestDesignerClearResponseMessage.m; sourceTree = "<group>"; };
		BCA5931019AF2F6700A30670 /* MPABTestDesignerConnection.h */ = {isa = PBXFileReference; fileEncoding = 4; lastKnownFileType = sourcecode.c.h; path = MPABTestDesignerConnection.h; sourceTree = "<group>"; };
		BCA5931119AF2F6700A30670 /* MPABTestDesignerConnection.m */ = {isa = PBXFileReference; fileEncoding = 4; lastKnownFileType = sourcecode.c.objc; path = MPABTestDesignerConnection.m; sourceTree = "<group>"; };
		BCA5931219AF2F6700A30670 /* MPABTestDesignerDeviceInfoRequestMessage.h */ = {isa = PBXFileReference; fileEncoding = 4; lastKnownFileType = sourcecode.c.h; path = MPABTestDesignerDeviceInfoRequestMessage.h; sourceTree = "<group>"; };
		BCA5931319AF2F6700A30670 /* MPABTestDesignerDeviceInfoRequestMessage.m */ = {isa = PBXFileReference; fileEncoding = 4; lastKnownFileType = sourcecode.c.objc; path = MPABTestDesignerDeviceInfoRequestMessage.m; sourceTree = "<group>"; };
		BCA5931419AF2F6700A30670 /* MPABTestDesignerDeviceInfoResponseMessage.h */ = {isa = PBXFileReference; fileEncoding = 4; lastKnownFileType = sourcecode.c.h; path = MPABTestDesignerDeviceInfoResponseMessage.h; sourceTree = "<group>"; };
		BCA5931519AF2F6700A30670 /* MPABTestDesignerDeviceInfoResponseMessage.m */ = {isa = PBXFileReference; fileEncoding = 4; lastKnownFileType = sourcecode.c.objc; path = MPABTestDesignerDeviceInfoResponseMessage.m; sourceTree = "<group>"; };
		BCA5931619AF2F6700A30670 /* MPABTestDesignerDisconnectMessage.h */ = {isa = PBXFileReference; fileEncoding = 4; lastKnownFileType = sourcecode.c.h; path = MPABTestDesignerDisconnectMessage.h; sourceTree = "<group>"; };
		BCA5931719AF2F6700A30670 /* MPABTestDesignerDisconnectMessage.m */ = {isa = PBXFileReference; fileEncoding = 4; lastKnownFileType = sourcecode.c.objc; path = MPABTestDesignerDisconnectMessage.m; sourceTree = "<group>"; };
		BCA5931819AF2F6700A30670 /* MPABTestDesignerMessage.h */ = {isa = PBXFileReference; fileEncoding = 4; lastKnownFileType = sourcecode.c.h; path = MPABTestDesignerMessage.h; sourceTree = "<group>"; };
		BCA5931919AF2F6700A30670 /* MPABTestDesignerSnapshotRequestMessage.h */ = {isa = PBXFileReference; fileEncoding = 4; lastKnownFileType = sourcecode.c.h; path = MPABTestDesignerSnapshotRequestMessage.h; sourceTree = "<group>"; };
		BCA5931A19AF2F6700A30670 /* MPABTestDesignerSnapshotRequestMessage.m */ = {isa = PBXFileReference; fileEncoding = 4; lastKnownFileType = sourcecode.c.objc; path = MPABTestDesignerSnapshotRequestMessage.m; sourceTree = "<group>"; };
		BCA5931B19AF2F6700A30670 /* MPABTestDesignerSnapshotResponseMessage.h */ = {isa = PBXFileReference; fileEncoding = 4; lastKnownFileType = sourcecode.c.h; path = MPABTestDesignerSnapshotResponseMessage.h; sourceTree = "<group>"; };
		BCA5931C19AF2F6700A30670 /* MPABTestDesignerSnapshotResponseMessage.m */ = {isa = PBXFileReference; fileEncoding = 4; lastKnownFileType = sourcecode.c.objc; path = MPABTestDesignerSnapshotResponseMessage.m; sourceTree = "<group>"; };
		BCA5931D19AF2F6700A30670 /* MPABTestDesignerTweakRequestMessage.h */ = {isa = PBXFileReference; fileEncoding = 4; lastKnownFileType = sourcecode.c.h; path = MPABTestDesignerTweakRequestMessage.h; sourceTree = "<group>"; };
		BCA5931E19AF2F6700A30670 /* MPABTestDesignerTweakRequestMessage.m */ = {isa = PBXFileReference; fileEncoding = 4; lastKnownFileType = sourcecode.c.objc; path = MPABTestDesignerTweakRequestMessage.m; sourceTree = "<group>"; };
		BCA5931F19AF2F6700A30670 /* MPABTestDesignerTweakResponseMessage.h */ = {isa = PBXFileReference; fileEncoding = 4; lastKnownFileType = sourcecode.c.h; path = MPABTestDesignerTweakResponseMessage.h; sourceTree = "<group>"; };
		BCA5932019AF2F6700A30670 /* MPABTestDesignerTweakResponseMessage.m */ = {isa = PBXFileReference; fileEncoding = 4; lastKnownFileType = sourcecode.c.objc; path = MPABTestDesignerTweakResponseMessage.m; sourceTree = "<group>"; };
		BCA5932119AF2F6700A30670 /* MPApplicationStateSerializer.h */ = {isa = PBXFileReference; fileEncoding = 4; lastKnownFileType = sourcecode.c.h; path = MPApplicationStateSerializer.h; sourceTree = "<group>"; };
		BCA5932219AF2F6700A30670 /* MPApplicationStateSerializer.m */ = {isa = PBXFileReference; fileEncoding = 4; lastKnownFileType = sourcecode.c.objc; path = MPApplicationStateSerializer.m; sourceTree = "<group>"; };
		BCA5932319AF2F6700A30670 /* MPBOOLToNSNumberValueTransformer.m */ = {isa = PBXFileReference; fileEncoding = 4; lastKnownFileType = sourcecode.c.objc; path = MPBOOLToNSNumberValueTransformer.m; sourceTree = "<group>"; };
		BCA5932419AF2F6700A30670 /* MPCATransform3DToNSDictionaryValueTransformer.m */ = {isa = PBXFileReference; fileEncoding = 4; lastKnownFileType = sourcecode.c.objc; path = MPCATransform3DToNSDictionaryValueTransformer.m; sourceTree = "<group>"; };
		BCA5932519AF2F6700A30670 /* MPCGAffineTransformToNSDictionaryValueTransformer.m */ = {isa = PBXFileReference; fileEncoding = 4; lastKnownFileType = sourcecode.c.objc; path = MPCGAffineTransformToNSDictionaryValueTransformer.m; sourceTree = "<group>"; };
		BCA5932619AF2F6700A30670 /* MPCGColorRefToNSStringValueTransformer.m */ = {isa = PBXFileReference; fileEncoding = 4; lastKnownFileType = sourcecode.c.objc; path = MPCGColorRefToNSStringValueTransformer.m; sourceTree = "<group>"; };
		BCA5932719AF2F6700A30670 /* MPCGPointToNSDictionaryValueTransformer.m */ = {isa = PBXFileReference; fileEncoding = 4; lastKnownFileType = sourcecode.c.objc; path = MPCGPointToNSDictionaryValueTransformer.m; sourceTree = "<group>"; };
		BCA5932819AF2F6700A30670 /* MPCGRectToNSDictionaryValueTransformer.m */ = {isa = PBXFileReference; fileEncoding = 4; lastKnownFileType = sourcecode.c.objc; path = MPCGRectToNSDictionaryValueTransformer.m; sourceTree = "<group>"; };
		BCA5932919AF2F6700A30670 /* MPCGSizeToNSDictionaryValueTransformer.m */ = {isa = PBXFileReference; fileEncoding = 4; lastKnownFileType = sourcecode.c.objc; path = MPCGSizeToNSDictionaryValueTransformer.m; sourceTree = "<group>"; };
		BCA5932A19AF2F6700A30670 /* MPClassDescription.h */ = {isa = PBXFileReference; fileEncoding = 4; lastKnownFileType = sourcecode.c.h; path = MPClassDescription.h; sourceTree = "<group>"; };
		BCA5932B19AF2F6700A30670 /* MPClassDescription.m */ = {isa = PBXFileReference; fileEncoding = 4; lastKnownFileType = sourcecode.c.objc; path = MPClassDescription.m; sourceTree = "<group>"; };
		BCA5932C19AF2F6700A30670 /* MPCloseBtn.png */ = {isa = PBXFileReference; lastKnownFileType = image.png; path = MPCloseBtn.png; sourceTree = "<group>"; };
		BCA5932D19AF2F6700A30670 /* MPCloseBtn@2x.png */ = {isa = PBXFileReference; lastKnownFileType = image.png; path = "MPCloseBtn@2x.png"; sourceTree = "<group>"; };
		BCA5932E19AF2F6700A30670 /* MPEnumDescription.h */ = {isa = PBXFileReference; fileEncoding = 4; lastKnownFileType = sourcecode.c.h; path = MPEnumDescription.h; sourceTree = "<group>"; };
		BCA5932F19AF2F6700A30670 /* MPEnumDescription.m */ = {isa = PBXFileReference; fileEncoding = 4; lastKnownFileType = sourcecode.c.objc; path = MPEnumDescription.m; sourceTree = "<group>"; };
		BCA5933019AF2F6700A30670 /* MPNotification.h */ = {isa = PBXFileReference; fileEncoding = 4; lastKnownFileType = sourcecode.c.h; path = MPNotification.h; sourceTree = "<group>"; };
		BCA5933119AF2F6700A30670 /* MPNotification.m */ = {isa = PBXFileReference; fileEncoding = 4; lastKnownFileType = sourcecode.c.objc; path = MPNotification.m; sourceTree = "<group>"; };
		BCA5933219AF2F6700A30670 /* MPNotification.storyboard */ = {isa = PBXFileReference; fileEncoding = 4; lastKnownFileType = file.storyboard; path = MPNotification.storyboard; sourceTree = "<group>"; };
		BCA5933319AF2F6700A30670 /* MPNotificationViewController.h */ = {isa = PBXFileReference; fileEncoding = 4; lastKnownFileType = sourcecode.c.h; path = MPNotificationViewController.h; sourceTree = "<group>"; };
		BCA5933419AF2F6700A30670 /* MPNotificationViewController.m */ = {isa = PBXFileReference; fileEncoding = 4; lastKnownFileType = sourcecode.c.objc; path = MPNotificationViewController.m; sourceTree = "<group>"; };
		BCA5933519AF2F6700A30670 /* MPNSAttributedStringToNSDictionaryValueTransformer.m */ = {isa = PBXFileReference; fileEncoding = 4; lastKnownFileType = sourcecode.c.objc; path = MPNSAttributedStringToNSDictionaryValueTransformer.m; sourceTree = "<group>"; };
		BCA5933619AF2F6700A30670 /* MPNSNumberToCGFloatValueTransformer.m */ = {isa = PBXFileReference; fileEncoding = 4; lastKnownFileType = sourcecode.c.objc; path = MPNSNumberToCGFloatValueTransformer.m; sourceTree = "<group>"; };
		BCA5933719AF2F6700A30670 /* MPObjectIdentifierProvider.h */ = {isa = PBXFileReference; fileEncoding = 4; lastKnownFileType = sourcecode.c.h; path = MPObjectIdentifierProvider.h; sourceTree = "<group>"; };
		BCA5933819AF2F6700A30670 /* MPObjectIdentityProvider.h */ = {isa = PBXFileReference; fileEncoding = 4; lastKnownFileType = sourcecode.c.h; path = MPObjectIdentityProvider.h; sourceTree = "<group>"; };
		BCA5933919AF2F6700A30670 /* MPObjectIdentityProvider.m */ = {isa = PBXFileReference; fileEncoding = 4; lastKnownFileType = sourcecode.c.objc; path = MPObjectIdentityProvider.m; sourceTree = "<group>"; };
		BCA5933A19AF2F6700A30670 /* MPObjectSelector.h */ = {isa = PBXFileReference; fileEncoding = 4; lastKnownFileType = sourcecode.c.h; path = MPObjectSelector.h; sourceTree = "<group>"; };
		BCA5933B19AF2F6700A30670 /* MPObjectSelector.m */ = {isa = PBXFileReference; fileEncoding = 4; lastKnownFileType = sourcecode.c.objc; path = MPObjectSelector.m; sourceTree = "<group>"; };
		BCA5933C19AF2F6700A30670 /* MPObjectSerializer.h */ = {isa = PBXFileReference; fileEncoding = 4; lastKnownFileType = sourcecode.c.h; path = MPObjectSerializer.h; sourceTree = "<group>"; };
		BCA5933D19AF2F6700A30670 /* MPObjectSerializer.m */ = {isa = PBXFileReference; fileEncoding = 4; lastKnownFileType = sourcecode.c.objc; path = MPObjectSerializer.m; sourceTree = "<group>"; };
		BCA5933E19AF2F6700A30670 /* MPObjectSerializerConfig.h */ = {isa = PBXFileReference; fileEncoding = 4; lastKnownFileType = sourcecode.c.h; path = MPObjectSerializerConfig.h; sourceTree = "<group>"; };
		BCA5933F19AF2F6700A30670 /* MPObjectSerializerConfig.m */ = {isa = PBXFileReference; fileEncoding = 4; lastKnownFileType = sourcecode.c.objc; path = MPObjectSerializerConfig.m; sourceTree = "<group>"; };
		BCA5934019AF2F6700A30670 /* MPObjectSerializerContext.h */ = {isa = PBXFileReference; fileEncoding = 4; lastKnownFileType = sourcecode.c.h; path = MPObjectSerializerContext.h; sourceTree = "<group>"; };
		BCA5934119AF2F6700A30670 /* MPObjectSerializerContext.m */ = {isa = PBXFileReference; fileEncoding = 4; lastKnownFileType = sourcecode.c.objc; path = MPObjectSerializerContext.m; sourceTree = "<group>"; };
		BCA5934219AF2F6700A30670 /* MPPassThroughValueTransformer.m */ = {isa = PBXFileReference; fileEncoding = 4; lastKnownFileType = sourcecode.c.objc; path = MPPassThroughValueTransformer.m; sourceTree = "<group>"; };
		BCA5934319AF2F6700A30670 /* MPPropertyDescription.h */ = {isa = PBXFileReference; fileEncoding = 4; lastKnownFileType = sourcecode.c.h; path = MPPropertyDescription.h; sourceTree = "<group>"; };
		BCA5934419AF2F6700A30670 /* MPPropertyDescription.m */ = {isa = PBXFileReference; fileEncoding = 4; lastKnownFileType = sourcecode.c.objc; path = MPPropertyDescription.m; sourceTree = "<group>"; };
		BCA5934519AF2F6700A30670 /* MPSequenceGenerator.h */ = {isa = PBXFileReference; fileEncoding = 4; lastKnownFileType = sourcecode.c.h; path = MPSequenceGenerator.h; sourceTree = "<group>"; };
		BCA5934619AF2F6700A30670 /* MPSequenceGenerator.m */ = {isa = PBXFileReference; fileEncoding = 4; lastKnownFileType = sourcecode.c.objc; path = MPSequenceGenerator.m; sourceTree = "<group>"; };
		BCA5934719AF2F6700A30670 /* MPSurvey.h */ = {isa = PBXFileReference; fileEncoding = 4; lastKnownFileType = sourcecode.c.h; path = MPSurvey.h; sourceTree = "<group>"; };
		BCA5934819AF2F6700A30670 /* MPSurvey.m */ = {isa = PBXFileReference; fileEncoding = 4; lastKnownFileType = sourcecode.c.objc; path = MPSurvey.m; sourceTree = "<group>"; };
		BCA5934919AF2F6700A30670 /* MPSurvey.storyboard */ = {isa = PBXFileReference; fileEncoding = 4; lastKnownFileType = file.storyboard; path = MPSurvey.storyboard; sourceTree = "<group>"; };
		BCA5934A19AF2F6700A30670 /* MPSurveyNavigationController.h */ = {isa = PBXFileReference; fileEncoding = 4; lastKnownFileType = sourcecode.c.h; path = MPSurveyNavigationController.h; sourceTree = "<group>"; };
		BCA5934B19AF2F6700A30670 /* MPSurveyNavigationController.m */ = {isa = PBXFileReference; fileEncoding = 4; lastKnownFileType = sourcecode.c.objc; path = MPSurveyNavigationController.m; sourceTree = "<group>"; };
		BCA5934C19AF2F6700A30670 /* MPSurveyQuestion.h */ = {isa = PBXFileReference; fileEncoding = 4; lastKnownFileType = sourcecode.c.h; path = MPSurveyQuestion.h; sourceTree = "<group>"; };
		BCA5934D19AF2F6700A30670 /* MPSurveyQuestion.m */ = {isa = PBXFileReference; fileEncoding = 4; lastKnownFileType = sourcecode.c.objc; path = MPSurveyQuestion.m; sourceTree = "<group>"; };
		BCA5934E19AF2F6700A30670 /* MPSurveyQuestionViewController.h */ = {isa = PBXFileReference; fileEncoding = 4; lastKnownFileType = sourcecode.c.h; path = MPSurveyQuestionViewController.h; sourceTree = "<group>"; };
		BCA5934F19AF2F6700A30670 /* MPSurveyQuestionViewController.m */ = {isa = PBXFileReference; fileEncoding = 4; lastKnownFileType = sourcecode.c.objc; path = MPSurveyQuestionViewController.m; sourceTree = "<group>"; };
		BCA5935019AF2F6700A30670 /* MPSwizzler.h */ = {isa = PBXFileReference; fileEncoding = 4; lastKnownFileType = sourcecode.c.h; path = MPSwizzler.h; sourceTree = "<group>"; };
		BCA5935119AF2F6700A30670 /* MPSwizzler.m */ = {isa = PBXFileReference; fileEncoding = 4; lastKnownFileType = sourcecode.c.objc; path = MPSwizzler.m; sourceTree = "<group>"; };
		BCA5935219AF2F6700A30670 /* MPTweak.h */ = {isa = PBXFileReference; fileEncoding = 4; lastKnownFileType = sourcecode.c.h; path = MPTweak.h; sourceTree = "<group>"; };
		BCA5935319AF2F6700A30670 /* MPTweak.m */ = {isa = PBXFileReference; fileEncoding = 4; lastKnownFileType = sourcecode.c.objc; path = MPTweak.m; sourceTree = "<group>"; };
		BCA5935419AF2F6700A30670 /* MPTweakInline.h */ = {isa = PBXFileReference; fileEncoding = 4; lastKnownFileType = sourcecode.c.h; path = MPTweakInline.h; sourceTree = "<group>"; };
		BCA5935519AF2F6700A30670 /* MPTweakInline.m */ = {isa = PBXFileReference; fileEncoding = 4; lastKnownFileType = sourcecode.c.objc; path = MPTweakInline.m; sourceTree = "<group>"; };
		BCA5935619AF2F6700A30670 /* MPTweakInlineInternal.h */ = {isa = PBXFileReference; fileEncoding = 4; lastKnownFileType = sourcecode.c.h; path = MPTweakInlineInternal.h; sourceTree = "<group>"; };
		BCA5935719AF2F6700A30670 /* MPTweakStore.h */ = {isa = PBXFileReference; fileEncoding = 4; lastKnownFileType = sourcecode.c.h; path = MPTweakStore.h; sourceTree = "<group>"; };
		BCA5935819AF2F6700A30670 /* MPTweakStore.m */ = {isa = PBXFileReference; fileEncoding = 4; lastKnownFileType = sourcecode.c.objc; path = MPTweakStore.m; sourceTree = "<group>"; };
		BCA5935919AF2F6700A30670 /* MPTypeDescription.h */ = {isa = PBXFileReference; fileEncoding = 4; lastKnownFileType = sourcecode.c.h; path = MPTypeDescription.h; sourceTree = "<group>"; };
		BCA5935A19AF2F6700A30670 /* MPTypeDescription.m */ = {isa = PBXFileReference; fileEncoding = 4; lastKnownFileType = sourcecode.c.objc; path = MPTypeDescription.m; sourceTree = "<group>"; };
		BCA5935B19AF2F6700A30670 /* MPUIColorToNSStringValueTransformer.m */ = {isa = PBXFileReference; fileEncoding = 4; lastKnownFileType = sourcecode.c.objc; path = MPUIColorToNSStringValueTransformer.m; sourceTree = "<group>"; };
		BCA5935C19AF2F6700A30670 /* MPUIEdgeInsetsToNSDictionaryValueTransformer.m */ = {isa = PBXFileReference; fileEncoding = 4; lastKnownFileType = sourcecode.c.objc; path = MPUIEdgeInsetsToNSDictionaryValueTransformer.m; sourceTree = "<group>"; };
		BCA5935D19AF2F6700A30670 /* MPUIFontToNSDictionaryValueTransformer.m */ = {isa = PBXFileReference; fileEncoding = 4; lastKnownFileType = sourcecode.c.objc; path = MPUIFontToNSDictionaryValueTransformer.m; sourceTree = "<group>"; };
		BCA5935E19AF2F6800A30670 /* MPUIImageToNSDictionaryValueTransformer.m */ = {isa = PBXFileReference; fileEncoding = 4; lastKnownFileType = sourcecode.c.objc; path = MPUIImageToNSDictionaryValueTransformer.m; sourceTree = "<group>"; };
		BCA5935F19AF2F6800A30670 /* MPValueTransformers.h */ = {isa = PBXFileReference; fileEncoding = 4; lastKnownFileType = sourcecode.c.h; path = MPValueTransformers.h; sourceTree = "<group>"; };
		BCA5936019AF2F6800A30670 /* MPVariant.h */ = {isa = PBXFileReference; fileEncoding = 4; lastKnownFileType = sourcecode.c.h; path = MPVariant.h; sourceTree = "<group>"; };
		BCA5936119AF2F6800A30670 /* MPVariant.m */ = {isa = PBXFileReference; fileEncoding = 4; lastKnownFileType = sourcecode.c.objc; path = MPVariant.m; sourceTree = "<group>"; };
		BCA5936219AF2F6800A30670 /* MPWebSocket.h */ = {isa = PBXFileReference; fileEncoding = 4; lastKnownFileType = sourcecode.c.h; path = MPWebSocket.h; sourceTree = "<group>"; };
		BCA5936319AF2F6800A30670 /* MPWebSocket.m */ = {isa = PBXFileReference; fileEncoding = 4; lastKnownFileType = sourcecode.c.objc; path = MPWebSocket.m; sourceTree = "<group>"; };
		BCA5936419AF2F6800A30670 /* NSData+MPBase64.h */ = {isa = PBXFileReference; fileEncoding = 4; lastKnownFileType = sourcecode.c.h; path = "NSData+MPBase64.h"; sourceTree = "<group>"; };
		BCA5936519AF2F6800A30670 /* NSData+MPBase64.m */ = {isa = PBXFileReference; fileEncoding = 4; lastKnownFileType = sourcecode.c.objc; path = "NSData+MPBase64.m"; sourceTree = "<group>"; };
		BCA5936619AF2F6800A30670 /* NSInvocation+MPHelpers.h */ = {isa = PBXFileReference; fileEncoding = 4; lastKnownFileType = sourcecode.c.h; path = "NSInvocation+MPHelpers.h"; sourceTree = "<group>"; };
		BCA5936719AF2F6800A30670 /* NSInvocation+MPHelpers.m */ = {isa = PBXFileReference; fileEncoding = 4; lastKnownFileType = sourcecode.c.objc; path = "NSInvocation+MPHelpers.m"; sourceTree = "<group>"; };
		BCA5936819AF2F6800A30670 /* snapshot_config.json */ = {isa = PBXFileReference; fileEncoding = 4; lastKnownFileType = text.json; path = snapshot_config.json; sourceTree = "<group>"; };
		BCA5936919AF2F6800A30670 /* test_variant.json */ = {isa = PBXFileReference; fileEncoding = 4; lastKnownFileType = text.json; path = test_variant.json; sourceTree = "<group>"; };
		BCA5936A19AF2F6800A30670 /* UIColor+MPColor.h */ = {isa = PBXFileReference; fileEncoding = 4; lastKnownFileType = sourcecode.c.h; path = "UIColor+MPColor.h"; sourceTree = "<group>"; };
		BCA5936B19AF2F6800A30670 /* UIColor+MPColor.m */ = {isa = PBXFileReference; fileEncoding = 4; lastKnownFileType = sourcecode.c.objc; path = "UIColor+MPColor.m"; sourceTree = "<group>"; };
		BCA5936C19AF2F6800A30670 /* UIImage+MPAverageColor.h */ = {isa = PBXFileReference; fileEncoding = 4; lastKnownFileType = sourcecode.c.h; path = "UIImage+MPAverageColor.h"; sourceTree = "<group>"; };
		BCA5936D19AF2F6800A30670 /* UIImage+MPAverageColor.m */ = {isa = PBXFileReference; fileEncoding = 4; lastKnownFileType = sourcecode.c.objc; path = "UIImage+MPAverageColor.m"; sourceTree = "<group>"; };
		BCA5936E19AF2F6800A30670 /* UIImage+MPImageEffects.h */ = {isa = PBXFileReference; fileEncoding = 4; lastKnownFileType = sourcecode.c.h; path = "UIImage+MPImageEffects.h"; sourceTree = "<group>"; };
		BCA5936F19AF2F6800A30670 /* UIImage+MPImageEffects.m */ = {isa = PBXFileReference; fileEncoding = 4; lastKnownFileType = sourcecode.c.objc; path = "UIImage+MPImageEffects.m"; sourceTree = "<group>"; };
		BCA5937019AF2F6800A30670 /* UIView+MPSnapshotImage.h */ = {isa = PBXFileReference; fileEncoding = 4; lastKnownFileType = sourcecode.c.h; path = "UIView+MPSnapshotImage.h"; sourceTree = "<group>"; };
		BCA5937119AF2F6800A30670 /* UIView+MPSnapshotImage.m */ = {isa = PBXFileReference; fileEncoding = 4; lastKnownFileType = sourcecode.c.objc; path = "UIView+MPSnapshotImage.m"; sourceTree = "<group>"; };
		D2AAC07E0554694100DB518D /* libSeHyperlabMixpanel.a */ = {isa = PBXFileReference; explicitFileType = archive.ar; includeInIndex = 0; path = libSeHyperlabMixpanel.a; sourceTree = BUILT_PRODUCTS_DIR; };
/* End PBXFileReference section */

/* Begin PBXFrameworksBuildPhase section */
		D2AAC07C0554694100DB518D /* Frameworks */ = {
			isa = PBXFrameworksBuildPhase;
			buildActionMask = 2147483647;
			files = (
				BB07B7CC18F4301A00305D36 /* Accelerate.framework in Frameworks */,
				BB07B7CA18F4301100305D36 /* CoreTelephony.framework in Frameworks */,
				BB07B7C818F4300800305D36 /* SystemConfiguration.framework in Frameworks */,
				BB07B7C618F42FFC00305D36 /* QuartzCore.framework in Frameworks */,
				BB07B7C418F42FED00305D36 /* CoreGraphics.framework in Frameworks */,
				BB07B7C218F42FA400305D36 /* UIKit.framework in Frameworks */,
				AACBBE4A0F95108600F1A2B1 /* Foundation.framework in Frameworks */,
			);
			runOnlyForDeploymentPostprocessing = 0;
		};
/* End PBXFrameworksBuildPhase section */

/* Begin PBXGroup section */
		034768DFFF38A50411DB9C8B /* Products */ = {
			isa = PBXGroup;
			children = (
				D2AAC07E0554694100DB518D /* libSeHyperlabMixpanel.a */,
			);
			name = Products;
			sourceTree = "<group>";
		};
		0867D691FE84028FC02AAC07 /* TiMixpanel */ = {
			isa = PBXGroup;
			children = (
				08FB77AEFE84172EC02AAC07 /* Classes */,
				32C88DFF0371C24200C91783 /* Other Sources */,
				0867D69AFE84028FC02AAC07 /* Frameworks */,
				034768DFFF38A50411DB9C8B /* Products */,
				BCA592FF19AF2F3400A30670 /* Vendor */,
			);
			name = TiMixpanel;
			sourceTree = "<group>";
		};
		0867D69AFE84028FC02AAC07 /* Frameworks */ = {
			isa = PBXGroup;
			children = (
				BB07B7CB18F4301A00305D36 /* Accelerate.framework */,
				BB07B7C918F4301100305D36 /* CoreTelephony.framework */,
				BB07B7C718F4300800305D36 /* SystemConfiguration.framework */,
				BB07B7C518F42FFC00305D36 /* QuartzCore.framework */,
				BB07B7C318F42FED00305D36 /* CoreGraphics.framework */,
				BB07B7C118F42FA400305D36 /* UIKit.framework */,
				AACBBE490F95108600F1A2B1 /* Foundation.framework */,
			);
			name = Frameworks;
			sourceTree = "<group>";
		};
		08FB77AEFE84172EC02AAC07 /* Classes */ = {
			isa = PBXGroup;
			children = (
				24DE9E0F11C5FE74003F90F6 /* SeHyperlabMixpanelModuleAssets.h */,
				24DE9E1011C5FE74003F90F6 /* SeHyperlabMixpanelModuleAssets.m */,
				24DD6CF71134B3F500162E58 /* SeHyperlabMixpanelModule.h */,
				24DD6CF81134B3F500162E58 /* SeHyperlabMixpanelModule.m */,
			);
			name = Classes;
			sourceTree = "<group>";
		};
		32C88DFF0371C24200C91783 /* Other Sources */ = {
			isa = PBXGroup;
			children = (
				AA747D9E0F9514B9006C5449 /* SeHyperlabMixpanel_Prefix.pch */,
				24DD6D1B1134B66800162E58 /* titanium.xcconfig */,
			);
			name = "Other Sources";
			sourceTree = "<group>";
		};
		BC3B242A19D849480049B6A7 /* JRSwizzle */ = {
			isa = PBXGroup;
			children = (
				BC3B242B19D849480049B6A7 /* JRSwizzle.h */,
				BC3B242C19D849480049B6A7 /* JRSwizzle.m */,
			);
			name = JRSwizzle;
			path = Vendor/JRSwizzle;
			sourceTree = "<group>";
		};
		BCA592FF19AF2F3400A30670 /* Vendor */ = {
			isa = PBXGroup;
			children = (
				BC3B242A19D849480049B6A7 /* JRSwizzle */,
				BCA5930019AF2F6700A30670 /* Mixpanel */,
			);
			name = Vendor;
			sourceTree = "<group>";
		};
		BCA5930019AF2F6700A30670 /* Mixpanel */ = {
			isa = PBXGroup;
			children = (
				BCA5930119AF2F6700A30670 /* _MPTweakBindObserver.h */,
				BCA5930219AF2F6700A30670 /* _MPTweakBindObserver.m */,
				BCA5930319AF2F6700A30670 /* Media.xcassets */,
				BCA5930419AF2F6700A30670 /* Mixpanel.h */,
				BCA5930519AF2F6700A30670 /* Mixpanel.m */,
				BCA5930619AF2F6700A30670 /* MPAbstractABTestDesignerMessage.h */,
				BCA5930719AF2F6700A30670 /* MPAbstractABTestDesignerMessage.m */,
				BCA5930819AF2F6700A30670 /* MPABTestDesignerChangeRequestMessage.h */,
				BCA5930919AF2F6700A30670 /* MPABTestDesignerChangeRequestMessage.m */,
				BCA5930A19AF2F6700A30670 /* MPABTestDesignerChangeResponseMessage.h */,
				BCA5930B19AF2F6700A30670 /* MPABTestDesignerChangeResponseMessage.m */,
				BCA5930C19AF2F6700A30670 /* MPABTestDesignerClearRequestMessage.h */,
				BCA5930D19AF2F6700A30670 /* MPABTestDesignerClearRequestMessage.m */,
				BCA5930E19AF2F6700A30670 /* MPABTestDesignerClearResponseMessage.h */,
				BCA5930F19AF2F6700A30670 /* MPABTestDesignerClearResponseMessage.m */,
				BCA5931019AF2F6700A30670 /* MPABTestDesignerConnection.h */,
				BCA5931119AF2F6700A30670 /* MPABTestDesignerConnection.m */,
				BCA5931219AF2F6700A30670 /* MPABTestDesignerDeviceInfoRequestMessage.h */,
				BCA5931319AF2F6700A30670 /* MPABTestDesignerDeviceInfoRequestMessage.m */,
				BCA5931419AF2F6700A30670 /* MPABTestDesignerDeviceInfoResponseMessage.h */,
				BCA5931519AF2F6700A30670 /* MPABTestDesignerDeviceInfoResponseMessage.m */,
				BCA5931619AF2F6700A30670 /* MPABTestDesignerDisconnectMessage.h */,
				BCA5931719AF2F6700A30670 /* MPABTestDesignerDisconnectMessage.m */,
				BCA5931819AF2F6700A30670 /* MPABTestDesignerMessage.h */,
				BCA5931919AF2F6700A30670 /* MPABTestDesignerSnapshotRequestMessage.h */,
				BCA5931A19AF2F6700A30670 /* MPABTestDesignerSnapshotRequestMessage.m */,
				BCA5931B19AF2F6700A30670 /* MPABTestDesignerSnapshotResponseMessage.h */,
				BCA5931C19AF2F6700A30670 /* MPABTestDesignerSnapshotResponseMessage.m */,
				BCA5931D19AF2F6700A30670 /* MPABTestDesignerTweakRequestMessage.h */,
				BCA5931E19AF2F6700A30670 /* MPABTestDesignerTweakRequestMessage.m */,
				BCA5931F19AF2F6700A30670 /* MPABTestDesignerTweakResponseMessage.h */,
				BCA5932019AF2F6700A30670 /* MPABTestDesignerTweakResponseMessage.m */,
				BCA5932119AF2F6700A30670 /* MPApplicationStateSerializer.h */,
				BCA5932219AF2F6700A30670 /* MPApplicationStateSerializer.m */,
				BCA5932319AF2F6700A30670 /* MPBOOLToNSNumberValueTransformer.m */,
				BCA5932419AF2F6700A30670 /* MPCATransform3DToNSDictionaryValueTransformer.m */,
				BCA5932519AF2F6700A30670 /* MPCGAffineTransformToNSDictionaryValueTransformer.m */,
				BCA5932619AF2F6700A30670 /* MPCGColorRefToNSStringValueTransformer.m */,
				BCA5932719AF2F6700A30670 /* MPCGPointToNSDictionaryValueTransformer.m */,
				BCA5932819AF2F6700A30670 /* MPCGRectToNSDictionaryValueTransformer.m */,
				BCA5932919AF2F6700A30670 /* MPCGSizeToNSDictionaryValueTransformer.m */,
				BCA5932A19AF2F6700A30670 /* MPClassDescription.h */,
				BCA5932B19AF2F6700A30670 /* MPClassDescription.m */,
				BCA5932C19AF2F6700A30670 /* MPCloseBtn.png */,
				BCA5932D19AF2F6700A30670 /* MPCloseBtn@2x.png */,
				BCA5932E19AF2F6700A30670 /* MPEnumDescription.h */,
				BCA5932F19AF2F6700A30670 /* MPEnumDescription.m */,
				BCA5933019AF2F6700A30670 /* MPNotification.h */,
				BCA5933119AF2F6700A30670 /* MPNotification.m */,
				BCA5933219AF2F6700A30670 /* MPNotification.storyboard */,
				BCA5933319AF2F6700A30670 /* MPNotificationViewController.h */,
				BCA5933419AF2F6700A30670 /* MPNotificationViewController.m */,
				BCA5933519AF2F6700A30670 /* MPNSAttributedStringToNSDictionaryValueTransformer.m */,
				BCA5933619AF2F6700A30670 /* MPNSNumberToCGFloatValueTransformer.m */,
				BCA5933719AF2F6700A30670 /* MPObjectIdentifierProvider.h */,
				BCA5933819AF2F6700A30670 /* MPObjectIdentityProvider.h */,
				BCA5933919AF2F6700A30670 /* MPObjectIdentityProvider.m */,
				BCA5933A19AF2F6700A30670 /* MPObjectSelector.h */,
				BCA5933B19AF2F6700A30670 /* MPObjectSelector.m */,
				BCA5933C19AF2F6700A30670 /* MPObjectSerializer.h */,
				BCA5933D19AF2F6700A30670 /* MPObjectSerializer.m */,
				BCA5933E19AF2F6700A30670 /* MPObjectSerializerConfig.h */,
				BCA5933F19AF2F6700A30670 /* MPObjectSerializerConfig.m */,
				BCA5934019AF2F6700A30670 /* MPObjectSerializerContext.h */,
				BCA5934119AF2F6700A30670 /* MPObjectSerializerContext.m */,
				BCA5934219AF2F6700A30670 /* MPPassThroughValueTransformer.m */,
				BCA5934319AF2F6700A30670 /* MPPropertyDescription.h */,
				BCA5934419AF2F6700A30670 /* MPPropertyDescription.m */,
				BCA5934519AF2F6700A30670 /* MPSequenceGenerator.h */,
				BCA5934619AF2F6700A30670 /* MPSequenceGenerator.m */,
				BCA5934719AF2F6700A30670 /* MPSurvey.h */,
				BCA5934819AF2F6700A30670 /* MPSurvey.m */,
				BCA5934919AF2F6700A30670 /* MPSurvey.storyboard */,
				BCA5934A19AF2F6700A30670 /* MPSurveyNavigationController.h */,
				BCA5934B19AF2F6700A30670 /* MPSurveyNavigationController.m */,
				BCA5934C19AF2F6700A30670 /* MPSurveyQuestion.h */,
				BCA5934D19AF2F6700A30670 /* MPSurveyQuestion.m */,
				BCA5934E19AF2F6700A30670 /* MPSurveyQuestionViewController.h */,
				BCA5934F19AF2F6700A30670 /* MPSurveyQuestionViewController.m */,
				BCA5935019AF2F6700A30670 /* MPSwizzler.h */,
				BCA5935119AF2F6700A30670 /* MPSwizzler.m */,
				BCA5935219AF2F6700A30670 /* MPTweak.h */,
				BCA5935319AF2F6700A30670 /* MPTweak.m */,
				BCA5935419AF2F6700A30670 /* MPTweakInline.h */,
				BCA5935519AF2F6700A30670 /* MPTweakInline.m */,
				BCA5935619AF2F6700A30670 /* MPTweakInlineInternal.h */,
				BCA5935719AF2F6700A30670 /* MPTweakStore.h */,
				BCA5935819AF2F6700A30670 /* MPTweakStore.m */,
				BCA5935919AF2F6700A30670 /* MPTypeDescription.h */,
				BCA5935A19AF2F6700A30670 /* MPTypeDescription.m */,
				BCA5935B19AF2F6700A30670 /* MPUIColorToNSStringValueTransformer.m */,
				BCA5935C19AF2F6700A30670 /* MPUIEdgeInsetsToNSDictionaryValueTransformer.m */,
				BCA5935D19AF2F6700A30670 /* MPUIFontToNSDictionaryValueTransformer.m */,
				BCA5935E19AF2F6800A30670 /* MPUIImageToNSDictionaryValueTransformer.m */,
				BCA5935F19AF2F6800A30670 /* MPValueTransformers.h */,
				BCA5936019AF2F6800A30670 /* MPVariant.h */,
				BCA5936119AF2F6800A30670 /* MPVariant.m */,
				BCA5936219AF2F6800A30670 /* MPWebSocket.h */,
				BCA5936319AF2F6800A30670 /* MPWebSocket.m */,
				BCA5936419AF2F6800A30670 /* NSData+MPBase64.h */,
				BCA5936519AF2F6800A30670 /* NSData+MPBase64.m */,
				BCA5936619AF2F6800A30670 /* NSInvocation+MPHelpers.h */,
				BCA5936719AF2F6800A30670 /* NSInvocation+MPHelpers.m */,
				BCA5936819AF2F6800A30670 /* snapshot_config.json */,
				BCA5936919AF2F6800A30670 /* test_variant.json */,
				BCA5936A19AF2F6800A30670 /* UIColor+MPColor.h */,
				BCA5936B19AF2F6800A30670 /* UIColor+MPColor.m */,
				BCA5936C19AF2F6800A30670 /* UIImage+MPAverageColor.h */,
				BCA5936D19AF2F6800A30670 /* UIImage+MPAverageColor.m */,
				BCA5936E19AF2F6800A30670 /* UIImage+MPImageEffects.h */,
				BCA5936F19AF2F6800A30670 /* UIImage+MPImageEffects.m */,
				BCA5937019AF2F6800A30670 /* UIView+MPSnapshotImage.h */,
				BCA5937119AF2F6800A30670 /* UIView+MPSnapshotImage.m */,
			);
			name = Mixpanel;
			path = Vendor/Mixpanel;
			sourceTree = "<group>";
		};
/* End PBXGroup section */

/* Begin PBXHeadersBuildPhase section */
		D2AAC07A0554694100DB518D /* Headers */ = {
			isa = PBXHeadersBuildPhase;
			buildActionMask = 2147483647;
			files = (
				BCA5938819AF2F6800A30670 /* MPABTestDesignerMessage.h in Headers */,
				BCA5938019AF2F6800A30670 /* MPABTestDesignerConnection.h in Headers */,
				BCA5938419AF2F6800A30670 /* MPABTestDesignerDeviceInfoResponseMessage.h in Headers */,
				BCA593B619AF2F6800A30670 /* MPSurveyNavigationController.h in Headers */,
				BCA593D819AF2F6800A30670 /* UIImage+MPImageEffects.h in Headers */,
				BCA5937C19AF2F6800A30670 /* MPABTestDesignerClearRequestMessage.h in Headers */,
				BCA593C019AF2F6800A30670 /* MPTweakInline.h in Headers */,
				BCA593A919AF2F6800A30670 /* MPObjectSerializer.h in Headers */,
				BCA593CC19AF2F6800A30670 /* MPVariant.h in Headers */,
				BCA593CE19AF2F6800A30670 /* MPWebSocket.h in Headers */,
				BCA5937A19AF2F6800A30670 /* MPABTestDesignerChangeResponseMessage.h in Headers */,
				BCA5939E19AF2F6800A30670 /* MPNotification.h in Headers */,
				BCA593BC19AF2F6800A30670 /* MPSwizzler.h in Headers */,
				BCA593BA19AF2F6800A30670 /* MPSurveyQuestionViewController.h in Headers */,
				BCA593D219AF2F6800A30670 /* NSInvocation+MPHelpers.h in Headers */,
				BCA593AB19AF2F6800A30670 /* MPObjectSerializerConfig.h in Headers */,
				BCA593B219AF2F6800A30670 /* MPSequenceGenerator.h in Headers */,
				BCA5939C19AF2F6800A30670 /* MPEnumDescription.h in Headers */,
				BCA593B019AF2F6800A30670 /* MPPropertyDescription.h in Headers */,
				BCA5938219AF2F6800A30670 /* MPABTestDesignerDeviceInfoRequestMessage.h in Headers */,
				BCA5937E19AF2F6800A30670 /* MPABTestDesignerClearResponseMessage.h in Headers */,
				AA747D9F0F9514B9006C5449 /* SeHyperlabMixpanel_Prefix.pch in Headers */,
				BCA593C219AF2F6800A30670 /* MPTweakInlineInternal.h in Headers */,
				BCA5939119AF2F6800A30670 /* MPApplicationStateSerializer.h in Headers */,
				BCA593C519AF2F6800A30670 /* MPTypeDescription.h in Headers */,
				BCA5937219AF2F6800A30670 /* _MPTweakBindObserver.h in Headers */,
				24DD6CF91134B3F500162E58 /* SeHyperlabMixpanelModule.h in Headers */,
				BCA593A719AF2F6800A30670 /* MPObjectSelector.h in Headers */,
				BCA5938D19AF2F6800A30670 /* MPABTestDesignerTweakRequestMessage.h in Headers */,
				BCA5938B19AF2F6800A30670 /* MPABTestDesignerSnapshotResponseMessage.h in Headers */,
				BCA593DA19AF2F6800A30670 /* UIView+MPSnapshotImage.h in Headers */,
				BCA593C319AF2F6800A30670 /* MPTweakStore.h in Headers */,
				BCA593CB19AF2F6800A30670 /* MPValueTransformers.h in Headers */,
				BC3B242D19D849480049B6A7 /* JRSwizzle.h in Headers */,
				BCA5938619AF2F6800A30670 /* MPABTestDesignerDisconnectMessage.h in Headers */,
				BCA5937419AF2F6800A30670 /* Mixpanel.h in Headers */,
				24DE9E1111C5FE74003F90F6 /* SeHyperlabMixpanelModuleAssets.h in Headers */,
				BCA593B419AF2F6800A30670 /* MPSurvey.h in Headers */,
				BCA593B819AF2F6800A30670 /* MPSurveyQuestion.h in Headers */,
				BCA593BE19AF2F6800A30670 /* MPTweak.h in Headers */,
				BCA593A419AF2F6800A30670 /* MPObjectIdentifierProvider.h in Headers */,
				BCA593D019AF2F6800A30670 /* NSData+MPBase64.h in Headers */,
				BCA5939A19AF2F6800A30670 /* MPClassDescription.h in Headers */,
				BCA5938F19AF2F6800A30670 /* MPABTestDesignerTweakResponseMessage.h in Headers */,
				BCA593AD19AF2F6800A30670 /* MPObjectSerializerContext.h in Headers */,
				BCA593A519AF2F6800A30670 /* MPObjectIdentityProvider.h in Headers */,
				BCA593D419AF2F6800A30670 /* UIColor+MPColor.h in Headers */,
				BCA5938919AF2F6800A30670 /* MPABTestDesignerSnapshotRequestMessage.h in Headers */,
				BCA5937819AF2F6800A30670 /* MPABTestDesignerChangeRequestMessage.h in Headers */,
				BCA5937619AF2F6800A30670 /* MPAbstractABTestDesignerMessage.h in Headers */,
				BCA593A019AF2F6800A30670 /* MPNotificationViewController.h in Headers */,
				BCA593D619AF2F6800A30670 /* UIImage+MPAverageColor.h in Headers */,
			);
			runOnlyForDeploymentPostprocessing = 0;
		};
/* End PBXHeadersBuildPhase section */

/* Begin PBXNativeTarget section */
		D2AAC07D0554694100DB518D /* TiMixpanel */ = {
			isa = PBXNativeTarget;
			buildConfigurationList = 1DEB921E08733DC00010E9CD /* Build configuration list for PBXNativeTarget "TiMixpanel" */;
			buildPhases = (
				D2AAC07A0554694100DB518D /* Headers */,
				D2AAC07B0554694100DB518D /* Sources */,
				D2AAC07C0554694100DB518D /* Frameworks */,
			);
			buildRules = (
			);
			dependencies = (
			);
			name = TiMixpanel;
			productName = TiMixpanel;
			productReference = D2AAC07E0554694100DB518D /* libSeHyperlabMixpanel.a */;
			productType = "com.apple.product-type.library.static";
		};
/* End PBXNativeTarget section */

/* Begin PBXProject section */
		0867D690FE84028FC02AAC07 /* Project object */ = {
			isa = PBXProject;
			attributes = {
				LastUpgradeCheck = 0610;
			};
			buildConfigurationList = 1DEB922208733DC00010E9CD /* Build configuration list for PBXProject "TiMixpanel" */;
			compatibilityVersion = "Xcode 3.2";
			developmentRegion = English;
			hasScannedForEncodings = 1;
			knownRegions = (
				English,
				Japanese,
				French,
				German,
			);
			mainGroup = 0867D691FE84028FC02AAC07 /* TiMixpanel */;
			productRefGroup = 034768DFFF38A50411DB9C8B /* Products */;
			projectDirPath = "";
			projectRoot = "";
			targets = (
				D2AAC07D0554694100DB518D /* TiMixpanel */,
				24416B8111C4CA220047AFDD /* Build & Test */,
			);
		};
/* End PBXProject section */

/* Begin PBXShellScriptBuildPhase section */
		24416B8011C4CA220047AFDD /* ShellScript */ = {
			isa = PBXShellScriptBuildPhase;
			buildActionMask = 2147483647;
			files = (
			);
			inputPaths = (
			);
			outputPaths = (
			);
			runOnlyForDeploymentPostprocessing = 0;
			shellPath = /bin/sh;
			shellScript = "# shell script goes here\n\npython \"${TITANIUM_SDK}/titanium.py\" run --dir=\"${PROJECT_DIR}\"\nexit $?\n";
		};
/* End PBXShellScriptBuildPhase section */

/* Begin PBXSourcesBuildPhase section */
		D2AAC07B0554694100DB518D /* Sources */ = {
			isa = PBXSourcesBuildPhase;
			buildActionMask = 2147483647;
			files = (
				BCA593CA19AF2F6800A30670 /* MPUIImageToNSDictionaryValueTransformer.m in Sources */,
				BCA5937919AF2F6800A30670 /* MPABTestDesignerChangeRequestMessage.m in Sources */,
				BCA5939019AF2F6800A30670 /* MPABTestDesignerTweakResponseMessage.m in Sources */,
				BCA5939819AF2F6800A30670 /* MPCGRectToNSDictionaryValueTransformer.m in Sources */,
				BCA593CD19AF2F6800A30670 /* MPVariant.m in Sources */,
				BCA593A319AF2F6800A30670 /* MPNSNumberToCGFloatValueTransformer.m in Sources */,
				BCA5939519AF2F6800A30670 /* MPCGAffineTransformToNSDictionaryValueTransformer.m in Sources */,
				BCA5939619AF2F6800A30670 /* MPCGColorRefToNSStringValueTransformer.m in Sources */,
				BCA593BD19AF2F6800A30670 /* MPSwizzler.m in Sources */,
				BCA593BF19AF2F6800A30670 /* MPTweak.m in Sources */,
				BCA593D119AF2F6800A30670 /* NSData+MPBase64.m in Sources */,
				BCA593B119AF2F6800A30670 /* MPPropertyDescription.m in Sources */,
				BCA5937319AF2F6800A30670 /* _MPTweakBindObserver.m in Sources */,
				BCA593D519AF2F6800A30670 /* UIColor+MPColor.m in Sources */,
				BCA5939D19AF2F6800A30670 /* MPEnumDescription.m in Sources */,
				BCA5939B19AF2F6800A30670 /* MPClassDescription.m in Sources */,
				BCA593AE19AF2F6800A30670 /* MPObjectSerializerContext.m in Sources */,
				BCA593C719AF2F6800A30670 /* MPUIColorToNSStringValueTransformer.m in Sources */,
				BCA593C419AF2F6800A30670 /* MPTweakStore.m in Sources */,
				BCA593C819AF2F6800A30670 /* MPUIEdgeInsetsToNSDictionaryValueTransformer.m in Sources */,
				BCA5937719AF2F6800A30670 /* MPAbstractABTestDesignerMessage.m in Sources */,
				24DD6CFA1134B3F500162E58 /* SeHyperlabMixpanelModule.m in Sources */,
				BCA5939719AF2F6800A30670 /* MPCGPointToNSDictionaryValueTransformer.m in Sources */,
				BCA593C619AF2F6800A30670 /* MPTypeDescription.m in Sources */,
				BCA593B919AF2F6800A30670 /* MPSurveyQuestion.m in Sources */,
				BCA5938C19AF2F6800A30670 /* MPABTestDesignerSnapshotResponseMessage.m in Sources */,
				BCA5939919AF2F6800A30670 /* MPCGSizeToNSDictionaryValueTransformer.m in Sources */,
				BCA593A819AF2F6800A30670 /* MPObjectSelector.m in Sources */,
				BCA593BB19AF2F6800A30670 /* MPSurveyQuestionViewController.m in Sources */,
				BCA593B719AF2F6800A30670 /* MPSurveyNavigationController.m in Sources */,
				BCA593D719AF2F6800A30670 /* UIImage+MPAverageColor.m in Sources */,
				BCA5938A19AF2F6800A30670 /* MPABTestDesignerSnapshotRequestMessage.m in Sources */,
				BCA5938119AF2F6800A30670 /* MPABTestDesignerConnection.m in Sources */,
				BCA593AC19AF2F6800A30670 /* MPObjectSerializerConfig.m in Sources */,
				BCA593AF19AF2F6800A30670 /* MPPassThroughValueTransformer.m in Sources */,
				BCA593D319AF2F6800A30670 /* NSInvocation+MPHelpers.m in Sources */,
				BCA593A119AF2F6800A30670 /* MPNotificationViewController.m in Sources */,
				BCA593A219AF2F6800A30670 /* MPNSAttributedStringToNSDictionaryValueTransformer.m in Sources */,
				BCA5939F19AF2F6800A30670 /* MPNotification.m in Sources */,
				BCA593B519AF2F6800A30670 /* MPSurvey.m in Sources */,
				BCA593B319AF2F6800A30670 /* MPSequenceGenerator.m in Sources */,
				BCA5938719AF2F6800A30670 /* MPABTestDesignerDisconnectMessage.m in Sources */,
				BCA5937B19AF2F6800A30670 /* MPABTestDesignerChangeResponseMessage.m in Sources */,
				BCA5937F19AF2F6800A30670 /* MPABTestDesignerClearResponseMessage.m in Sources */,
				BCA5939219AF2F6800A30670 /* MPApplicationStateSerializer.m in Sources */,
				BCA593C919AF2F6800A30670 /* MPUIFontToNSDictionaryValueTransformer.m in Sources */,
				BCA5938519AF2F6800A30670 /* MPABTestDesignerDeviceInfoResponseMessage.m in Sources */,
				BCA5938E19AF2F6800A30670 /* MPABTestDesignerTweakRequestMessage.m in Sources */,
				BCA5938319AF2F6800A30670 /* MPABTestDesignerDeviceInfoRequestMessage.m in Sources */,
				24DE9E1211C5FE74003F90F6 /* SeHyperlabMixpanelModuleAssets.m in Sources */,
				BCA5939419AF2F6800A30670 /* MPCATransform3DToNSDictionaryValueTransformer.m in Sources */,
				BCA593AA19AF2F6800A30670 /* MPObjectSerializer.m in Sources */,
				BCA5937D19AF2F6800A30670 /* MPABTestDesignerClearRequestMessage.m in Sources */,
				BCA593C119AF2F6800A30670 /* MPTweakInline.m in Sources */,
				BC3B242E19D849480049B6A7 /* JRSwizzle.m in Sources */,
				BCA593CF19AF2F6800A30670 /* MPWebSocket.m in Sources */,
				BCA593DB19AF2F6800A30670 /* UIView+MPSnapshotImage.m in Sources */,
				BCA5939319AF2F6800A30670 /* MPBOOLToNSNumberValueTransformer.m in Sources */,
				BCA593A619AF2F6800A30670 /* MPObjectIdentityProvider.m in Sources */,
				BCA5937519AF2F6800A30670 /* Mixpanel.m in Sources */,
				BCA593D919AF2F6800A30670 /* UIImage+MPImageEffects.m in Sources */,
			);
			runOnlyForDeploymentPostprocessing = 0;
		};
/* End PBXSourcesBuildPhase section */

/* Begin PBXTargetDependency section */
		24416B8511C4CA280047AFDD /* PBXTargetDependency */ = {
			isa = PBXTargetDependency;
			target = D2AAC07D0554694100DB518D /* TiMixpanel */;
			targetProxy = 24416B8411C4CA280047AFDD /* PBXContainerItemProxy */;
		};
/* End PBXTargetDependency section */

/* Begin XCBuildConfiguration section */
		1DEB921F08733DC00010E9CD /* Debug */ = {
			isa = XCBuildConfiguration;
			baseConfigurationReference = 24DD6D1B1134B66800162E58 /* titanium.xcconfig */;
			buildSettings = {
				CLANG_ENABLE_OBJC_ARC = YES;
				CODE_SIGN_IDENTITY = "iPhone Developer";
				"CODE_SIGN_IDENTITY[sdk=iphoneos*]" = "iPhone Developer";
				DSTROOT = /tmp/SeHyperlabMixpanel.dst;
				GCC_C_LANGUAGE_STANDARD = c99;
				GCC_OPTIMIZATION_LEVEL = 0;
				GCC_PRECOMPILE_PREFIX_HEADER = YES;
				GCC_PREFIX_HEADER = SeHyperlabMixpanel_Prefix.pch;
				GCC_PREPROCESSOR_DEFINITIONS = "TI_VERSION=$(TI_VERSION)";
				GCC_TREAT_WARNINGS_AS_ERRORS = NO;
				GCC_VERSION = "";
				GCC_WARN_ABOUT_RETURN_TYPE = NO;
				GCC_WARN_MISSING_PARENTHESES = NO;
				GCC_WARN_SHADOW = NO;
				GCC_WARN_STRICT_SELECTOR_MATCH = NO;
				GCC_WARN_UNUSED_FUNCTION = YES;
				GCC_WARN_UNUSED_PARAMETER = NO;
				GCC_WARN_UNUSED_VALUE = NO;
				GCC_WARN_UNUSED_VARIABLE = NO;
				INSTALL_PATH = /usr/local/lib;
				IPHONEOS_DEPLOYMENT_TARGET = 7.0;
				LIBRARY_SEARCH_PATHS = "";
				OTHER_CFLAGS = (
					"-DDEBUG",
					"-DTI_POST_1_2",
				);
				OTHER_LDFLAGS = "-ObjC";
				PRODUCT_NAME = SeHyperlabMixpanel;
				PROVISIONING_PROFILE = "";
				"PROVISIONING_PROFILE[sdk=iphoneos*]" = "";
				RUN_CLANG_STATIC_ANALYZER = NO;
				SDKROOT = iphoneos;
				USER_HEADER_SEARCH_PATHS = "";
			};
			name = Debug;
		};
		1DEB922008733DC00010E9CD /* Release */ = {
			isa = XCBuildConfiguration;
			baseConfigurationReference = 24DD6D1B1134B66800162E58 /* titanium.xcconfig */;
			buildSettings = {
				ALWAYS_SEARCH_USER_PATHS = NO;
				CLANG_ENABLE_OBJC_ARC = YES;
				DSTROOT = /tmp/SeHyperlabMixpanel.dst;
				GCC_C_LANGUAGE_STANDARD = c99;
				GCC_MODEL_TUNING = G5;
				GCC_PRECOMPILE_PREFIX_HEADER = YES;
				GCC_PREFIX_HEADER = SeHyperlabMixpanel_Prefix.pch;
				GCC_PREPROCESSOR_DEFINITIONS = "TI_VERSION=$(TI_VERSION)";
				GCC_TREAT_WARNINGS_AS_ERRORS = NO;
				GCC_VERSION = "";
				GCC_WARN_ABOUT_RETURN_TYPE = NO;
				GCC_WARN_MISSING_PARENTHESES = NO;
				GCC_WARN_SHADOW = NO;
				GCC_WARN_STRICT_SELECTOR_MATCH = NO;
				GCC_WARN_UNUSED_FUNCTION = YES;
				GCC_WARN_UNUSED_PARAMETER = NO;
				GCC_WARN_UNUSED_VALUE = NO;
				GCC_WARN_UNUSED_VARIABLE = NO;
				INSTALL_PATH = /usr/local/lib;
				IPHONEOS_DEPLOYMENT_TARGET = 7.0;
				LIBRARY_SEARCH_PATHS = "";
				OTHER_CFLAGS = "-DTI_POST_1_2";
				OTHER_LDFLAGS = "-ObjC";
				PRODUCT_NAME = SeHyperlabMixpanel;
				RUN_CLANG_STATIC_ANALYZER = NO;
				SDKROOT = iphoneos;
				USER_HEADER_SEARCH_PATHS = "";
			};
			name = Release;
		};
		1DEB922308733DC00010E9CD /* Debug */ = {
			isa = XCBuildConfiguration;
			baseConfigurationReference = 24DD6D1B1134B66800162E58 /* titanium.xcconfig */;
			buildSettings = {
				CODE_SIGN_IDENTITY = "iPhone Developer";
				"CODE_SIGN_IDENTITY[sdk=iphoneos*]" = "iPhone Developer";
				DSTROOT = /tmp/SeHyperlabMixpanel.dst;
				GCC_C_LANGUAGE_STANDARD = c99;
				GCC_OPTIMIZATION_LEVEL = 0;
				GCC_PRECOMPILE_PREFIX_HEADER = YES;
				GCC_PREFIX_HEADER = SeHyperlabMixpanel_Prefix.pch;
				GCC_PREPROCESSOR_DEFINITIONS = "TI_VERSION=$(TI_VERSION)";
				GCC_TREAT_WARNINGS_AS_ERRORS = NO;
				GCC_VERSION = "";
				GCC_WARN_ABOUT_RETURN_TYPE = NO;
				GCC_WARN_MISSING_PARENTHESES = NO;
				GCC_WARN_SHADOW = NO;
				GCC_WARN_STRICT_SELECTOR_MATCH = NO;
				GCC_WARN_UNUSED_FUNCTION = YES;
				GCC_WARN_UNUSED_PARAMETER = NO;
				GCC_WARN_UNUSED_VALUE = NO;
				GCC_WARN_UNUSED_VARIABLE = NO;
				INSTALL_PATH = /usr/local/lib;
				ONLY_ACTIVE_ARCH = YES;
				OTHER_CFLAGS = (
					"-DDEBUG",
					"-DTI_POST_1_2",
				);
				OTHER_LDFLAGS = "-ObjC";
				PRODUCT_NAME = SeHyperlabMixpanel;
				PROVISIONING_PROFILE = "";
				"PROVISIONING_PROFILE[sdk=iphoneos*]" = "";
				RUN_CLANG_STATIC_ANALYZER = NO;
				SDKROOT = iphoneos;
				USER_HEADER_SEARCH_PATHS = "";
			};
			name = Debug;
		};
		1DEB922408733DC00010E9CD /* Release */ = {
			isa = XCBuildConfiguration;
			baseConfigurationReference = 24DD6D1B1134B66800162E58 /* titanium.xcconfig */;
			buildSettings = {
				ALWAYS_SEARCH_USER_PATHS = NO;
				DSTROOT = /tmp/SeHyperlabMixpanel.dst;
				GCC_C_LANGUAGE_STANDARD = c99;
				GCC_MODEL_TUNING = G5;
				GCC_PRECOMPILE_PREFIX_HEADER = YES;
				GCC_PREFIX_HEADER = SeHyperlabMixpanel_Prefix.pch;
				GCC_PREPROCESSOR_DEFINITIONS = "TI_VERSION=$(TI_VERSION)";
				GCC_TREAT_WARNINGS_AS_ERRORS = NO;
				GCC_VERSION = "";
				GCC_WARN_ABOUT_RETURN_TYPE = NO;
				GCC_WARN_MISSING_PARENTHESES = NO;
				GCC_WARN_SHADOW = NO;
				GCC_WARN_STRICT_SELECTOR_MATCH = NO;
				GCC_WARN_UNUSED_FUNCTION = YES;
				GCC_WARN_UNUSED_PARAMETER = NO;
				GCC_WARN_UNUSED_VALUE = NO;
				GCC_WARN_UNUSED_VARIABLE = NO;
				INSTALL_PATH = /usr/local/lib;
				IPHONEOS_DEPLOYMENT_TARGET = 6.0;
				OTHER_CFLAGS = "-DTI_POST_1_2";
				OTHER_LDFLAGS = "-ObjC";
				PRODUCT_NAME = SeHyperlabMixpanel;
				RUN_CLANG_STATIC_ANALYZER = NO;
				SDKROOT = iphoneos;
				USER_HEADER_SEARCH_PATHS = "";
			};
			name = Release;
		};
		24416B8211C4CA220047AFDD /* Debug */ = {
			isa = XCBuildConfiguration;
			baseConfigurationReference = 24DD6D1B1134B66800162E58 /* titanium.xcconfig */;
			buildSettings = {
				COPY_PHASE_STRIP = NO;
				GCC_DYNAMIC_NO_PIC = NO;
				GCC_OPTIMIZATION_LEVEL = 0;
				PRODUCT_NAME = "Build & test";
			};
			name = Debug;
		};
		24416B8311C4CA220047AFDD /* Release */ = {
			isa = XCBuildConfiguration;
			baseConfigurationReference = 24DD6D1B1134B66800162E58 /* titanium.xcconfig */;
			buildSettings = {
				COPY_PHASE_STRIP = YES;
				DEBUG_INFORMATION_FORMAT = "dwarf-with-dsym";
				GCC_ENABLE_FIX_AND_CONTINUE = NO;
				PRODUCT_NAME = "Build & test";
				ZERO_LINK = NO;
			};
			name = Release;
		};
/* End XCBuildConfiguration section */

/* Begin XCConfigurationList section */
		1DEB921E08733DC00010E9CD /* Build configuration list for PBXNativeTarget "TiMixpanel" */ = {
			isa = XCConfigurationList;
			buildConfigurations = (
				1DEB921F08733DC00010E9CD /* Debug */,
				1DEB922008733DC00010E9CD /* Release */,
			);
			defaultConfigurationIsVisible = 0;
			defaultConfigurationName = Release;
		};
		1DEB922208733DC00010E9CD /* Build configuration list for PBXProject "TiMixpanel" */ = {
			isa = XCConfigurationList;
			buildConfigurations = (
				1DEB922308733DC00010E9CD /* Debug */,
				1DEB922408733DC00010E9CD /* Release */,
			);
			defaultConfigurationIsVisible = 0;
			defaultConfigurationName = Release;
		};
		24416B8A11C4CA520047AFDD /* Build configuration list for PBXAggregateTarget "Build & Test" */ = {
			isa = XCConfigurationList;
			buildConfigurations = (
				24416B8211C4CA220047AFDD /* Debug */,
				24416B8311C4CA220047AFDD /* Release */,
			);
			defaultConfigurationIsVisible = 0;
			defaultConfigurationName = Release;
		};
/* End XCConfigurationList section */
	};
	rootObject = 0867D690FE84028FC02AAC07 /* Project object */;
}
